
Microsoft Visual Studio Solution File, Format Version 12.00
# Visual Studio Version 17
VisualStudioVersion = 17.0.31903.59
MinimumVisualStudioVersion = 10.0.40219.1
Project("{9A19103F-16F7-4668-BE54-9A1E7A4F7556}") = "MonoGame.Extended", "ThirdParty\MonoGame.Extended\src\cs\MonoGame.Extended\MonoGame.Extended.csproj", "{B849B5F5-C456-4D0D-A1C0-D021ACF0477E}"
EndProject
Project("{9A19103F-16F7-4668-BE54-9A1E7A4F7556}") = "MonoGame.Extended.Animations", "ThirdParty\MonoGame.Extended\src\cs\MonoGame.Extended.Animations\MonoGame.Extended.Animations.csproj", "{5E3E3478-3224-4A4B-95FB-7625451793FB}"
EndProject
Project("{9A19103F-16F7-4668-BE54-9A1E7A4F7556}") = "MonoGame.Extended.Entities", "ThirdParty\MonoGame.Extended\src\cs\MonoGame.Extended.Entities\MonoGame.Extended.Entities.csproj", "{1B04E9CB-B105-42A2-A8F0-9DCDEC8025AB}"
EndProject
Project("{2150E333-8FDC-42A3-9474-1A3956D46DE8}") = "MonoGame", "MonoGame", "{F67C7BE7-F474-4B9B-A17F-1AAAF5D564F4}"
EndProject
Project("{2150E333-8FDC-42A3-9474-1A3956D46DE8}") = "Extended", "Extended", "{AADF9D08-3C4F-4C12-9417-AC5E3DCAD41C}"
EndProject
Project("{9A19103F-16F7-4668-BE54-9A1E7A4F7556}") = "MonoGame.Framework.Content.Pipeline", "ThirdParty\MonoGameModified\MonoGame.Framework.Content.Pipeline\MonoGame.Framework.Content.Pipeline.csproj", "{EED80EA9-25D8-4F69-BC7F-87B15998570B}"
EndProject
Project("{9A19103F-16F7-4668-BE54-9A1E7A4F7556}") = "MonoGame.Content.Builder.Editor.Windows", "ThirdParty\MonoGameModified\Tools\MonoGame.Content.Builder.Editor\MonoGame.Content.Builder.Editor.Windows.csproj", "{C123B1CD-1CDB-4F38-A4AD-41081079B114}"
EndProject
Project("{2150E333-8FDC-42A3-9474-1A3956D46DE8}") = "Mics", "Mics", "{B2EFD66A-EF07-46F2-A89E-AE5C6917319E}"
	ProjectSection(SolutionItems) = preProject
		.gitignore = .gitignore
		README.md = README.md
	EndProjectSection
EndProject
Project("{2150E333-8FDC-42A3-9474-1A3956D46DE8}") = "CruZ", "CruZ", "{06F0198E-A6EA-4165-9D3B-38A6B36D6687}"
EndProject
Project("{9A19103F-16F7-4668-BE54-9A1E7A4F7556}") = "SpriteFactory", "ThirdParty\SpriteFactory\SpriteFactory\SpriteFactory.csproj", "{8E0B6D2E-40D6-401F-8D4C-BB1EDEBE2CE5}"
EndProject
Project("{9A19103F-16F7-4668-BE54-9A1E7A4F7556}") = "MonoGame.Framework.DesktopGL", "ThirdParty\MonoGameModified\MonoGame.Framework\MonoGame.Framework.DesktopGL.csproj", "{66BF2A0F-3E12-4ED1-B12B-EF076786CB5A}"
EndProject
Project("{9A19103F-16F7-4668-BE54-9A1E7A4F7556}") = "MonoGame.Framework.WindowsDX", "ThirdParty\MonoGameModified\MonoGame.Framework\MonoGame.Framework.WindowsDX.csproj", "{F75DECF4-E061-40E1-A015-C15EB1EF02C5}"
EndProject
Project("{9A19103F-16F7-4668-BE54-9A1E7A4F7556}") = "MonoGame.Content.Builder", "ThirdParty\MonoGameModified\Tools\MonoGame.Content.Builder\MonoGame.Content.Builder.csproj", "{1D3424DB-82F9-4D6B-B6CD-5BAD62A43B25}"
EndProject
Project("{9A19103F-16F7-4668-BE54-9A1E7A4F7556}") = "MonoGame.Effect.Compiler", "ThirdParty\MonoGameModified\Tools\MonoGame.Effect.Compiler\MonoGame.Effect.Compiler.csproj", "{EFF22F07-13A0-4570-B879-6F981C15EE31}"
EndProject
Project("{9A19103F-16F7-4668-BE54-9A1E7A4F7556}") = "CruZ.Editor", "CruZ\CruZ.Editor\CruZ.Editor.csproj", "{4CC136C0-6662-4E03-889E-01FF8E478EE1}"
EndProject
Project("{D954291E-2A0B-460D-934E-DC6B0785DB48}") = "CruZ.Common", "CruZ\CruZ.Common\CruZ.Common.shproj", "{6DC908BF-B996-487D-ADF3-619169507E6A}"
EndProject
Project("{9A19103F-16F7-4668-BE54-9A1E7A4F7556}") = "CruZ.Experiment", "CruZ\CruZ.Experiment\CruZ.Experiment.csproj", "{14C8E4DD-20CC-4623-BA2D-6B155DAB7BB2}"
EndProject
Project("{9A19103F-16F7-4668-BE54-9A1E7A4F7556}") = "CruZ.DesktopGL", "CruZ\CruZ.DesktopGL\CruZ.DesktopGL.csproj", "{072BC132-0DE5-4DCF-82A0-89DF60FB1356}"
EndProject
Project("{2150E333-8FDC-42A3-9474-1A3956D46DE8}") = "Sandbox", "Sandbox", "{E7FCC9F8-FD83-4A1C-8405-604EBB242AFA}"
EndProject
Project("{9A19103F-16F7-4668-BE54-9A1E7A4F7556}") = "Game.AnimalGang.DesktopGL", "SandBox\AnimalGang\AnimalGang.DesktopGL\Game.AnimalGang.DesktopGL.csproj", "{2D70A313-7B5D-4E35-A85B-E92DD0D42E14}"
EndProject
Project("{D954291E-2A0B-460D-934E-DC6B0785DB48}") = "AnimalGang.Shared", "SandBox\AnimalGang\AnimalGang.Shared\AnimalGang.Shared.shproj", "{42E114A9-8162-4FC3-8301-3CB19FB37EAD}"
EndProject
Global
	GlobalSection(SolutionConfigurationPlatforms) = preSolution
		Debug|Any CPU = Debug|Any CPU
		Debug|x64 = Debug|x64
		Debug|x86 = Debug|x86
		Release|Any CPU = Release|Any CPU
		Release|x64 = Release|x64
		Release|x86 = Release|x86
	EndGlobalSection
	GlobalSection(ProjectConfigurationPlatforms) = postSolution
		{B849B5F5-C456-4D0D-A1C0-D021ACF0477E}.Debug|Any CPU.ActiveCfg = Debug|Any CPU
		{B849B5F5-C456-4D0D-A1C0-D021ACF0477E}.Debug|Any CPU.Build.0 = Debug|Any CPU
		{B849B5F5-C456-4D0D-A1C0-D021ACF0477E}.Debug|x64.ActiveCfg = Debug|x64
		{B849B5F5-C456-4D0D-A1C0-D021ACF0477E}.Debug|x64.Build.0 = Debug|x64
		{B849B5F5-C456-4D0D-A1C0-D021ACF0477E}.Debug|x86.ActiveCfg = Debug|x86
		{B849B5F5-C456-4D0D-A1C0-D021ACF0477E}.Debug|x86.Build.0 = Debug|x86
		{B849B5F5-C456-4D0D-A1C0-D021ACF0477E}.Release|Any CPU.ActiveCfg = Release|Any CPU
		{B849B5F5-C456-4D0D-A1C0-D021ACF0477E}.Release|Any CPU.Build.0 = Release|Any CPU
		{B849B5F5-C456-4D0D-A1C0-D021ACF0477E}.Release|x64.ActiveCfg = Release|x64
		{B849B5F5-C456-4D0D-A1C0-D021ACF0477E}.Release|x64.Build.0 = Release|x64
		{B849B5F5-C456-4D0D-A1C0-D021ACF0477E}.Release|x86.ActiveCfg = Release|x86
		{B849B5F5-C456-4D0D-A1C0-D021ACF0477E}.Release|x86.Build.0 = Release|x86
		{5E3E3478-3224-4A4B-95FB-7625451793FB}.Debug|Any CPU.ActiveCfg = Debug|Any CPU
		{5E3E3478-3224-4A4B-95FB-7625451793FB}.Debug|Any CPU.Build.0 = Debug|Any CPU
		{5E3E3478-3224-4A4B-95FB-7625451793FB}.Debug|x64.ActiveCfg = Debug|x64
		{5E3E3478-3224-4A4B-95FB-7625451793FB}.Debug|x64.Build.0 = Debug|x64
		{5E3E3478-3224-4A4B-95FB-7625451793FB}.Debug|x86.ActiveCfg = Debug|x86
		{5E3E3478-3224-4A4B-95FB-7625451793FB}.Debug|x86.Build.0 = Debug|x86
		{5E3E3478-3224-4A4B-95FB-7625451793FB}.Release|Any CPU.ActiveCfg = Release|Any CPU
		{5E3E3478-3224-4A4B-95FB-7625451793FB}.Release|Any CPU.Build.0 = Release|Any CPU
		{5E3E3478-3224-4A4B-95FB-7625451793FB}.Release|x64.ActiveCfg = Release|x64
		{5E3E3478-3224-4A4B-95FB-7625451793FB}.Release|x64.Build.0 = Release|x64
		{5E3E3478-3224-4A4B-95FB-7625451793FB}.Release|x86.ActiveCfg = Release|x86
		{5E3E3478-3224-4A4B-95FB-7625451793FB}.Release|x86.Build.0 = Release|x86
		{1B04E9CB-B105-42A2-A8F0-9DCDEC8025AB}.Debug|Any CPU.ActiveCfg = Debug|Any CPU
		{1B04E9CB-B105-42A2-A8F0-9DCDEC8025AB}.Debug|Any CPU.Build.0 = Debug|Any CPU
		{1B04E9CB-B105-42A2-A8F0-9DCDEC8025AB}.Debug|x64.ActiveCfg = Debug|x64
		{1B04E9CB-B105-42A2-A8F0-9DCDEC8025AB}.Debug|x64.Build.0 = Debug|x64
		{1B04E9CB-B105-42A2-A8F0-9DCDEC8025AB}.Debug|x86.ActiveCfg = Debug|x86
		{1B04E9CB-B105-42A2-A8F0-9DCDEC8025AB}.Debug|x86.Build.0 = Debug|x86
		{1B04E9CB-B105-42A2-A8F0-9DCDEC8025AB}.Release|Any CPU.ActiveCfg = Release|Any CPU
		{1B04E9CB-B105-42A2-A8F0-9DCDEC8025AB}.Release|Any CPU.Build.0 = Release|Any CPU
		{1B04E9CB-B105-42A2-A8F0-9DCDEC8025AB}.Release|x64.ActiveCfg = Release|x64
		{1B04E9CB-B105-42A2-A8F0-9DCDEC8025AB}.Release|x64.Build.0 = Release|x64
		{1B04E9CB-B105-42A2-A8F0-9DCDEC8025AB}.Release|x86.ActiveCfg = Release|x86
		{1B04E9CB-B105-42A2-A8F0-9DCDEC8025AB}.Release|x86.Build.0 = Release|x86
		{EED80EA9-25D8-4F69-BC7F-87B15998570B}.Debug|Any CPU.ActiveCfg = Debug|Any CPU
		{EED80EA9-25D8-4F69-BC7F-87B15998570B}.Debug|Any CPU.Build.0 = Debug|Any CPU
		{EED80EA9-25D8-4F69-BC7F-87B15998570B}.Debug|x64.ActiveCfg = Debug|Any CPU
		{EED80EA9-25D8-4F69-BC7F-87B15998570B}.Debug|x64.Build.0 = Debug|Any CPU
		{EED80EA9-25D8-4F69-BC7F-87B15998570B}.Debug|x86.ActiveCfg = Debug|Any CPU
		{EED80EA9-25D8-4F69-BC7F-87B15998570B}.Debug|x86.Build.0 = Debug|Any CPU
		{EED80EA9-25D8-4F69-BC7F-87B15998570B}.Release|Any CPU.ActiveCfg = Release|Any CPU
		{EED80EA9-25D8-4F69-BC7F-87B15998570B}.Release|Any CPU.Build.0 = Release|Any CPU
		{EED80EA9-25D8-4F69-BC7F-87B15998570B}.Release|x64.ActiveCfg = Release|Any CPU
		{EED80EA9-25D8-4F69-BC7F-87B15998570B}.Release|x64.Build.0 = Release|Any CPU
		{EED80EA9-25D8-4F69-BC7F-87B15998570B}.Release|x86.ActiveCfg = Release|Any CPU
		{EED80EA9-25D8-4F69-BC7F-87B15998570B}.Release|x86.Build.0 = Release|Any CPU
		{C123B1CD-1CDB-4F38-A4AD-41081079B114}.Debug|Any CPU.ActiveCfg = Debug|Any CPU
		{C123B1CD-1CDB-4F38-A4AD-41081079B114}.Debug|Any CPU.Build.0 = Debug|Any CPU
		{C123B1CD-1CDB-4F38-A4AD-41081079B114}.Debug|x64.ActiveCfg = Debug|Any CPU
		{C123B1CD-1CDB-4F38-A4AD-41081079B114}.Debug|x64.Build.0 = Debug|Any CPU
		{C123B1CD-1CDB-4F38-A4AD-41081079B114}.Debug|x86.ActiveCfg = Debug|Any CPU
		{C123B1CD-1CDB-4F38-A4AD-41081079B114}.Debug|x86.Build.0 = Debug|Any CPU
		{C123B1CD-1CDB-4F38-A4AD-41081079B114}.Release|Any CPU.ActiveCfg = Release|Any CPU
		{C123B1CD-1CDB-4F38-A4AD-41081079B114}.Release|Any CPU.Build.0 = Release|Any CPU
		{C123B1CD-1CDB-4F38-A4AD-41081079B114}.Release|x64.ActiveCfg = Release|Any CPU
		{C123B1CD-1CDB-4F38-A4AD-41081079B114}.Release|x64.Build.0 = Release|Any CPU
		{C123B1CD-1CDB-4F38-A4AD-41081079B114}.Release|x86.ActiveCfg = Release|Any CPU
		{C123B1CD-1CDB-4F38-A4AD-41081079B114}.Release|x86.Build.0 = Release|Any CPU
		{8E0B6D2E-40D6-401F-8D4C-BB1EDEBE2CE5}.Debug|Any CPU.ActiveCfg = Debug|Any CPU
		{8E0B6D2E-40D6-401F-8D4C-BB1EDEBE2CE5}.Debug|Any CPU.Build.0 = Debug|Any CPU
		{8E0B6D2E-40D6-401F-8D4C-BB1EDEBE2CE5}.Debug|x64.ActiveCfg = Debug|x64
		{8E0B6D2E-40D6-401F-8D4C-BB1EDEBE2CE5}.Debug|x64.Build.0 = Debug|x64
		{8E0B6D2E-40D6-401F-8D4C-BB1EDEBE2CE5}.Debug|x86.ActiveCfg = Debug|x86
		{8E0B6D2E-40D6-401F-8D4C-BB1EDEBE2CE5}.Debug|x86.Build.0 = Debug|x86
		{8E0B6D2E-40D6-401F-8D4C-BB1EDEBE2CE5}.Release|Any CPU.ActiveCfg = Release|Any CPU
		{8E0B6D2E-40D6-401F-8D4C-BB1EDEBE2CE5}.Release|Any CPU.Build.0 = Release|Any CPU
		{8E0B6D2E-40D6-401F-8D4C-BB1EDEBE2CE5}.Release|x64.ActiveCfg = Release|x64
		{8E0B6D2E-40D6-401F-8D4C-BB1EDEBE2CE5}.Release|x64.Build.0 = Release|x64
		{8E0B6D2E-40D6-401F-8D4C-BB1EDEBE2CE5}.Release|x86.ActiveCfg = Release|x86
		{8E0B6D2E-40D6-401F-8D4C-BB1EDEBE2CE5}.Release|x86.Build.0 = Release|x86
		{66BF2A0F-3E12-4ED1-B12B-EF076786CB5A}.Debug|Any CPU.ActiveCfg = Debug|Any CPU
		{66BF2A0F-3E12-4ED1-B12B-EF076786CB5A}.Debug|Any CPU.Build.0 = Debug|Any CPU
		{66BF2A0F-3E12-4ED1-B12B-EF076786CB5A}.Debug|x64.ActiveCfg = Debug|Any CPU
		{66BF2A0F-3E12-4ED1-B12B-EF076786CB5A}.Debug|x64.Build.0 = Debug|Any CPU
		{66BF2A0F-3E12-4ED1-B12B-EF076786CB5A}.Debug|x86.ActiveCfg = Debug|Any CPU
		{66BF2A0F-3E12-4ED1-B12B-EF076786CB5A}.Debug|x86.Build.0 = Debug|Any CPU
		{66BF2A0F-3E12-4ED1-B12B-EF076786CB5A}.Release|Any CPU.ActiveCfg = Release|Any CPU
		{66BF2A0F-3E12-4ED1-B12B-EF076786CB5A}.Release|Any CPU.Build.0 = Release|Any CPU
		{66BF2A0F-3E12-4ED1-B12B-EF076786CB5A}.Release|x64.ActiveCfg = Release|Any CPU
		{66BF2A0F-3E12-4ED1-B12B-EF076786CB5A}.Release|x64.Build.0 = Release|Any CPU
		{66BF2A0F-3E12-4ED1-B12B-EF076786CB5A}.Release|x86.ActiveCfg = Release|Any CPU
		{66BF2A0F-3E12-4ED1-B12B-EF076786CB5A}.Release|x86.Build.0 = Release|Any CPU
		{F75DECF4-E061-40E1-A015-C15EB1EF02C5}.Debug|Any CPU.ActiveCfg = Debug|Any CPU
		{F75DECF4-E061-40E1-A015-C15EB1EF02C5}.Debug|Any CPU.Build.0 = Debug|Any CPU
		{F75DECF4-E061-40E1-A015-C15EB1EF02C5}.Debug|x64.ActiveCfg = Debug|Any CPU
		{F75DECF4-E061-40E1-A015-C15EB1EF02C5}.Debug|x64.Build.0 = Debug|Any CPU
		{F75DECF4-E061-40E1-A015-C15EB1EF02C5}.Debug|x86.ActiveCfg = Debug|Any CPU
		{F75DECF4-E061-40E1-A015-C15EB1EF02C5}.Debug|x86.Build.0 = Debug|Any CPU
		{F75DECF4-E061-40E1-A015-C15EB1EF02C5}.Release|Any CPU.ActiveCfg = Release|Any CPU
		{F75DECF4-E061-40E1-A015-C15EB1EF02C5}.Release|Any CPU.Build.0 = Release|Any CPU
		{F75DECF4-E061-40E1-A015-C15EB1EF02C5}.Release|x64.ActiveCfg = Release|Any CPU
		{F75DECF4-E061-40E1-A015-C15EB1EF02C5}.Release|x64.Build.0 = Release|Any CPU
		{F75DECF4-E061-40E1-A015-C15EB1EF02C5}.Release|x86.ActiveCfg = Release|Any CPU
		{F75DECF4-E061-40E1-A015-C15EB1EF02C5}.Release|x86.Build.0 = Release|Any CPU
		{1D3424DB-82F9-4D6B-B6CD-5BAD62A43B25}.Debug|Any CPU.ActiveCfg = Debug|Any CPU
		{1D3424DB-82F9-4D6B-B6CD-5BAD62A43B25}.Debug|Any CPU.Build.0 = Debug|Any CPU
		{1D3424DB-82F9-4D6B-B6CD-5BAD62A43B25}.Debug|x64.ActiveCfg = Debug|Any CPU
		{1D3424DB-82F9-4D6B-B6CD-5BAD62A43B25}.Debug|x64.Build.0 = Debug|Any CPU
		{1D3424DB-82F9-4D6B-B6CD-5BAD62A43B25}.Debug|x86.ActiveCfg = Debug|Any CPU
		{1D3424DB-82F9-4D6B-B6CD-5BAD62A43B25}.Debug|x86.Build.0 = Debug|Any CPU
		{1D3424DB-82F9-4D6B-B6CD-5BAD62A43B25}.Release|Any CPU.ActiveCfg = Release|Any CPU
		{1D3424DB-82F9-4D6B-B6CD-5BAD62A43B25}.Release|Any CPU.Build.0 = Release|Any CPU
		{1D3424DB-82F9-4D6B-B6CD-5BAD62A43B25}.Release|x64.ActiveCfg = Release|Any CPU
		{1D3424DB-82F9-4D6B-B6CD-5BAD62A43B25}.Release|x64.Build.0 = Release|Any CPU
		{1D3424DB-82F9-4D6B-B6CD-5BAD62A43B25}.Release|x86.ActiveCfg = Release|Any CPU
		{1D3424DB-82F9-4D6B-B6CD-5BAD62A43B25}.Release|x86.Build.0 = Release|Any CPU
		{EFF22F07-13A0-4570-B879-6F981C15EE31}.Debug|Any CPU.ActiveCfg = Debug|Any CPU
		{EFF22F07-13A0-4570-B879-6F981C15EE31}.Debug|Any CPU.Build.0 = Debug|Any CPU
		{EFF22F07-13A0-4570-B879-6F981C15EE31}.Debug|x64.ActiveCfg = Debug|Any CPU
		{EFF22F07-13A0-4570-B879-6F981C15EE31}.Debug|x64.Build.0 = Debug|Any CPU
		{EFF22F07-13A0-4570-B879-6F981C15EE31}.Debug|x86.ActiveCfg = Debug|Any CPU
		{EFF22F07-13A0-4570-B879-6F981C15EE31}.Debug|x86.Build.0 = Debug|Any CPU
		{EFF22F07-13A0-4570-B879-6F981C15EE31}.Release|Any CPU.ActiveCfg = Release|Any CPU
		{EFF22F07-13A0-4570-B879-6F981C15EE31}.Release|Any CPU.Build.0 = Release|Any CPU
		{EFF22F07-13A0-4570-B879-6F981C15EE31}.Release|x64.ActiveCfg = Release|Any CPU
		{EFF22F07-13A0-4570-B879-6F981C15EE31}.Release|x64.Build.0 = Release|Any CPU
		{EFF22F07-13A0-4570-B879-6F981C15EE31}.Release|x86.ActiveCfg = Release|Any CPU
		{EFF22F07-13A0-4570-B879-6F981C15EE31}.Release|x86.Build.0 = Release|Any CPU
		{4CC136C0-6662-4E03-889E-01FF8E478EE1}.Debug|Any CPU.ActiveCfg = Debug|Any CPU
		{4CC136C0-6662-4E03-889E-01FF8E478EE1}.Debug|Any CPU.Build.0 = Debug|Any CPU
		{4CC136C0-6662-4E03-889E-01FF8E478EE1}.Debug|x64.ActiveCfg = Debug|Any CPU
		{4CC136C0-6662-4E03-889E-01FF8E478EE1}.Debug|x64.Build.0 = Debug|Any CPU
		{4CC136C0-6662-4E03-889E-01FF8E478EE1}.Debug|x86.ActiveCfg = Debug|Any CPU
		{4CC136C0-6662-4E03-889E-01FF8E478EE1}.Debug|x86.Build.0 = Debug|Any CPU
		{4CC136C0-6662-4E03-889E-01FF8E478EE1}.Release|Any CPU.ActiveCfg = Release|Any CPU
		{4CC136C0-6662-4E03-889E-01FF8E478EE1}.Release|Any CPU.Build.0 = Release|Any CPU
		{4CC136C0-6662-4E03-889E-01FF8E478EE1}.Release|x64.ActiveCfg = Release|Any CPU
		{4CC136C0-6662-4E03-889E-01FF8E478EE1}.Release|x64.Build.0 = Release|Any CPU
		{4CC136C0-6662-4E03-889E-01FF8E478EE1}.Release|x86.ActiveCfg = Release|Any CPU
		{4CC136C0-6662-4E03-889E-01FF8E478EE1}.Release|x86.Build.0 = Release|Any CPU
		{14C8E4DD-20CC-4623-BA2D-6B155DAB7BB2}.Debug|Any CPU.ActiveCfg = Debug|Any CPU
		{14C8E4DD-20CC-4623-BA2D-6B155DAB7BB2}.Debug|Any CPU.Build.0 = Debug|Any CPU
		{14C8E4DD-20CC-4623-BA2D-6B155DAB7BB2}.Debug|x64.ActiveCfg = Debug|Any CPU
		{14C8E4DD-20CC-4623-BA2D-6B155DAB7BB2}.Debug|x64.Build.0 = Debug|Any CPU
		{14C8E4DD-20CC-4623-BA2D-6B155DAB7BB2}.Debug|x86.ActiveCfg = Debug|Any CPU
		{14C8E4DD-20CC-4623-BA2D-6B155DAB7BB2}.Debug|x86.Build.0 = Debug|Any CPU
		{14C8E4DD-20CC-4623-BA2D-6B155DAB7BB2}.Release|Any CPU.ActiveCfg = Release|Any CPU
		{14C8E4DD-20CC-4623-BA2D-6B155DAB7BB2}.Release|Any CPU.Build.0 = Release|Any CPU
		{14C8E4DD-20CC-4623-BA2D-6B155DAB7BB2}.Release|x64.ActiveCfg = Release|Any CPU
		{14C8E4DD-20CC-4623-BA2D-6B155DAB7BB2}.Release|x64.Build.0 = Release|Any CPU
		{14C8E4DD-20CC-4623-BA2D-6B155DAB7BB2}.Release|x86.ActiveCfg = Release|Any CPU
		{14C8E4DD-20CC-4623-BA2D-6B155DAB7BB2}.Release|x86.Build.0 = Release|Any CPU
		{072BC132-0DE5-4DCF-82A0-89DF60FB1356}.Debug|Any CPU.ActiveCfg = Debug|Any CPU
		{072BC132-0DE5-4DCF-82A0-89DF60FB1356}.Debug|Any CPU.Build.0 = Debug|Any CPU
		{072BC132-0DE5-4DCF-82A0-89DF60FB1356}.Debug|x64.ActiveCfg = Debug|Any CPU
		{072BC132-0DE5-4DCF-82A0-89DF60FB1356}.Debug|x64.Build.0 = Debug|Any CPU
		{072BC132-0DE5-4DCF-82A0-89DF60FB1356}.Debug|x86.ActiveCfg = Debug|Any CPU
		{072BC132-0DE5-4DCF-82A0-89DF60FB1356}.Debug|x86.Build.0 = Debug|Any CPU
		{072BC132-0DE5-4DCF-82A0-89DF60FB1356}.Release|Any CPU.ActiveCfg = Release|Any CPU
		{072BC132-0DE5-4DCF-82A0-89DF60FB1356}.Release|Any CPU.Build.0 = Release|Any CPU
		{072BC132-0DE5-4DCF-82A0-89DF60FB1356}.Release|x64.ActiveCfg = Release|Any CPU
		{072BC132-0DE5-4DCF-82A0-89DF60FB1356}.Release|x64.Build.0 = Release|Any CPU
		{072BC132-0DE5-4DCF-82A0-89DF60FB1356}.Release|x86.ActiveCfg = Release|Any CPU
		{072BC132-0DE5-4DCF-82A0-89DF60FB1356}.Release|x86.Build.0 = Release|Any CPU
		{2D70A313-7B5D-4E35-A85B-E92DD0D42E14}.Debug|Any CPU.ActiveCfg = Debug|Any CPU
		{2D70A313-7B5D-4E35-A85B-E92DD0D42E14}.Debug|Any CPU.Build.0 = Debug|Any CPU
		{2D70A313-7B5D-4E35-A85B-E92DD0D42E14}.Debug|x64.ActiveCfg = Debug|Any CPU
		{2D70A313-7B5D-4E35-A85B-E92DD0D42E14}.Debug|x64.Build.0 = Debug|Any CPU
		{2D70A313-7B5D-4E35-A85B-E92DD0D42E14}.Debug|x86.ActiveCfg = Debug|Any CPU
		{2D70A313-7B5D-4E35-A85B-E92DD0D42E14}.Debug|x86.Build.0 = Debug|Any CPU
		{2D70A313-7B5D-4E35-A85B-E92DD0D42E14}.Release|Any CPU.ActiveCfg = Release|Any CPU
		{2D70A313-7B5D-4E35-A85B-E92DD0D42E14}.Release|Any CPU.Build.0 = Release|Any CPU
		{2D70A313-7B5D-4E35-A85B-E92DD0D42E14}.Release|x64.ActiveCfg = Release|Any CPU
		{2D70A313-7B5D-4E35-A85B-E92DD0D42E14}.Release|x64.Build.0 = Release|Any CPU
		{2D70A313-7B5D-4E35-A85B-E92DD0D42E14}.Release|x86.ActiveCfg = Release|Any CPU
		{2D70A313-7B5D-4E35-A85B-E92DD0D42E14}.Release|x86.Build.0 = Release|Any CPU
	EndGlobalSection
	GlobalSection(SolutionProperties) = preSolution
		HideSolutionNode = FALSE
	EndGlobalSection
	GlobalSection(NestedProjects) = preSolution
		{B849B5F5-C456-4D0D-A1C0-D021ACF0477E} = {AADF9D08-3C4F-4C12-9417-AC5E3DCAD41C}
		{5E3E3478-3224-4A4B-95FB-7625451793FB} = {AADF9D08-3C4F-4C12-9417-AC5E3DCAD41C}
		{1B04E9CB-B105-42A2-A8F0-9DCDEC8025AB} = {AADF9D08-3C4F-4C12-9417-AC5E3DCAD41C}
		{AADF9D08-3C4F-4C12-9417-AC5E3DCAD41C} = {F67C7BE7-F474-4B9B-A17F-1AAAF5D564F4}
		{EED80EA9-25D8-4F69-BC7F-87B15998570B} = {F67C7BE7-F474-4B9B-A17F-1AAAF5D564F4}
		{C123B1CD-1CDB-4F38-A4AD-41081079B114} = {F67C7BE7-F474-4B9B-A17F-1AAAF5D564F4}
		{8E0B6D2E-40D6-401F-8D4C-BB1EDEBE2CE5} = {B2EFD66A-EF07-46F2-A89E-AE5C6917319E}
		{66BF2A0F-3E12-4ED1-B12B-EF076786CB5A} = {F67C7BE7-F474-4B9B-A17F-1AAAF5D564F4}
		{F75DECF4-E061-40E1-A015-C15EB1EF02C5} = {F67C7BE7-F474-4B9B-A17F-1AAAF5D564F4}
		{1D3424DB-82F9-4D6B-B6CD-5BAD62A43B25} = {F67C7BE7-F474-4B9B-A17F-1AAAF5D564F4}
		{EFF22F07-13A0-4570-B879-6F981C15EE31} = {F67C7BE7-F474-4B9B-A17F-1AAAF5D564F4}
		{4CC136C0-6662-4E03-889E-01FF8E478EE1} = {06F0198E-A6EA-4165-9D3B-38A6B36D6687}
		{6DC908BF-B996-487D-ADF3-619169507E6A} = {06F0198E-A6EA-4165-9D3B-38A6B36D6687}
		{14C8E4DD-20CC-4623-BA2D-6B155DAB7BB2} = {06F0198E-A6EA-4165-9D3B-38A6B36D6687}
		{072BC132-0DE5-4DCF-82A0-89DF60FB1356} = {06F0198E-A6EA-4165-9D3B-38A6B36D6687}
		{2D70A313-7B5D-4E35-A85B-E92DD0D42E14} = {E7FCC9F8-FD83-4A1C-8405-604EBB242AFA}
		{42E114A9-8162-4FC3-8301-3CB19FB37EAD} = {E7FCC9F8-FD83-4A1C-8405-604EBB242AFA}
	EndGlobalSection
	GlobalSection(ExtensibilityGlobals) = postSolution
		SolutionGuid = {7F9F8BC8-0847-4E84-9AA8-0677A7EED2BA}
	EndGlobalSection
	GlobalSection(SharedMSBuildProjectFiles) = preSolution
		CruZ\CruZ.Common\CruZ.Common.projitems*{072bc132-0de5-4dcf-82a0-89df60fb1356}*SharedItemsImports = 5
		SandBox\AnimalGang\AnimalGang.Shared\AnimalGang.Shared.projitems*{2d70a313-7b5d-4e35-a85b-e92dd0d42e14}*SharedItemsImports = 5
		SandBox\AnimalGang\AnimalGang.Shared\AnimalGang.Shared.projitems*{42e114a9-8162-4fc3-8301-3cb19fb37ead}*SharedItemsImports = 13
		CruZ\CruZ.Common\CruZ.Common.projitems*{4cc136c0-6662-4e03-889e-01ff8e478ee1}*SharedItemsImports = 5
		CruZ\CruZ.Common\CruZ.Common.projitems*{6dc908bf-b996-487d-adf3-619169507e6a}*SharedItemsImports = 13
	EndGlobalSection
EndGlobal
