
Microsoft Visual Studio Solution File, Format Version 12.00
# Visual Studio Version 17
VisualStudioVersion = 17.0.31903.59
MinimumVisualStudioVersion = 10.0.40219.1
Project("{9A19103F-16F7-4668-BE54-9A1E7A4F7556}") = "MonoGame.Framework.DesktopGL", "ThirdParty\MonoGameModified\MonoGame.Framework\MonoGame.Framework.DesktopGL.csproj", "{F56B35AB-4332-4BE4-A1B4-FFDBE676722D}"
EndProject
Project("{9A19103F-16F7-4668-BE54-9A1E7A4F7556}") = "MonoGame.Extended", "ThirdParty\MonoGame.Extended\src\cs\MonoGame.Extended\MonoGame.Extended.csproj", "{B849B5F5-C456-4D0D-A1C0-D021ACF0477E}"
EndProject
Project("{9A19103F-16F7-4668-BE54-9A1E7A4F7556}") = "MonoGame.Extended.Animations", "ThirdParty\MonoGame.Extended\src\cs\MonoGame.Extended.Animations\MonoGame.Extended.Animations.csproj", "{5E3E3478-3224-4A4B-95FB-7625451793FB}"
EndProject
Project("{9A19103F-16F7-4668-BE54-9A1E7A4F7556}") = "MonoGame.Extended.Entities", "ThirdParty\MonoGame.Extended\src\cs\MonoGame.Extended.Entities\MonoGame.Extended.Entities.csproj", "{1B04E9CB-B105-42A2-A8F0-9DCDEC8025AB}"
EndProject
Project("{D954291E-2A0B-460D-934E-DC6B0785DB48}") = "CruZ.Shared", "CruZ.Engine\CruZ.Shared\CruZ.Shared.shproj", "{A0CDBD0E-3A41-42B7-9425-A838BC2C7383}"
EndProject
Project("{2150E333-8FDC-42A3-9474-1A3956D46DE8}") = "MonoGame", "MonoGame", "{F67C7BE7-F474-4B9B-A17F-1AAAF5D564F4}"
EndProject
Project("{2150E333-8FDC-42A3-9474-1A3956D46DE8}") = "Extended", "Extended", "{AADF9D08-3C4F-4C12-9417-AC5E3DCAD41C}"
EndProject
Project("{9A19103F-16F7-4668-BE54-9A1E7A4F7556}") = "MonoGame.Framework.Content.Pipeline", "ThirdParty\MonoGameModified\MonoGame.Framework.Content.Pipeline\MonoGame.Framework.Content.Pipeline.csproj", "{EED80EA9-25D8-4F69-BC7F-87B15998570B}"
EndProject
Project("{9A19103F-16F7-4668-BE54-9A1E7A4F7556}") = "MonoGame.Content.Builder.Editor.Windows", "ThirdParty\MonoGameModified\Tools\MonoGame.Content.Builder.Editor\MonoGame.Content.Builder.Editor.Windows.csproj", "{C123B1CD-1CDB-4F38-A4AD-41081079B114}"
EndProject
Project("{9A19103F-16F7-4668-BE54-9A1E7A4F7556}") = "CruZ.Editor", "CruZ.Engine\CruZ.Editor\CruZ.Editor.csproj", "{CB6CBCE0-6BD8-4FAB-9ED5-74A52A52027E}"
EndProject
Project("{9A19103F-16F7-4668-BE54-9A1E7A4F7556}") = "CruZ.UI", "CruZ.Engine\CruZ.Wrapper.ImGui\CruZ.UI.csproj", "{475E1E6A-25E4-4008-AA8F-3DD3D9A2E627}"
EndProject
Project("{9A19103F-16F7-4668-BE54-9A1E7A4F7556}") = "ImGui.NET", "ThirdParty\ImGui.NET\src\ImGui.NET\ImGui.NET.csproj", "{41EA351C-5140-4C76-B59D-A913BCAFDF48}"
EndProject
Project("{2150E333-8FDC-42A3-9474-1A3956D46DE8}") = "Others", "Others", "{B2EFD66A-EF07-46F2-A89E-AE5C6917319E}"
EndProject
Project("{9A19103F-16F7-4668-BE54-9A1E7A4F7556}") = "Game.AnimalGang", "CruZ.Games\AnimalGang\Game.AnimalGang.csproj", "{DFEAD40C-CEF0-47FA-ACA4-0FA52D5CF60A}"
EndProject
Project("{9A19103F-16F7-4668-BE54-9A1E7A4F7556}") = "CurZ.Desktop.Template", "CruZ.Engine\CruZ.Desktop.Template\CurZ.Desktop.Template.csproj", "{02AB39B3-6897-43DC-B84A-B5CC15F0F773}"
EndProject
Project("{2150E333-8FDC-42A3-9474-1A3956D46DE8}") = "CruZ", "CruZ", "{06F0198E-A6EA-4165-9D3B-38A6B36D6687}"
EndProject
Project("{9A19103F-16F7-4668-BE54-9A1E7A4F7556}") = "SpriteFactory", "ThirdParty\SpriteFactory\SpriteFactory\SpriteFactory.csproj", "{8E0B6D2E-40D6-401F-8D4C-BB1EDEBE2CE5}"
EndProject
Project("{9A19103F-16F7-4668-BE54-9A1E7A4F7556}") = "CruZ.Test", "CruZ.Engine\CruZ.Test\CruZ.Test.csproj", "{ED9250E7-68A6-4288-A6C4-9122AC9BC2D0}"
EndProject
Global
	GlobalSection(SolutionConfigurationPlatforms) = preSolution
		Debug|Any CPU = Debug|Any CPU
		Debug|x64 = Debug|x64
		Debug|x86 = Debug|x86
		Release|Any CPU = Release|Any CPU
		Release|x64 = Release|x64
		Release|x86 = Release|x86
	EndGlobalSection
	GlobalSection(ProjectConfigurationPlatforms) = postSolution
		{F56B35AB-4332-4BE4-A1B4-FFDBE676722D}.Debug|Any CPU.ActiveCfg = Debug|Any CPU
		{F56B35AB-4332-4BE4-A1B4-FFDBE676722D}.Debug|Any CPU.Build.0 = Debug|Any CPU
		{F56B35AB-4332-4BE4-A1B4-FFDBE676722D}.Debug|x64.ActiveCfg = Debug|Any CPU
		{F56B35AB-4332-4BE4-A1B4-FFDBE676722D}.Debug|x64.Build.0 = Debug|Any CPU
		{F56B35AB-4332-4BE4-A1B4-FFDBE676722D}.Debug|x86.ActiveCfg = Debug|Any CPU
		{F56B35AB-4332-4BE4-A1B4-FFDBE676722D}.Debug|x86.Build.0 = Debug|Any CPU
		{F56B35AB-4332-4BE4-A1B4-FFDBE676722D}.Release|Any CPU.ActiveCfg = Release|Any CPU
		{F56B35AB-4332-4BE4-A1B4-FFDBE676722D}.Release|Any CPU.Build.0 = Release|Any CPU
		{F56B35AB-4332-4BE4-A1B4-FFDBE676722D}.Release|x64.ActiveCfg = Release|Any CPU
		{F56B35AB-4332-4BE4-A1B4-FFDBE676722D}.Release|x64.Build.0 = Release|Any CPU
		{F56B35AB-4332-4BE4-A1B4-FFDBE676722D}.Release|x86.ActiveCfg = Release|Any CPU
		{F56B35AB-4332-4BE4-A1B4-FFDBE676722D}.Release|x86.Build.0 = Release|Any CPU
		{B849B5F5-C456-4D0D-A1C0-D021ACF0477E}.Debug|Any CPU.ActiveCfg = Debug|Any CPU
		{B849B5F5-C456-4D0D-A1C0-D021ACF0477E}.Debug|Any CPU.Build.0 = Debug|Any CPU
		{B849B5F5-C456-4D0D-A1C0-D021ACF0477E}.Debug|x64.ActiveCfg = Debug|x64
		{B849B5F5-C456-4D0D-A1C0-D021ACF0477E}.Debug|x64.Build.0 = Debug|x64
		{B849B5F5-C456-4D0D-A1C0-D021ACF0477E}.Debug|x86.ActiveCfg = Debug|x86
		{B849B5F5-C456-4D0D-A1C0-D021ACF0477E}.Debug|x86.Build.0 = Debug|x86
		{B849B5F5-C456-4D0D-A1C0-D021ACF0477E}.Release|Any CPU.ActiveCfg = Release|Any CPU
		{B849B5F5-C456-4D0D-A1C0-D021ACF0477E}.Release|Any CPU.Build.0 = Release|Any CPU
		{B849B5F5-C456-4D0D-A1C0-D021ACF0477E}.Release|x64.ActiveCfg = Release|x64
		{B849B5F5-C456-4D0D-A1C0-D021ACF0477E}.Release|x64.Build.0 = Release|x64
		{B849B5F5-C456-4D0D-A1C0-D021ACF0477E}.Release|x86.ActiveCfg = Release|x86
		{B849B5F5-C456-4D0D-A1C0-D021ACF0477E}.Release|x86.Build.0 = Release|x86
		{5E3E3478-3224-4A4B-95FB-7625451793FB}.Debug|Any CPU.ActiveCfg = Debug|Any CPU
		{5E3E3478-3224-4A4B-95FB-7625451793FB}.Debug|Any CPU.Build.0 = Debug|Any CPU
		{5E3E3478-3224-4A4B-95FB-7625451793FB}.Debug|x64.ActiveCfg = Debug|x64
		{5E3E3478-3224-4A4B-95FB-7625451793FB}.Debug|x64.Build.0 = Debug|x64
		{5E3E3478-3224-4A4B-95FB-7625451793FB}.Debug|x86.ActiveCfg = Debug|x86
		{5E3E3478-3224-4A4B-95FB-7625451793FB}.Debug|x86.Build.0 = Debug|x86
		{5E3E3478-3224-4A4B-95FB-7625451793FB}.Release|Any CPU.ActiveCfg = Release|Any CPU
		{5E3E3478-3224-4A4B-95FB-7625451793FB}.Release|Any CPU.Build.0 = Release|Any CPU
		{5E3E3478-3224-4A4B-95FB-7625451793FB}.Release|x64.ActiveCfg = Release|x64
		{5E3E3478-3224-4A4B-95FB-7625451793FB}.Release|x64.Build.0 = Release|x64
		{5E3E3478-3224-4A4B-95FB-7625451793FB}.Release|x86.ActiveCfg = Release|x86
		{5E3E3478-3224-4A4B-95FB-7625451793FB}.Release|x86.Build.0 = Release|x86
		{1B04E9CB-B105-42A2-A8F0-9DCDEC8025AB}.Debug|Any CPU.ActiveCfg = Debug|Any CPU
		{1B04E9CB-B105-42A2-A8F0-9DCDEC8025AB}.Debug|Any CPU.Build.0 = Debug|Any CPU
		{1B04E9CB-B105-42A2-A8F0-9DCDEC8025AB}.Debug|x64.ActiveCfg = Debug|x64
		{1B04E9CB-B105-42A2-A8F0-9DCDEC8025AB}.Debug|x64.Build.0 = Debug|x64
		{1B04E9CB-B105-42A2-A8F0-9DCDEC8025AB}.Debug|x86.ActiveCfg = Debug|x86
		{1B04E9CB-B105-42A2-A8F0-9DCDEC8025AB}.Debug|x86.Build.0 = Debug|x86
		{1B04E9CB-B105-42A2-A8F0-9DCDEC8025AB}.Release|Any CPU.ActiveCfg = Release|Any CPU
		{1B04E9CB-B105-42A2-A8F0-9DCDEC8025AB}.Release|Any CPU.Build.0 = Release|Any CPU
		{1B04E9CB-B105-42A2-A8F0-9DCDEC8025AB}.Release|x64.ActiveCfg = Release|x64
		{1B04E9CB-B105-42A2-A8F0-9DCDEC8025AB}.Release|x64.Build.0 = Release|x64
		{1B04E9CB-B105-42A2-A8F0-9DCDEC8025AB}.Release|x86.ActiveCfg = Release|x86
		{1B04E9CB-B105-42A2-A8F0-9DCDEC8025AB}.Release|x86.Build.0 = Release|x86
		{EED80EA9-25D8-4F69-BC7F-87B15998570B}.Debug|Any CPU.ActiveCfg = Debug|Any CPU
		{EED80EA9-25D8-4F69-BC7F-87B15998570B}.Debug|Any CPU.Build.0 = Debug|Any CPU
		{EED80EA9-25D8-4F69-BC7F-87B15998570B}.Debug|x64.ActiveCfg = Debug|Any CPU
		{EED80EA9-25D8-4F69-BC7F-87B15998570B}.Debug|x64.Build.0 = Debug|Any CPU
		{EED80EA9-25D8-4F69-BC7F-87B15998570B}.Debug|x86.ActiveCfg = Debug|Any CPU
		{EED80EA9-25D8-4F69-BC7F-87B15998570B}.Debug|x86.Build.0 = Debug|Any CPU
		{EED80EA9-25D8-4F69-BC7F-87B15998570B}.Release|Any CPU.ActiveCfg = Release|Any CPU
		{EED80EA9-25D8-4F69-BC7F-87B15998570B}.Release|Any CPU.Build.0 = Release|Any CPU
		{EED80EA9-25D8-4F69-BC7F-87B15998570B}.Release|x64.ActiveCfg = Release|Any CPU
		{EED80EA9-25D8-4F69-BC7F-87B15998570B}.Release|x64.Build.0 = Release|Any CPU
		{EED80EA9-25D8-4F69-BC7F-87B15998570B}.Release|x86.ActiveCfg = Release|Any CPU
		{EED80EA9-25D8-4F69-BC7F-87B15998570B}.Release|x86.Build.0 = Release|Any CPU
		{C123B1CD-1CDB-4F38-A4AD-41081079B114}.Debug|Any CPU.ActiveCfg = Debug|Any CPU
		{C123B1CD-1CDB-4F38-A4AD-41081079B114}.Debug|Any CPU.Build.0 = Debug|Any CPU
		{C123B1CD-1CDB-4F38-A4AD-41081079B114}.Debug|x64.ActiveCfg = Debug|Any CPU
		{C123B1CD-1CDB-4F38-A4AD-41081079B114}.Debug|x64.Build.0 = Debug|Any CPU
		{C123B1CD-1CDB-4F38-A4AD-41081079B114}.Debug|x86.ActiveCfg = Debug|Any CPU
		{C123B1CD-1CDB-4F38-A4AD-41081079B114}.Debug|x86.Build.0 = Debug|Any CPU
		{C123B1CD-1CDB-4F38-A4AD-41081079B114}.Release|Any CPU.ActiveCfg = Release|Any CPU
		{C123B1CD-1CDB-4F38-A4AD-41081079B114}.Release|Any CPU.Build.0 = Release|Any CPU
		{C123B1CD-1CDB-4F38-A4AD-41081079B114}.Release|x64.ActiveCfg = Release|Any CPU
		{C123B1CD-1CDB-4F38-A4AD-41081079B114}.Release|x64.Build.0 = Release|Any CPU
		{C123B1CD-1CDB-4F38-A4AD-41081079B114}.Release|x86.ActiveCfg = Release|Any CPU
		{C123B1CD-1CDB-4F38-A4AD-41081079B114}.Release|x86.Build.0 = Release|Any CPU
		{CB6CBCE0-6BD8-4FAB-9ED5-74A52A52027E}.Debug|Any CPU.ActiveCfg = Debug|Any CPU
		{CB6CBCE0-6BD8-4FAB-9ED5-74A52A52027E}.Debug|Any CPU.Build.0 = Debug|Any CPU
		{CB6CBCE0-6BD8-4FAB-9ED5-74A52A52027E}.Debug|x64.ActiveCfg = Debug|Any CPU
		{CB6CBCE0-6BD8-4FAB-9ED5-74A52A52027E}.Debug|x64.Build.0 = Debug|Any CPU
		{CB6CBCE0-6BD8-4FAB-9ED5-74A52A52027E}.Debug|x86.ActiveCfg = Debug|Any CPU
		{CB6CBCE0-6BD8-4FAB-9ED5-74A52A52027E}.Debug|x86.Build.0 = Debug|Any CPU
		{CB6CBCE0-6BD8-4FAB-9ED5-74A52A52027E}.Release|Any CPU.ActiveCfg = Release|Any CPU
		{CB6CBCE0-6BD8-4FAB-9ED5-74A52A52027E}.Release|Any CPU.Build.0 = Release|Any CPU
		{CB6CBCE0-6BD8-4FAB-9ED5-74A52A52027E}.Release|x64.ActiveCfg = Release|Any CPU
		{CB6CBCE0-6BD8-4FAB-9ED5-74A52A52027E}.Release|x64.Build.0 = Release|Any CPU
		{CB6CBCE0-6BD8-4FAB-9ED5-74A52A52027E}.Release|x86.ActiveCfg = Release|Any CPU
		{CB6CBCE0-6BD8-4FAB-9ED5-74A52A52027E}.Release|x86.Build.0 = Release|Any CPU
		{475E1E6A-25E4-4008-AA8F-3DD3D9A2E627}.Debug|Any CPU.ActiveCfg = Debug|Any CPU
		{475E1E6A-25E4-4008-AA8F-3DD3D9A2E627}.Debug|Any CPU.Build.0 = Debug|Any CPU
		{475E1E6A-25E4-4008-AA8F-3DD3D9A2E627}.Debug|x64.ActiveCfg = Debug|x64
		{475E1E6A-25E4-4008-AA8F-3DD3D9A2E627}.Debug|x64.Build.0 = Debug|x64
		{475E1E6A-25E4-4008-AA8F-3DD3D9A2E627}.Debug|x86.ActiveCfg = Debug|x86
		{475E1E6A-25E4-4008-AA8F-3DD3D9A2E627}.Debug|x86.Build.0 = Debug|x86
		{475E1E6A-25E4-4008-AA8F-3DD3D9A2E627}.Release|Any CPU.ActiveCfg = Release|Any CPU
		{475E1E6A-25E4-4008-AA8F-3DD3D9A2E627}.Release|Any CPU.Build.0 = Release|Any CPU
		{475E1E6A-25E4-4008-AA8F-3DD3D9A2E627}.Release|x64.ActiveCfg = Release|x64
		{475E1E6A-25E4-4008-AA8F-3DD3D9A2E627}.Release|x64.Build.0 = Release|x64
		{475E1E6A-25E4-4008-AA8F-3DD3D9A2E627}.Release|x86.ActiveCfg = Release|x86
		{475E1E6A-25E4-4008-AA8F-3DD3D9A2E627}.Release|x86.Build.0 = Release|x86
		{41EA351C-5140-4C76-B59D-A913BCAFDF48}.Debug|Any CPU.ActiveCfg = Debug|Any CPU
		{41EA351C-5140-4C76-B59D-A913BCAFDF48}.Debug|Any CPU.Build.0 = Debug|Any CPU
		{41EA351C-5140-4C76-B59D-A913BCAFDF48}.Debug|x64.ActiveCfg = Debug|Any CPU
		{41EA351C-5140-4C76-B59D-A913BCAFDF48}.Debug|x64.Build.0 = Debug|Any CPU
		{41EA351C-5140-4C76-B59D-A913BCAFDF48}.Debug|x86.ActiveCfg = Debug|Any CPU
		{41EA351C-5140-4C76-B59D-A913BCAFDF48}.Debug|x86.Build.0 = Debug|Any CPU
		{41EA351C-5140-4C76-B59D-A913BCAFDF48}.Release|Any CPU.ActiveCfg = Release|Any CPU
		{41EA351C-5140-4C76-B59D-A913BCAFDF48}.Release|Any CPU.Build.0 = Release|Any CPU
		{41EA351C-5140-4C76-B59D-A913BCAFDF48}.Release|x64.ActiveCfg = Release|Any CPU
		{41EA351C-5140-4C76-B59D-A913BCAFDF48}.Release|x64.Build.0 = Release|Any CPU
		{41EA351C-5140-4C76-B59D-A913BCAFDF48}.Release|x86.ActiveCfg = Release|Any CPU
		{41EA351C-5140-4C76-B59D-A913BCAFDF48}.Release|x86.Build.0 = Release|Any CPU
		{DFEAD40C-CEF0-47FA-ACA4-0FA52D5CF60A}.Debug|Any CPU.ActiveCfg = Debug|Any CPU
		{DFEAD40C-CEF0-47FA-ACA4-0FA52D5CF60A}.Debug|Any CPU.Build.0 = Debug|Any CPU
		{DFEAD40C-CEF0-47FA-ACA4-0FA52D5CF60A}.Debug|x64.ActiveCfg = Debug|Any CPU
		{DFEAD40C-CEF0-47FA-ACA4-0FA52D5CF60A}.Debug|x64.Build.0 = Debug|Any CPU
		{DFEAD40C-CEF0-47FA-ACA4-0FA52D5CF60A}.Debug|x86.ActiveCfg = Debug|Any CPU
		{DFEAD40C-CEF0-47FA-ACA4-0FA52D5CF60A}.Debug|x86.Build.0 = Debug|Any CPU
		{DFEAD40C-CEF0-47FA-ACA4-0FA52D5CF60A}.Release|Any CPU.ActiveCfg = Release|Any CPU
		{DFEAD40C-CEF0-47FA-ACA4-0FA52D5CF60A}.Release|Any CPU.Build.0 = Release|Any CPU
		{DFEAD40C-CEF0-47FA-ACA4-0FA52D5CF60A}.Release|x64.ActiveCfg = Release|Any CPU
		{DFEAD40C-CEF0-47FA-ACA4-0FA52D5CF60A}.Release|x64.Build.0 = Release|Any CPU
		{DFEAD40C-CEF0-47FA-ACA4-0FA52D5CF60A}.Release|x86.ActiveCfg = Release|Any CPU
		{DFEAD40C-CEF0-47FA-ACA4-0FA52D5CF60A}.Release|x86.Build.0 = Release|Any CPU
		{02AB39B3-6897-43DC-B84A-B5CC15F0F773}.Debug|Any CPU.ActiveCfg = Debug|Any CPU
		{02AB39B3-6897-43DC-B84A-B5CC15F0F773}.Debug|Any CPU.Build.0 = Debug|Any CPU
		{02AB39B3-6897-43DC-B84A-B5CC15F0F773}.Debug|x64.ActiveCfg = Debug|Any CPU
		{02AB39B3-6897-43DC-B84A-B5CC15F0F773}.Debug|x64.Build.0 = Debug|Any CPU
		{02AB39B3-6897-43DC-B84A-B5CC15F0F773}.Debug|x86.ActiveCfg = Debug|Any CPU
		{02AB39B3-6897-43DC-B84A-B5CC15F0F773}.Debug|x86.Build.0 = Debug|Any CPU
		{02AB39B3-6897-43DC-B84A-B5CC15F0F773}.Release|Any CPU.ActiveCfg = Release|Any CPU
		{02AB39B3-6897-43DC-B84A-B5CC15F0F773}.Release|Any CPU.Build.0 = Release|Any CPU
		{02AB39B3-6897-43DC-B84A-B5CC15F0F773}.Release|x64.ActiveCfg = Release|Any CPU
		{02AB39B3-6897-43DC-B84A-B5CC15F0F773}.Release|x64.Build.0 = Release|Any CPU
		{02AB39B3-6897-43DC-B84A-B5CC15F0F773}.Release|x86.ActiveCfg = Release|Any CPU
		{02AB39B3-6897-43DC-B84A-B5CC15F0F773}.Release|x86.Build.0 = Release|Any CPU
		{8E0B6D2E-40D6-401F-8D4C-BB1EDEBE2CE5}.Debug|Any CPU.ActiveCfg = Debug|Any CPU
		{8E0B6D2E-40D6-401F-8D4C-BB1EDEBE2CE5}.Debug|Any CPU.Build.0 = Debug|Any CPU
		{8E0B6D2E-40D6-401F-8D4C-BB1EDEBE2CE5}.Debug|x64.ActiveCfg = Debug|x64
		{8E0B6D2E-40D6-401F-8D4C-BB1EDEBE2CE5}.Debug|x64.Build.0 = Debug|x64
		{8E0B6D2E-40D6-401F-8D4C-BB1EDEBE2CE5}.Debug|x86.ActiveCfg = Debug|x86
		{8E0B6D2E-40D6-401F-8D4C-BB1EDEBE2CE5}.Debug|x86.Build.0 = Debug|x86
		{8E0B6D2E-40D6-401F-8D4C-BB1EDEBE2CE5}.Release|Any CPU.ActiveCfg = Release|Any CPU
		{8E0B6D2E-40D6-401F-8D4C-BB1EDEBE2CE5}.Release|Any CPU.Build.0 = Release|Any CPU
		{8E0B6D2E-40D6-401F-8D4C-BB1EDEBE2CE5}.Release|x64.ActiveCfg = Release|x64
		{8E0B6D2E-40D6-401F-8D4C-BB1EDEBE2CE5}.Release|x64.Build.0 = Release|x64
		{8E0B6D2E-40D6-401F-8D4C-BB1EDEBE2CE5}.Release|x86.ActiveCfg = Release|x86
		{8E0B6D2E-40D6-401F-8D4C-BB1EDEBE2CE5}.Release|x86.Build.0 = Release|x86
		{ED9250E7-68A6-4288-A6C4-9122AC9BC2D0}.Debug|Any CPU.ActiveCfg = Debug|Any CPU
		{ED9250E7-68A6-4288-A6C4-9122AC9BC2D0}.Debug|Any CPU.Build.0 = Debug|Any CPU
		{ED9250E7-68A6-4288-A6C4-9122AC9BC2D0}.Debug|x64.ActiveCfg = Debug|Any CPU
		{ED9250E7-68A6-4288-A6C4-9122AC9BC2D0}.Debug|x64.Build.0 = Debug|Any CPU
		{ED9250E7-68A6-4288-A6C4-9122AC9BC2D0}.Debug|x86.ActiveCfg = Debug|Any CPU
		{ED9250E7-68A6-4288-A6C4-9122AC9BC2D0}.Debug|x86.Build.0 = Debug|Any CPU
		{ED9250E7-68A6-4288-A6C4-9122AC9BC2D0}.Release|Any CPU.ActiveCfg = Release|Any CPU
		{ED9250E7-68A6-4288-A6C4-9122AC9BC2D0}.Release|Any CPU.Build.0 = Release|Any CPU
		{ED9250E7-68A6-4288-A6C4-9122AC9BC2D0}.Release|x64.ActiveCfg = Release|Any CPU
		{ED9250E7-68A6-4288-A6C4-9122AC9BC2D0}.Release|x64.Build.0 = Release|Any CPU
		{ED9250E7-68A6-4288-A6C4-9122AC9BC2D0}.Release|x86.ActiveCfg = Release|Any CPU
		{ED9250E7-68A6-4288-A6C4-9122AC9BC2D0}.Release|x86.Build.0 = Release|Any CPU
	EndGlobalSection
	GlobalSection(SolutionProperties) = preSolution
		HideSolutionNode = FALSE
	EndGlobalSection
	GlobalSection(NestedProjects) = preSolution
		{F56B35AB-4332-4BE4-A1B4-FFDBE676722D} = {F67C7BE7-F474-4B9B-A17F-1AAAF5D564F4}
		{B849B5F5-C456-4D0D-A1C0-D021ACF0477E} = {AADF9D08-3C4F-4C12-9417-AC5E3DCAD41C}
		{5E3E3478-3224-4A4B-95FB-7625451793FB} = {AADF9D08-3C4F-4C12-9417-AC5E3DCAD41C}
		{1B04E9CB-B105-42A2-A8F0-9DCDEC8025AB} = {AADF9D08-3C4F-4C12-9417-AC5E3DCAD41C}
		{A0CDBD0E-3A41-42B7-9425-A838BC2C7383} = {06F0198E-A6EA-4165-9D3B-38A6B36D6687}
		{AADF9D08-3C4F-4C12-9417-AC5E3DCAD41C} = {F67C7BE7-F474-4B9B-A17F-1AAAF5D564F4}
		{EED80EA9-25D8-4F69-BC7F-87B15998570B} = {F67C7BE7-F474-4B9B-A17F-1AAAF5D564F4}
		{C123B1CD-1CDB-4F38-A4AD-41081079B114} = {F67C7BE7-F474-4B9B-A17F-1AAAF5D564F4}
		{CB6CBCE0-6BD8-4FAB-9ED5-74A52A52027E} = {06F0198E-A6EA-4165-9D3B-38A6B36D6687}
		{475E1E6A-25E4-4008-AA8F-3DD3D9A2E627} = {06F0198E-A6EA-4165-9D3B-38A6B36D6687}
		{41EA351C-5140-4C76-B59D-A913BCAFDF48} = {B2EFD66A-EF07-46F2-A89E-AE5C6917319E}
		{02AB39B3-6897-43DC-B84A-B5CC15F0F773} = {06F0198E-A6EA-4165-9D3B-38A6B36D6687}
		{8E0B6D2E-40D6-401F-8D4C-BB1EDEBE2CE5} = {B2EFD66A-EF07-46F2-A89E-AE5C6917319E}
		{ED9250E7-68A6-4288-A6C4-9122AC9BC2D0} = {06F0198E-A6EA-4165-9D3B-38A6B36D6687}
	EndGlobalSection
	GlobalSection(ExtensibilityGlobals) = postSolution
		SolutionGuid = {7F9F8BC8-0847-4E84-9AA8-0677A7EED2BA}
	EndGlobalSection
	GlobalSection(SharedMSBuildProjectFiles) = preSolution
		CruZ.Engine\CruZ.Shared\CruZ_Shared.projitems*{02ab39b3-6897-43dc-b84a-b5cc15f0f773}*SharedItemsImports = 5
		CruZ.Engine\CruZ.Shared\CruZ_Shared.projitems*{a0cdbd0e-3a41-42b7-9425-a838bc2c7383}*SharedItemsImports = 13
	EndGlobalSection
EndGlobal
