
Microsoft Visual Studio Solution File, Format Version 12.00
# Visual Studio Version 17
VisualStudioVersion = 17.0.31903.59
MinimumVisualStudioVersion = 10.0.40219.1
Project("{2150E333-8FDC-42A3-9474-1A3956D46DE8}") = "ThirdParty", "ThirdParty", "{F67C7BE7-F474-4B9B-A17F-1AAAF5D564F4}"
EndProject
Project("{2150E333-8FDC-42A3-9474-1A3956D46DE8}") = "MonoGameExtended", "MonoGameExtended", "{AADF9D08-3C4F-4C12-9417-AC5E3DCAD41C}"
EndProject
Project("{2150E333-8FDC-42A3-9474-1A3956D46DE8}") = "CruZ", "CruZ", "{06F0198E-A6EA-4165-9D3B-38A6B36D6687}"
EndProject
Project("{9A19103F-16F7-4668-BE54-9A1E7A4F7556}") = "MonoGame.Framework.WindowsDX", "ThirdParty\MonoGameModified\MonoGame.Framework\MonoGame.Framework.WindowsDX.csproj", "{F75DECF4-E061-40E1-A015-C15EB1EF02C5}"
EndProject
Project("{9A19103F-16F7-4668-BE54-9A1E7A4F7556}") = "MonoGame.Effect.Compiler", "ThirdParty\MonoGameModified\Tools\MonoGame.Effect.Compiler\MonoGame.Effect.Compiler.csproj", "{EFF22F07-13A0-4570-B879-6F981C15EE31}"
EndProject
Project("{9A19103F-16F7-4668-BE54-9A1E7A4F7556}") = "CruZ.Editor", "CruZ\CruZ.Editor\CruZ.Editor.csproj", "{4CC136C0-6662-4E03-889E-01FF8E478EE1}"
	ProjectSection(ProjectDependencies) = postProject
		{82EB0A7C-6D46-40CA-8B59-94C7D4E33DDA} = {82EB0A7C-6D46-40CA-8B59-94C7D4E33DDA}
		{EFF22F07-13A0-4570-B879-6F981C15EE31} = {EFF22F07-13A0-4570-B879-6F981C15EE31}
		{F75DECF4-E061-40E1-A015-C15EB1EF02C5} = {F75DECF4-E061-40E1-A015-C15EB1EF02C5}
	EndProjectSection
EndProject
Project("{2150E333-8FDC-42A3-9474-1A3956D46DE8}") = "Sandbox", "Sandbox", "{E7FCC9F8-FD83-4A1C-8405-604EBB242AFA}"
	ProjectSection(SolutionItems) = preProject
		ThirdParty\VelcroPhysics\src\VelcroPhysics\VelcroPhysics.MonoGame.csproj = ThirdParty\VelcroPhysics\src\VelcroPhysics\VelcroPhysics.MonoGame.csproj
	EndProjectSection
EndProject
Project("{9A19103F-16F7-4668-BE54-9A1E7A4F7556}") = "CruZ.Experiment", "CruZ\CruZ.Experiment\CruZ.Experiment.csproj", "{1FD1AD15-5CDF-4C99-B969-AE7E3596EA0C}"
EndProject
Project("{9A19103F-16F7-4668-BE54-9A1E7A4F7556}") = "Game.AnimalGang", "SandBox\Games\Game.AnimalGang\Game.AnimalGang.csproj", "{82EB0A7C-6D46-40CA-8B59-94C7D4E33DDA}"
EndProject
Project("{9A19103F-16F7-4668-BE54-9A1E7A4F7556}") = "MonoGame.Framework.Content.Pipeline", "ThirdParty\MonoGameModified\MonoGame.Framework.Content.Pipeline\MonoGame.Framework.Content.Pipeline.csproj", "{BF178B7E-2405-4737-AD45-5B5D3AC44598}"
EndProject
Project("{9A19103F-16F7-4668-BE54-9A1E7A4F7556}") = "CruZ.GameEngine.WindowsDX", "CruZ\CruZ.GameEngine\CruZ.GameEngine.WindowsDX.csproj", "{663DCD64-1820-411A-BEFB-D982CDA00C25}"
EndProject
Project("{9A19103F-16F7-4668-BE54-9A1E7A4F7556}") = "MonoGame.Aseprite", "ThirdParty\monogame-aseprite\source\MonoGame.Aseprite\MonoGame.Aseprite.csproj", "{6E668400-80C2-431A-847A-E6FAE75C5219}"
EndProject
Project("{9A19103F-16F7-4668-BE54-9A1E7A4F7556}") = "MonoGame.Aseprite.Content.Pipeline", "ThirdParty\monogame-aseprite\source\MonoGame.Aseprite.Content.Pipeline\MonoGame.Aseprite.Content.Pipeline.csproj", "{2614DDB4-6FB8-4221-9541-E77341901C3D}"
EndProject
Project("{9A19103F-16F7-4668-BE54-9A1E7A4F7556}") = "MonoGame.Extended", "ThirdParty\MonoGameExtended\src\cs\MonoGame.Extended\MonoGame.Extended.csproj", "{525CA781-B1EC-47AD-B981-0718D4D4A4EB}"
EndProject
Project("{9A19103F-16F7-4668-BE54-9A1E7A4F7556}") = "MonoGame.Extended.Content.Pipeline", "ThirdParty\MonoGameExtended\src\cs\MonoGame.Extended.Content.Pipeline\MonoGame.Extended.Content.Pipeline.csproj", "{CD3282AC-7278-4F7B-9CE2-31964D994105}"
EndProject
Project("{9A19103F-16F7-4668-BE54-9A1E7A4F7556}") = "MonoGame.Extended.Tiled", "ThirdParty\MonoGameExtended\src\cs\MonoGame.Extended.Tiled\MonoGame.Extended.Tiled.csproj", "{E71E9931-C1CA-4935-A0A1-E341A15D52BD}"
EndProject
Project("{9A19103F-16F7-4668-BE54-9A1E7A4F7556}") = "MonoGame.Extended.Graphics", "ThirdParty\MonoGameExtended\src\cs\MonoGame.Extended.Graphics\MonoGame.Extended.Graphics.csproj", "{D135958E-18DE-450C-A16D-7051B1023B9B}"
EndProject
Project("{9A19103F-16F7-4668-BE54-9A1E7A4F7556}") = "NinjaAdventure", "SandBox\Games\NinjaAdventure\NinjaAdventure.csproj", "{F37E351A-C4BE-4819-834D-4693414588B2}"
EndProject
Project("{2150E333-8FDC-42A3-9474-1A3956D46DE8}") = "Aseprite", "Aseprite", "{42BFC943-F1AB-433B-BD7E-9E5FE81F4693}"
EndProject
Project("{2150E333-8FDC-42A3-9474-1A3956D46DE8}") = "Pipeline", "Pipeline", "{832E06A2-13DE-4CDB-8337-B82483B168FF}"
EndProject
Project("{9A19103F-16F7-4668-BE54-9A1E7A4F7556}") = "VelcroPhysics.MonoGame", "ThirdParty\VelcroPhysics\src\VelcroPhysics\VelcroPhysics.MonoGame.csproj", "{04907A69-69C7-45DE-99D5-A91B9F10A63F}"
EndProject
Project("{9A19103F-16F7-4668-BE54-9A1E7A4F7556}") = "VelcroPhysics.MonoGame.DebugView", "ThirdParty\VelcroPhysics\src\VelcroPhysics.MonoGame.DebugView\VelcroPhysics.MonoGame.DebugView.csproj", "{6216042A-E38A-4D5B-B9DA-2DBDACCCDF19}"
EndProject
Global
	GlobalSection(SolutionConfigurationPlatforms) = preSolution
		Debug|Any CPU = Debug|Any CPU
		Debug|x64 = Debug|x64
		Debug|x86 = Debug|x86
		LinuxDebug|Any CPU = LinuxDebug|Any CPU
		LinuxDebug|x64 = LinuxDebug|x64
		LinuxDebug|x86 = LinuxDebug|x86
		LinuxRelease|Any CPU = LinuxRelease|Any CPU
		LinuxRelease|x64 = LinuxRelease|x64
		LinuxRelease|x86 = LinuxRelease|x86
		Release|Any CPU = Release|Any CPU
		Release|x64 = Release|x64
		Release|x86 = Release|x86
		WindowsDebug|Any CPU = WindowsDebug|Any CPU
		WindowsDebug|x64 = WindowsDebug|x64
		WindowsDebug|x86 = WindowsDebug|x86
		WindowsRelease|Any CPU = WindowsRelease|Any CPU
		WindowsRelease|x64 = WindowsRelease|x64
		WindowsRelease|x86 = WindowsRelease|x86
	EndGlobalSection
	GlobalSection(ProjectConfigurationPlatforms) = postSolution
		{F75DECF4-E061-40E1-A015-C15EB1EF02C5}.Debug|Any CPU.ActiveCfg = Debug|Any CPU
		{F75DECF4-E061-40E1-A015-C15EB1EF02C5}.Debug|Any CPU.Build.0 = Debug|Any CPU
		{F75DECF4-E061-40E1-A015-C15EB1EF02C5}.Debug|x64.ActiveCfg = Debug|Any CPU
		{F75DECF4-E061-40E1-A015-C15EB1EF02C5}.Debug|x64.Build.0 = Debug|Any CPU
		{F75DECF4-E061-40E1-A015-C15EB1EF02C5}.Debug|x86.ActiveCfg = Debug|Any CPU
		{F75DECF4-E061-40E1-A015-C15EB1EF02C5}.Debug|x86.Build.0 = Debug|Any CPU
		{F75DECF4-E061-40E1-A015-C15EB1EF02C5}.LinuxDebug|Any CPU.ActiveCfg = Debug|Any CPU
		{F75DECF4-E061-40E1-A015-C15EB1EF02C5}.LinuxDebug|Any CPU.Build.0 = Debug|Any CPU
		{F75DECF4-E061-40E1-A015-C15EB1EF02C5}.LinuxDebug|x64.ActiveCfg = Debug|Any CPU
		{F75DECF4-E061-40E1-A015-C15EB1EF02C5}.LinuxDebug|x64.Build.0 = Debug|Any CPU
		{F75DECF4-E061-40E1-A015-C15EB1EF02C5}.LinuxDebug|x86.ActiveCfg = Debug|Any CPU
		{F75DECF4-E061-40E1-A015-C15EB1EF02C5}.LinuxDebug|x86.Build.0 = Debug|Any CPU
		{F75DECF4-E061-40E1-A015-C15EB1EF02C5}.LinuxRelease|Any CPU.ActiveCfg = Release|Any CPU
		{F75DECF4-E061-40E1-A015-C15EB1EF02C5}.LinuxRelease|Any CPU.Build.0 = Release|Any CPU
		{F75DECF4-E061-40E1-A015-C15EB1EF02C5}.LinuxRelease|x64.ActiveCfg = Release|Any CPU
		{F75DECF4-E061-40E1-A015-C15EB1EF02C5}.LinuxRelease|x64.Build.0 = Release|Any CPU
		{F75DECF4-E061-40E1-A015-C15EB1EF02C5}.LinuxRelease|x86.ActiveCfg = Release|Any CPU
		{F75DECF4-E061-40E1-A015-C15EB1EF02C5}.LinuxRelease|x86.Build.0 = Release|Any CPU
		{F75DECF4-E061-40E1-A015-C15EB1EF02C5}.Release|Any CPU.ActiveCfg = Release|Any CPU
		{F75DECF4-E061-40E1-A015-C15EB1EF02C5}.Release|Any CPU.Build.0 = Release|Any CPU
		{F75DECF4-E061-40E1-A015-C15EB1EF02C5}.Release|x64.ActiveCfg = Release|Any CPU
		{F75DECF4-E061-40E1-A015-C15EB1EF02C5}.Release|x64.Build.0 = Release|Any CPU
		{F75DECF4-E061-40E1-A015-C15EB1EF02C5}.Release|x86.ActiveCfg = Release|Any CPU
		{F75DECF4-E061-40E1-A015-C15EB1EF02C5}.Release|x86.Build.0 = Release|Any CPU
		{F75DECF4-E061-40E1-A015-C15EB1EF02C5}.WindowsDebug|Any CPU.ActiveCfg = Debug|Any CPU
		{F75DECF4-E061-40E1-A015-C15EB1EF02C5}.WindowsDebug|Any CPU.Build.0 = Debug|Any CPU
		{F75DECF4-E061-40E1-A015-C15EB1EF02C5}.WindowsDebug|x64.ActiveCfg = Debug|Any CPU
		{F75DECF4-E061-40E1-A015-C15EB1EF02C5}.WindowsDebug|x64.Build.0 = Debug|Any CPU
		{F75DECF4-E061-40E1-A015-C15EB1EF02C5}.WindowsDebug|x86.ActiveCfg = Debug|Any CPU
		{F75DECF4-E061-40E1-A015-C15EB1EF02C5}.WindowsDebug|x86.Build.0 = Debug|Any CPU
		{F75DECF4-E061-40E1-A015-C15EB1EF02C5}.WindowsRelease|Any CPU.ActiveCfg = Release|Any CPU
		{F75DECF4-E061-40E1-A015-C15EB1EF02C5}.WindowsRelease|Any CPU.Build.0 = Release|Any CPU
		{F75DECF4-E061-40E1-A015-C15EB1EF02C5}.WindowsRelease|x64.ActiveCfg = Release|Any CPU
		{F75DECF4-E061-40E1-A015-C15EB1EF02C5}.WindowsRelease|x64.Build.0 = Release|Any CPU
		{F75DECF4-E061-40E1-A015-C15EB1EF02C5}.WindowsRelease|x86.ActiveCfg = Release|Any CPU
		{F75DECF4-E061-40E1-A015-C15EB1EF02C5}.WindowsRelease|x86.Build.0 = Release|Any CPU
		{EFF22F07-13A0-4570-B879-6F981C15EE31}.Debug|Any CPU.ActiveCfg = Debug|Any CPU
		{EFF22F07-13A0-4570-B879-6F981C15EE31}.Debug|Any CPU.Build.0 = Debug|Any CPU
		{EFF22F07-13A0-4570-B879-6F981C15EE31}.Debug|x64.ActiveCfg = Debug|Any CPU
		{EFF22F07-13A0-4570-B879-6F981C15EE31}.Debug|x64.Build.0 = Debug|Any CPU
		{EFF22F07-13A0-4570-B879-6F981C15EE31}.Debug|x86.ActiveCfg = Debug|Any CPU
		{EFF22F07-13A0-4570-B879-6F981C15EE31}.Debug|x86.Build.0 = Debug|Any CPU
		{EFF22F07-13A0-4570-B879-6F981C15EE31}.LinuxDebug|Any CPU.ActiveCfg = Debug|Any CPU
		{EFF22F07-13A0-4570-B879-6F981C15EE31}.LinuxDebug|Any CPU.Build.0 = Debug|Any CPU
		{EFF22F07-13A0-4570-B879-6F981C15EE31}.LinuxDebug|x64.ActiveCfg = Debug|Any CPU
		{EFF22F07-13A0-4570-B879-6F981C15EE31}.LinuxDebug|x64.Build.0 = Debug|Any CPU
		{EFF22F07-13A0-4570-B879-6F981C15EE31}.LinuxDebug|x86.ActiveCfg = Debug|Any CPU
		{EFF22F07-13A0-4570-B879-6F981C15EE31}.LinuxDebug|x86.Build.0 = Debug|Any CPU
		{EFF22F07-13A0-4570-B879-6F981C15EE31}.LinuxRelease|Any CPU.ActiveCfg = Release|Any CPU
		{EFF22F07-13A0-4570-B879-6F981C15EE31}.LinuxRelease|Any CPU.Build.0 = Release|Any CPU
		{EFF22F07-13A0-4570-B879-6F981C15EE31}.LinuxRelease|x64.ActiveCfg = Release|Any CPU
		{EFF22F07-13A0-4570-B879-6F981C15EE31}.LinuxRelease|x64.Build.0 = Release|Any CPU
		{EFF22F07-13A0-4570-B879-6F981C15EE31}.LinuxRelease|x86.ActiveCfg = Release|Any CPU
		{EFF22F07-13A0-4570-B879-6F981C15EE31}.LinuxRelease|x86.Build.0 = Release|Any CPU
		{EFF22F07-13A0-4570-B879-6F981C15EE31}.Release|Any CPU.ActiveCfg = Release|Any CPU
		{EFF22F07-13A0-4570-B879-6F981C15EE31}.Release|Any CPU.Build.0 = Release|Any CPU
		{EFF22F07-13A0-4570-B879-6F981C15EE31}.Release|x64.ActiveCfg = Release|Any CPU
		{EFF22F07-13A0-4570-B879-6F981C15EE31}.Release|x64.Build.0 = Release|Any CPU
		{EFF22F07-13A0-4570-B879-6F981C15EE31}.Release|x86.ActiveCfg = Release|Any CPU
		{EFF22F07-13A0-4570-B879-6F981C15EE31}.Release|x86.Build.0 = Release|Any CPU
		{EFF22F07-13A0-4570-B879-6F981C15EE31}.WindowsDebug|Any CPU.ActiveCfg = Debug|Any CPU
		{EFF22F07-13A0-4570-B879-6F981C15EE31}.WindowsDebug|Any CPU.Build.0 = Debug|Any CPU
		{EFF22F07-13A0-4570-B879-6F981C15EE31}.WindowsDebug|x64.ActiveCfg = Debug|Any CPU
		{EFF22F07-13A0-4570-B879-6F981C15EE31}.WindowsDebug|x64.Build.0 = Debug|Any CPU
		{EFF22F07-13A0-4570-B879-6F981C15EE31}.WindowsDebug|x86.ActiveCfg = Debug|Any CPU
		{EFF22F07-13A0-4570-B879-6F981C15EE31}.WindowsDebug|x86.Build.0 = Debug|Any CPU
		{EFF22F07-13A0-4570-B879-6F981C15EE31}.WindowsRelease|Any CPU.ActiveCfg = Release|Any CPU
		{EFF22F07-13A0-4570-B879-6F981C15EE31}.WindowsRelease|Any CPU.Build.0 = Release|Any CPU
		{EFF22F07-13A0-4570-B879-6F981C15EE31}.WindowsRelease|x64.ActiveCfg = Release|Any CPU
		{EFF22F07-13A0-4570-B879-6F981C15EE31}.WindowsRelease|x64.Build.0 = Release|Any CPU
		{EFF22F07-13A0-4570-B879-6F981C15EE31}.WindowsRelease|x86.ActiveCfg = Release|Any CPU
		{EFF22F07-13A0-4570-B879-6F981C15EE31}.WindowsRelease|x86.Build.0 = Release|Any CPU
		{4CC136C0-6662-4E03-889E-01FF8E478EE1}.Debug|Any CPU.ActiveCfg = Debug|Any CPU
		{4CC136C0-6662-4E03-889E-01FF8E478EE1}.Debug|Any CPU.Build.0 = Debug|Any CPU
		{4CC136C0-6662-4E03-889E-01FF8E478EE1}.Debug|x64.ActiveCfg = Debug|Any CPU
		{4CC136C0-6662-4E03-889E-01FF8E478EE1}.Debug|x64.Build.0 = Debug|Any CPU
		{4CC136C0-6662-4E03-889E-01FF8E478EE1}.Debug|x86.ActiveCfg = Debug|Any CPU
		{4CC136C0-6662-4E03-889E-01FF8E478EE1}.Debug|x86.Build.0 = Debug|Any CPU
		{4CC136C0-6662-4E03-889E-01FF8E478EE1}.LinuxDebug|Any CPU.ActiveCfg = Debug|Any CPU
		{4CC136C0-6662-4E03-889E-01FF8E478EE1}.LinuxDebug|Any CPU.Build.0 = Debug|Any CPU
		{4CC136C0-6662-4E03-889E-01FF8E478EE1}.LinuxDebug|x64.ActiveCfg = Debug|Any CPU
		{4CC136C0-6662-4E03-889E-01FF8E478EE1}.LinuxDebug|x64.Build.0 = Debug|Any CPU
		{4CC136C0-6662-4E03-889E-01FF8E478EE1}.LinuxDebug|x86.ActiveCfg = Debug|Any CPU
		{4CC136C0-6662-4E03-889E-01FF8E478EE1}.LinuxDebug|x86.Build.0 = Debug|Any CPU
		{4CC136C0-6662-4E03-889E-01FF8E478EE1}.LinuxRelease|Any CPU.ActiveCfg = Release|Any CPU
		{4CC136C0-6662-4E03-889E-01FF8E478EE1}.LinuxRelease|Any CPU.Build.0 = Release|Any CPU
		{4CC136C0-6662-4E03-889E-01FF8E478EE1}.LinuxRelease|x64.ActiveCfg = Release|Any CPU
		{4CC136C0-6662-4E03-889E-01FF8E478EE1}.LinuxRelease|x64.Build.0 = Release|Any CPU
		{4CC136C0-6662-4E03-889E-01FF8E478EE1}.LinuxRelease|x86.ActiveCfg = Release|Any CPU
		{4CC136C0-6662-4E03-889E-01FF8E478EE1}.LinuxRelease|x86.Build.0 = Release|Any CPU
		{4CC136C0-6662-4E03-889E-01FF8E478EE1}.Release|Any CPU.ActiveCfg = Release|Any CPU
		{4CC136C0-6662-4E03-889E-01FF8E478EE1}.Release|Any CPU.Build.0 = Release|Any CPU
		{4CC136C0-6662-4E03-889E-01FF8E478EE1}.Release|x64.ActiveCfg = Release|Any CPU
		{4CC136C0-6662-4E03-889E-01FF8E478EE1}.Release|x64.Build.0 = Release|Any CPU
		{4CC136C0-6662-4E03-889E-01FF8E478EE1}.Release|x86.ActiveCfg = Release|Any CPU
		{4CC136C0-6662-4E03-889E-01FF8E478EE1}.Release|x86.Build.0 = Release|Any CPU
		{4CC136C0-6662-4E03-889E-01FF8E478EE1}.WindowsDebug|Any CPU.ActiveCfg = Debug|Any CPU
		{4CC136C0-6662-4E03-889E-01FF8E478EE1}.WindowsDebug|Any CPU.Build.0 = Debug|Any CPU
		{4CC136C0-6662-4E03-889E-01FF8E478EE1}.WindowsDebug|x64.ActiveCfg = Debug|Any CPU
		{4CC136C0-6662-4E03-889E-01FF8E478EE1}.WindowsDebug|x64.Build.0 = Debug|Any CPU
		{4CC136C0-6662-4E03-889E-01FF8E478EE1}.WindowsDebug|x86.ActiveCfg = Debug|Any CPU
		{4CC136C0-6662-4E03-889E-01FF8E478EE1}.WindowsDebug|x86.Build.0 = Debug|Any CPU
		{4CC136C0-6662-4E03-889E-01FF8E478EE1}.WindowsRelease|Any CPU.ActiveCfg = Release|Any CPU
		{4CC136C0-6662-4E03-889E-01FF8E478EE1}.WindowsRelease|Any CPU.Build.0 = Release|Any CPU
		{4CC136C0-6662-4E03-889E-01FF8E478EE1}.WindowsRelease|x64.ActiveCfg = Release|Any CPU
		{4CC136C0-6662-4E03-889E-01FF8E478EE1}.WindowsRelease|x64.Build.0 = Release|Any CPU
		{4CC136C0-6662-4E03-889E-01FF8E478EE1}.WindowsRelease|x86.ActiveCfg = Release|Any CPU
		{4CC136C0-6662-4E03-889E-01FF8E478EE1}.WindowsRelease|x86.Build.0 = Release|Any CPU
		{1FD1AD15-5CDF-4C99-B969-AE7E3596EA0C}.Debug|Any CPU.ActiveCfg = Debug|Any CPU
		{1FD1AD15-5CDF-4C99-B969-AE7E3596EA0C}.Debug|Any CPU.Build.0 = Debug|Any CPU
		{1FD1AD15-5CDF-4C99-B969-AE7E3596EA0C}.Debug|x64.ActiveCfg = Debug|Any CPU
		{1FD1AD15-5CDF-4C99-B969-AE7E3596EA0C}.Debug|x64.Build.0 = Debug|Any CPU
		{1FD1AD15-5CDF-4C99-B969-AE7E3596EA0C}.Debug|x86.ActiveCfg = Debug|Any CPU
		{1FD1AD15-5CDF-4C99-B969-AE7E3596EA0C}.Debug|x86.Build.0 = Debug|Any CPU
		{1FD1AD15-5CDF-4C99-B969-AE7E3596EA0C}.LinuxDebug|Any CPU.ActiveCfg = Debug|Any CPU
		{1FD1AD15-5CDF-4C99-B969-AE7E3596EA0C}.LinuxDebug|Any CPU.Build.0 = Debug|Any CPU
		{1FD1AD15-5CDF-4C99-B969-AE7E3596EA0C}.LinuxDebug|x64.ActiveCfg = Debug|Any CPU
		{1FD1AD15-5CDF-4C99-B969-AE7E3596EA0C}.LinuxDebug|x64.Build.0 = Debug|Any CPU
		{1FD1AD15-5CDF-4C99-B969-AE7E3596EA0C}.LinuxDebug|x86.ActiveCfg = Debug|Any CPU
		{1FD1AD15-5CDF-4C99-B969-AE7E3596EA0C}.LinuxDebug|x86.Build.0 = Debug|Any CPU
		{1FD1AD15-5CDF-4C99-B969-AE7E3596EA0C}.LinuxRelease|Any CPU.ActiveCfg = Release|Any CPU
		{1FD1AD15-5CDF-4C99-B969-AE7E3596EA0C}.LinuxRelease|Any CPU.Build.0 = Release|Any CPU
		{1FD1AD15-5CDF-4C99-B969-AE7E3596EA0C}.LinuxRelease|x64.ActiveCfg = Release|Any CPU
		{1FD1AD15-5CDF-4C99-B969-AE7E3596EA0C}.LinuxRelease|x64.Build.0 = Release|Any CPU
		{1FD1AD15-5CDF-4C99-B969-AE7E3596EA0C}.LinuxRelease|x86.ActiveCfg = Release|Any CPU
		{1FD1AD15-5CDF-4C99-B969-AE7E3596EA0C}.LinuxRelease|x86.Build.0 = Release|Any CPU
		{1FD1AD15-5CDF-4C99-B969-AE7E3596EA0C}.Release|Any CPU.ActiveCfg = Release|Any CPU
		{1FD1AD15-5CDF-4C99-B969-AE7E3596EA0C}.Release|Any CPU.Build.0 = Release|Any CPU
		{1FD1AD15-5CDF-4C99-B969-AE7E3596EA0C}.Release|x64.ActiveCfg = Release|Any CPU
		{1FD1AD15-5CDF-4C99-B969-AE7E3596EA0C}.Release|x64.Build.0 = Release|Any CPU
		{1FD1AD15-5CDF-4C99-B969-AE7E3596EA0C}.Release|x86.ActiveCfg = Release|Any CPU
		{1FD1AD15-5CDF-4C99-B969-AE7E3596EA0C}.Release|x86.Build.0 = Release|Any CPU
		{1FD1AD15-5CDF-4C99-B969-AE7E3596EA0C}.WindowsDebug|Any CPU.ActiveCfg = Debug|Any CPU
		{1FD1AD15-5CDF-4C99-B969-AE7E3596EA0C}.WindowsDebug|Any CPU.Build.0 = Debug|Any CPU
		{1FD1AD15-5CDF-4C99-B969-AE7E3596EA0C}.WindowsDebug|x64.ActiveCfg = Debug|Any CPU
		{1FD1AD15-5CDF-4C99-B969-AE7E3596EA0C}.WindowsDebug|x64.Build.0 = Debug|Any CPU
		{1FD1AD15-5CDF-4C99-B969-AE7E3596EA0C}.WindowsDebug|x86.ActiveCfg = Debug|Any CPU
		{1FD1AD15-5CDF-4C99-B969-AE7E3596EA0C}.WindowsDebug|x86.Build.0 = Debug|Any CPU
		{1FD1AD15-5CDF-4C99-B969-AE7E3596EA0C}.WindowsRelease|Any CPU.ActiveCfg = Release|Any CPU
		{1FD1AD15-5CDF-4C99-B969-AE7E3596EA0C}.WindowsRelease|Any CPU.Build.0 = Release|Any CPU
		{1FD1AD15-5CDF-4C99-B969-AE7E3596EA0C}.WindowsRelease|x64.ActiveCfg = Release|Any CPU
		{1FD1AD15-5CDF-4C99-B969-AE7E3596EA0C}.WindowsRelease|x64.Build.0 = Release|Any CPU
		{1FD1AD15-5CDF-4C99-B969-AE7E3596EA0C}.WindowsRelease|x86.ActiveCfg = Release|Any CPU
		{1FD1AD15-5CDF-4C99-B969-AE7E3596EA0C}.WindowsRelease|x86.Build.0 = Release|Any CPU
		{82EB0A7C-6D46-40CA-8B59-94C7D4E33DDA}.Debug|Any CPU.ActiveCfg = Debug|Any CPU
		{82EB0A7C-6D46-40CA-8B59-94C7D4E33DDA}.Debug|Any CPU.Build.0 = Debug|Any CPU
		{82EB0A7C-6D46-40CA-8B59-94C7D4E33DDA}.Debug|x64.ActiveCfg = Debug|Any CPU
		{82EB0A7C-6D46-40CA-8B59-94C7D4E33DDA}.Debug|x64.Build.0 = Debug|Any CPU
		{82EB0A7C-6D46-40CA-8B59-94C7D4E33DDA}.Debug|x86.ActiveCfg = Debug|Any CPU
		{82EB0A7C-6D46-40CA-8B59-94C7D4E33DDA}.Debug|x86.Build.0 = Debug|Any CPU
		{82EB0A7C-6D46-40CA-8B59-94C7D4E33DDA}.LinuxDebug|Any CPU.ActiveCfg = Debug|Any CPU
		{82EB0A7C-6D46-40CA-8B59-94C7D4E33DDA}.LinuxDebug|Any CPU.Build.0 = Debug|Any CPU
		{82EB0A7C-6D46-40CA-8B59-94C7D4E33DDA}.LinuxDebug|x64.ActiveCfg = Debug|Any CPU
		{82EB0A7C-6D46-40CA-8B59-94C7D4E33DDA}.LinuxDebug|x64.Build.0 = Debug|Any CPU
		{82EB0A7C-6D46-40CA-8B59-94C7D4E33DDA}.LinuxDebug|x86.ActiveCfg = Debug|Any CPU
		{82EB0A7C-6D46-40CA-8B59-94C7D4E33DDA}.LinuxDebug|x86.Build.0 = Debug|Any CPU
		{82EB0A7C-6D46-40CA-8B59-94C7D4E33DDA}.LinuxRelease|Any CPU.ActiveCfg = Release|Any CPU
		{82EB0A7C-6D46-40CA-8B59-94C7D4E33DDA}.LinuxRelease|Any CPU.Build.0 = Release|Any CPU
		{82EB0A7C-6D46-40CA-8B59-94C7D4E33DDA}.LinuxRelease|x64.ActiveCfg = Release|Any CPU
		{82EB0A7C-6D46-40CA-8B59-94C7D4E33DDA}.LinuxRelease|x64.Build.0 = Release|Any CPU
		{82EB0A7C-6D46-40CA-8B59-94C7D4E33DDA}.LinuxRelease|x86.ActiveCfg = Release|Any CPU
		{82EB0A7C-6D46-40CA-8B59-94C7D4E33DDA}.LinuxRelease|x86.Build.0 = Release|Any CPU
		{82EB0A7C-6D46-40CA-8B59-94C7D4E33DDA}.Release|Any CPU.ActiveCfg = Release|Any CPU
		{82EB0A7C-6D46-40CA-8B59-94C7D4E33DDA}.Release|Any CPU.Build.0 = Release|Any CPU
		{82EB0A7C-6D46-40CA-8B59-94C7D4E33DDA}.Release|x64.ActiveCfg = Release|Any CPU
		{82EB0A7C-6D46-40CA-8B59-94C7D4E33DDA}.Release|x64.Build.0 = Release|Any CPU
		{82EB0A7C-6D46-40CA-8B59-94C7D4E33DDA}.Release|x86.ActiveCfg = Release|Any CPU
		{82EB0A7C-6D46-40CA-8B59-94C7D4E33DDA}.Release|x86.Build.0 = Release|Any CPU
		{82EB0A7C-6D46-40CA-8B59-94C7D4E33DDA}.WindowsDebug|Any CPU.ActiveCfg = Debug|Any CPU
		{82EB0A7C-6D46-40CA-8B59-94C7D4E33DDA}.WindowsDebug|Any CPU.Build.0 = Debug|Any CPU
		{82EB0A7C-6D46-40CA-8B59-94C7D4E33DDA}.WindowsDebug|x64.ActiveCfg = Debug|Any CPU
		{82EB0A7C-6D46-40CA-8B59-94C7D4E33DDA}.WindowsDebug|x64.Build.0 = Debug|Any CPU
		{82EB0A7C-6D46-40CA-8B59-94C7D4E33DDA}.WindowsDebug|x86.ActiveCfg = Debug|Any CPU
		{82EB0A7C-6D46-40CA-8B59-94C7D4E33DDA}.WindowsDebug|x86.Build.0 = Debug|Any CPU
		{82EB0A7C-6D46-40CA-8B59-94C7D4E33DDA}.WindowsRelease|Any CPU.ActiveCfg = Release|Any CPU
		{82EB0A7C-6D46-40CA-8B59-94C7D4E33DDA}.WindowsRelease|Any CPU.Build.0 = Release|Any CPU
		{82EB0A7C-6D46-40CA-8B59-94C7D4E33DDA}.WindowsRelease|x64.ActiveCfg = Release|Any CPU
		{82EB0A7C-6D46-40CA-8B59-94C7D4E33DDA}.WindowsRelease|x64.Build.0 = Release|Any CPU
		{82EB0A7C-6D46-40CA-8B59-94C7D4E33DDA}.WindowsRelease|x86.ActiveCfg = Release|Any CPU
		{82EB0A7C-6D46-40CA-8B59-94C7D4E33DDA}.WindowsRelease|x86.Build.0 = Release|Any CPU
		{BF178B7E-2405-4737-AD45-5B5D3AC44598}.Debug|Any CPU.ActiveCfg = Debug|Any CPU
		{BF178B7E-2405-4737-AD45-5B5D3AC44598}.Debug|Any CPU.Build.0 = Debug|Any CPU
		{BF178B7E-2405-4737-AD45-5B5D3AC44598}.Debug|x64.ActiveCfg = Debug|Any CPU
		{BF178B7E-2405-4737-AD45-5B5D3AC44598}.Debug|x64.Build.0 = Debug|Any CPU
		{BF178B7E-2405-4737-AD45-5B5D3AC44598}.Debug|x86.ActiveCfg = Debug|Any CPU
		{BF178B7E-2405-4737-AD45-5B5D3AC44598}.Debug|x86.Build.0 = Debug|Any CPU
		{BF178B7E-2405-4737-AD45-5B5D3AC44598}.LinuxDebug|Any CPU.ActiveCfg = Debug|Any CPU
		{BF178B7E-2405-4737-AD45-5B5D3AC44598}.LinuxDebug|Any CPU.Build.0 = Debug|Any CPU
		{BF178B7E-2405-4737-AD45-5B5D3AC44598}.LinuxDebug|x64.ActiveCfg = Debug|Any CPU
		{BF178B7E-2405-4737-AD45-5B5D3AC44598}.LinuxDebug|x64.Build.0 = Debug|Any CPU
		{BF178B7E-2405-4737-AD45-5B5D3AC44598}.LinuxDebug|x86.ActiveCfg = Debug|Any CPU
		{BF178B7E-2405-4737-AD45-5B5D3AC44598}.LinuxDebug|x86.Build.0 = Debug|Any CPU
		{BF178B7E-2405-4737-AD45-5B5D3AC44598}.LinuxRelease|Any CPU.ActiveCfg = Release|Any CPU
		{BF178B7E-2405-4737-AD45-5B5D3AC44598}.LinuxRelease|Any CPU.Build.0 = Release|Any CPU
		{BF178B7E-2405-4737-AD45-5B5D3AC44598}.LinuxRelease|x64.ActiveCfg = Release|Any CPU
		{BF178B7E-2405-4737-AD45-5B5D3AC44598}.LinuxRelease|x64.Build.0 = Release|Any CPU
		{BF178B7E-2405-4737-AD45-5B5D3AC44598}.LinuxRelease|x86.ActiveCfg = Release|Any CPU
		{BF178B7E-2405-4737-AD45-5B5D3AC44598}.LinuxRelease|x86.Build.0 = Release|Any CPU
		{BF178B7E-2405-4737-AD45-5B5D3AC44598}.Release|Any CPU.ActiveCfg = Release|Any CPU
		{BF178B7E-2405-4737-AD45-5B5D3AC44598}.Release|Any CPU.Build.0 = Release|Any CPU
		{BF178B7E-2405-4737-AD45-5B5D3AC44598}.Release|x64.ActiveCfg = Release|Any CPU
		{BF178B7E-2405-4737-AD45-5B5D3AC44598}.Release|x64.Build.0 = Release|Any CPU
		{BF178B7E-2405-4737-AD45-5B5D3AC44598}.Release|x86.ActiveCfg = Release|Any CPU
		{BF178B7E-2405-4737-AD45-5B5D3AC44598}.Release|x86.Build.0 = Release|Any CPU
		{BF178B7E-2405-4737-AD45-5B5D3AC44598}.WindowsDebug|Any CPU.ActiveCfg = Debug|Any CPU
		{BF178B7E-2405-4737-AD45-5B5D3AC44598}.WindowsDebug|Any CPU.Build.0 = Debug|Any CPU
		{BF178B7E-2405-4737-AD45-5B5D3AC44598}.WindowsDebug|x64.ActiveCfg = Debug|Any CPU
		{BF178B7E-2405-4737-AD45-5B5D3AC44598}.WindowsDebug|x64.Build.0 = Debug|Any CPU
		{BF178B7E-2405-4737-AD45-5B5D3AC44598}.WindowsDebug|x86.ActiveCfg = Debug|Any CPU
		{BF178B7E-2405-4737-AD45-5B5D3AC44598}.WindowsDebug|x86.Build.0 = Debug|Any CPU
		{BF178B7E-2405-4737-AD45-5B5D3AC44598}.WindowsRelease|Any CPU.ActiveCfg = Release|Any CPU
		{BF178B7E-2405-4737-AD45-5B5D3AC44598}.WindowsRelease|Any CPU.Build.0 = Release|Any CPU
		{BF178B7E-2405-4737-AD45-5B5D3AC44598}.WindowsRelease|x64.ActiveCfg = Release|Any CPU
		{BF178B7E-2405-4737-AD45-5B5D3AC44598}.WindowsRelease|x64.Build.0 = Release|Any CPU
		{BF178B7E-2405-4737-AD45-5B5D3AC44598}.WindowsRelease|x86.ActiveCfg = Release|Any CPU
		{BF178B7E-2405-4737-AD45-5B5D3AC44598}.WindowsRelease|x86.Build.0 = Release|Any CPU
		{663DCD64-1820-411A-BEFB-D982CDA00C25}.Debug|Any CPU.ActiveCfg = Debug|Any CPU
		{663DCD64-1820-411A-BEFB-D982CDA00C25}.Debug|Any CPU.Build.0 = Debug|Any CPU
		{663DCD64-1820-411A-BEFB-D982CDA00C25}.Debug|x64.ActiveCfg = Debug|Any CPU
		{663DCD64-1820-411A-BEFB-D982CDA00C25}.Debug|x64.Build.0 = Debug|Any CPU
		{663DCD64-1820-411A-BEFB-D982CDA00C25}.Debug|x86.ActiveCfg = Debug|Any CPU
		{663DCD64-1820-411A-BEFB-D982CDA00C25}.Debug|x86.Build.0 = Debug|Any CPU
		{663DCD64-1820-411A-BEFB-D982CDA00C25}.LinuxDebug|Any CPU.ActiveCfg = Debug|Any CPU
		{663DCD64-1820-411A-BEFB-D982CDA00C25}.LinuxDebug|Any CPU.Build.0 = Debug|Any CPU
		{663DCD64-1820-411A-BEFB-D982CDA00C25}.LinuxDebug|x64.ActiveCfg = Debug|Any CPU
		{663DCD64-1820-411A-BEFB-D982CDA00C25}.LinuxDebug|x64.Build.0 = Debug|Any CPU
		{663DCD64-1820-411A-BEFB-D982CDA00C25}.LinuxDebug|x86.ActiveCfg = Debug|Any CPU
		{663DCD64-1820-411A-BEFB-D982CDA00C25}.LinuxDebug|x86.Build.0 = Debug|Any CPU
		{663DCD64-1820-411A-BEFB-D982CDA00C25}.LinuxRelease|Any CPU.ActiveCfg = Release|Any CPU
		{663DCD64-1820-411A-BEFB-D982CDA00C25}.LinuxRelease|Any CPU.Build.0 = Release|Any CPU
		{663DCD64-1820-411A-BEFB-D982CDA00C25}.LinuxRelease|x64.ActiveCfg = Release|Any CPU
		{663DCD64-1820-411A-BEFB-D982CDA00C25}.LinuxRelease|x64.Build.0 = Release|Any CPU
		{663DCD64-1820-411A-BEFB-D982CDA00C25}.LinuxRelease|x86.ActiveCfg = Release|Any CPU
		{663DCD64-1820-411A-BEFB-D982CDA00C25}.LinuxRelease|x86.Build.0 = Release|Any CPU
		{663DCD64-1820-411A-BEFB-D982CDA00C25}.Release|Any CPU.ActiveCfg = Release|Any CPU
		{663DCD64-1820-411A-BEFB-D982CDA00C25}.Release|Any CPU.Build.0 = Release|Any CPU
		{663DCD64-1820-411A-BEFB-D982CDA00C25}.Release|x64.ActiveCfg = Release|Any CPU
		{663DCD64-1820-411A-BEFB-D982CDA00C25}.Release|x64.Build.0 = Release|Any CPU
		{663DCD64-1820-411A-BEFB-D982CDA00C25}.Release|x86.ActiveCfg = Release|Any CPU
		{663DCD64-1820-411A-BEFB-D982CDA00C25}.Release|x86.Build.0 = Release|Any CPU
		{663DCD64-1820-411A-BEFB-D982CDA00C25}.WindowsDebug|Any CPU.ActiveCfg = Debug|Any CPU
		{663DCD64-1820-411A-BEFB-D982CDA00C25}.WindowsDebug|Any CPU.Build.0 = Debug|Any CPU
		{663DCD64-1820-411A-BEFB-D982CDA00C25}.WindowsDebug|x64.ActiveCfg = Debug|Any CPU
		{663DCD64-1820-411A-BEFB-D982CDA00C25}.WindowsDebug|x64.Build.0 = Debug|Any CPU
		{663DCD64-1820-411A-BEFB-D982CDA00C25}.WindowsDebug|x86.ActiveCfg = Debug|Any CPU
		{663DCD64-1820-411A-BEFB-D982CDA00C25}.WindowsDebug|x86.Build.0 = Debug|Any CPU
		{663DCD64-1820-411A-BEFB-D982CDA00C25}.WindowsRelease|Any CPU.ActiveCfg = Release|Any CPU
		{663DCD64-1820-411A-BEFB-D982CDA00C25}.WindowsRelease|Any CPU.Build.0 = Release|Any CPU
		{663DCD64-1820-411A-BEFB-D982CDA00C25}.WindowsRelease|x64.ActiveCfg = Release|Any CPU
		{663DCD64-1820-411A-BEFB-D982CDA00C25}.WindowsRelease|x64.Build.0 = Release|Any CPU
		{663DCD64-1820-411A-BEFB-D982CDA00C25}.WindowsRelease|x86.ActiveCfg = Release|Any CPU
		{663DCD64-1820-411A-BEFB-D982CDA00C25}.WindowsRelease|x86.Build.0 = Release|Any CPU
		{6E668400-80C2-431A-847A-E6FAE75C5219}.Debug|Any CPU.ActiveCfg = Debug|Any CPU
		{6E668400-80C2-431A-847A-E6FAE75C5219}.Debug|Any CPU.Build.0 = Debug|Any CPU
		{6E668400-80C2-431A-847A-E6FAE75C5219}.Debug|x64.ActiveCfg = Debug|Any CPU
		{6E668400-80C2-431A-847A-E6FAE75C5219}.Debug|x64.Build.0 = Debug|Any CPU
		{6E668400-80C2-431A-847A-E6FAE75C5219}.Debug|x86.ActiveCfg = Debug|Any CPU
		{6E668400-80C2-431A-847A-E6FAE75C5219}.Debug|x86.Build.0 = Debug|Any CPU
		{6E668400-80C2-431A-847A-E6FAE75C5219}.LinuxDebug|Any CPU.ActiveCfg = Debug|Any CPU
		{6E668400-80C2-431A-847A-E6FAE75C5219}.LinuxDebug|Any CPU.Build.0 = Debug|Any CPU
		{6E668400-80C2-431A-847A-E6FAE75C5219}.LinuxDebug|x64.ActiveCfg = Debug|Any CPU
		{6E668400-80C2-431A-847A-E6FAE75C5219}.LinuxDebug|x64.Build.0 = Debug|Any CPU
		{6E668400-80C2-431A-847A-E6FAE75C5219}.LinuxDebug|x86.ActiveCfg = Debug|Any CPU
		{6E668400-80C2-431A-847A-E6FAE75C5219}.LinuxDebug|x86.Build.0 = Debug|Any CPU
		{6E668400-80C2-431A-847A-E6FAE75C5219}.LinuxRelease|Any CPU.ActiveCfg = Release|Any CPU
		{6E668400-80C2-431A-847A-E6FAE75C5219}.LinuxRelease|Any CPU.Build.0 = Release|Any CPU
		{6E668400-80C2-431A-847A-E6FAE75C5219}.LinuxRelease|x64.ActiveCfg = Release|Any CPU
		{6E668400-80C2-431A-847A-E6FAE75C5219}.LinuxRelease|x64.Build.0 = Release|Any CPU
		{6E668400-80C2-431A-847A-E6FAE75C5219}.LinuxRelease|x86.ActiveCfg = Release|Any CPU
		{6E668400-80C2-431A-847A-E6FAE75C5219}.LinuxRelease|x86.Build.0 = Release|Any CPU
		{6E668400-80C2-431A-847A-E6FAE75C5219}.Release|Any CPU.ActiveCfg = Release|Any CPU
		{6E668400-80C2-431A-847A-E6FAE75C5219}.Release|Any CPU.Build.0 = Release|Any CPU
		{6E668400-80C2-431A-847A-E6FAE75C5219}.Release|x64.ActiveCfg = Release|Any CPU
		{6E668400-80C2-431A-847A-E6FAE75C5219}.Release|x64.Build.0 = Release|Any CPU
		{6E668400-80C2-431A-847A-E6FAE75C5219}.Release|x86.ActiveCfg = Release|Any CPU
		{6E668400-80C2-431A-847A-E6FAE75C5219}.Release|x86.Build.0 = Release|Any CPU
		{6E668400-80C2-431A-847A-E6FAE75C5219}.WindowsDebug|Any CPU.ActiveCfg = Debug|Any CPU
		{6E668400-80C2-431A-847A-E6FAE75C5219}.WindowsDebug|Any CPU.Build.0 = Debug|Any CPU
		{6E668400-80C2-431A-847A-E6FAE75C5219}.WindowsDebug|x64.ActiveCfg = Debug|Any CPU
		{6E668400-80C2-431A-847A-E6FAE75C5219}.WindowsDebug|x64.Build.0 = Debug|Any CPU
		{6E668400-80C2-431A-847A-E6FAE75C5219}.WindowsDebug|x86.ActiveCfg = Debug|Any CPU
		{6E668400-80C2-431A-847A-E6FAE75C5219}.WindowsDebug|x86.Build.0 = Debug|Any CPU
		{6E668400-80C2-431A-847A-E6FAE75C5219}.WindowsRelease|Any CPU.ActiveCfg = Release|Any CPU
		{6E668400-80C2-431A-847A-E6FAE75C5219}.WindowsRelease|Any CPU.Build.0 = Release|Any CPU
		{6E668400-80C2-431A-847A-E6FAE75C5219}.WindowsRelease|x64.ActiveCfg = Release|Any CPU
		{6E668400-80C2-431A-847A-E6FAE75C5219}.WindowsRelease|x64.Build.0 = Release|Any CPU
		{6E668400-80C2-431A-847A-E6FAE75C5219}.WindowsRelease|x86.ActiveCfg = Release|Any CPU
		{6E668400-80C2-431A-847A-E6FAE75C5219}.WindowsRelease|x86.Build.0 = Release|Any CPU
		{2614DDB4-6FB8-4221-9541-E77341901C3D}.Debug|Any CPU.ActiveCfg = Debug|Any CPU
		{2614DDB4-6FB8-4221-9541-E77341901C3D}.Debug|Any CPU.Build.0 = Debug|Any CPU
		{2614DDB4-6FB8-4221-9541-E77341901C3D}.Debug|x64.ActiveCfg = Debug|Any CPU
		{2614DDB4-6FB8-4221-9541-E77341901C3D}.Debug|x64.Build.0 = Debug|Any CPU
		{2614DDB4-6FB8-4221-9541-E77341901C3D}.Debug|x86.ActiveCfg = Debug|Any CPU
		{2614DDB4-6FB8-4221-9541-E77341901C3D}.Debug|x86.Build.0 = Debug|Any CPU
		{2614DDB4-6FB8-4221-9541-E77341901C3D}.LinuxDebug|Any CPU.ActiveCfg = Debug|Any CPU
		{2614DDB4-6FB8-4221-9541-E77341901C3D}.LinuxDebug|Any CPU.Build.0 = Debug|Any CPU
		{2614DDB4-6FB8-4221-9541-E77341901C3D}.LinuxDebug|x64.ActiveCfg = Debug|Any CPU
		{2614DDB4-6FB8-4221-9541-E77341901C3D}.LinuxDebug|x64.Build.0 = Debug|Any CPU
		{2614DDB4-6FB8-4221-9541-E77341901C3D}.LinuxDebug|x86.ActiveCfg = Debug|Any CPU
		{2614DDB4-6FB8-4221-9541-E77341901C3D}.LinuxDebug|x86.Build.0 = Debug|Any CPU
		{2614DDB4-6FB8-4221-9541-E77341901C3D}.LinuxRelease|Any CPU.ActiveCfg = Release|Any CPU
		{2614DDB4-6FB8-4221-9541-E77341901C3D}.LinuxRelease|Any CPU.Build.0 = Release|Any CPU
		{2614DDB4-6FB8-4221-9541-E77341901C3D}.LinuxRelease|x64.ActiveCfg = Release|Any CPU
		{2614DDB4-6FB8-4221-9541-E77341901C3D}.LinuxRelease|x64.Build.0 = Release|Any CPU
		{2614DDB4-6FB8-4221-9541-E77341901C3D}.LinuxRelease|x86.ActiveCfg = Release|Any CPU
		{2614DDB4-6FB8-4221-9541-E77341901C3D}.LinuxRelease|x86.Build.0 = Release|Any CPU
		{2614DDB4-6FB8-4221-9541-E77341901C3D}.Release|Any CPU.ActiveCfg = Release|Any CPU
		{2614DDB4-6FB8-4221-9541-E77341901C3D}.Release|Any CPU.Build.0 = Release|Any CPU
		{2614DDB4-6FB8-4221-9541-E77341901C3D}.Release|x64.ActiveCfg = Release|Any CPU
		{2614DDB4-6FB8-4221-9541-E77341901C3D}.Release|x64.Build.0 = Release|Any CPU
		{2614DDB4-6FB8-4221-9541-E77341901C3D}.Release|x86.ActiveCfg = Release|Any CPU
		{2614DDB4-6FB8-4221-9541-E77341901C3D}.Release|x86.Build.0 = Release|Any CPU
		{2614DDB4-6FB8-4221-9541-E77341901C3D}.WindowsDebug|Any CPU.ActiveCfg = Debug|Any CPU
		{2614DDB4-6FB8-4221-9541-E77341901C3D}.WindowsDebug|Any CPU.Build.0 = Debug|Any CPU
		{2614DDB4-6FB8-4221-9541-E77341901C3D}.WindowsDebug|x64.ActiveCfg = Debug|Any CPU
		{2614DDB4-6FB8-4221-9541-E77341901C3D}.WindowsDebug|x64.Build.0 = Debug|Any CPU
		{2614DDB4-6FB8-4221-9541-E77341901C3D}.WindowsDebug|x86.ActiveCfg = Debug|Any CPU
		{2614DDB4-6FB8-4221-9541-E77341901C3D}.WindowsDebug|x86.Build.0 = Debug|Any CPU
		{2614DDB4-6FB8-4221-9541-E77341901C3D}.WindowsRelease|Any CPU.ActiveCfg = Release|Any CPU
		{2614DDB4-6FB8-4221-9541-E77341901C3D}.WindowsRelease|Any CPU.Build.0 = Release|Any CPU
		{2614DDB4-6FB8-4221-9541-E77341901C3D}.WindowsRelease|x64.ActiveCfg = Release|Any CPU
		{2614DDB4-6FB8-4221-9541-E77341901C3D}.WindowsRelease|x64.Build.0 = Release|Any CPU
		{2614DDB4-6FB8-4221-9541-E77341901C3D}.WindowsRelease|x86.ActiveCfg = Release|Any CPU
		{2614DDB4-6FB8-4221-9541-E77341901C3D}.WindowsRelease|x86.Build.0 = Release|Any CPU
		{525CA781-B1EC-47AD-B981-0718D4D4A4EB}.Debug|Any CPU.ActiveCfg = Debug|Any CPU
		{525CA781-B1EC-47AD-B981-0718D4D4A4EB}.Debug|Any CPU.Build.0 = Debug|Any CPU
		{525CA781-B1EC-47AD-B981-0718D4D4A4EB}.Debug|x64.ActiveCfg = Debug|Any CPU
		{525CA781-B1EC-47AD-B981-0718D4D4A4EB}.Debug|x64.Build.0 = Debug|Any CPU
		{525CA781-B1EC-47AD-B981-0718D4D4A4EB}.Debug|x86.ActiveCfg = Debug|Any CPU
		{525CA781-B1EC-47AD-B981-0718D4D4A4EB}.Debug|x86.Build.0 = Debug|Any CPU
		{525CA781-B1EC-47AD-B981-0718D4D4A4EB}.LinuxDebug|Any CPU.ActiveCfg = Debug|Any CPU
		{525CA781-B1EC-47AD-B981-0718D4D4A4EB}.LinuxDebug|Any CPU.Build.0 = Debug|Any CPU
		{525CA781-B1EC-47AD-B981-0718D4D4A4EB}.LinuxDebug|x64.ActiveCfg = Debug|Any CPU
		{525CA781-B1EC-47AD-B981-0718D4D4A4EB}.LinuxDebug|x64.Build.0 = Debug|Any CPU
		{525CA781-B1EC-47AD-B981-0718D4D4A4EB}.LinuxDebug|x86.ActiveCfg = Debug|Any CPU
		{525CA781-B1EC-47AD-B981-0718D4D4A4EB}.LinuxDebug|x86.Build.0 = Debug|Any CPU
		{525CA781-B1EC-47AD-B981-0718D4D4A4EB}.LinuxRelease|Any CPU.ActiveCfg = Release|Any CPU
		{525CA781-B1EC-47AD-B981-0718D4D4A4EB}.LinuxRelease|Any CPU.Build.0 = Release|Any CPU
		{525CA781-B1EC-47AD-B981-0718D4D4A4EB}.LinuxRelease|x64.ActiveCfg = Release|Any CPU
		{525CA781-B1EC-47AD-B981-0718D4D4A4EB}.LinuxRelease|x64.Build.0 = Release|Any CPU
		{525CA781-B1EC-47AD-B981-0718D4D4A4EB}.LinuxRelease|x86.ActiveCfg = Release|Any CPU
		{525CA781-B1EC-47AD-B981-0718D4D4A4EB}.LinuxRelease|x86.Build.0 = Release|Any CPU
		{525CA781-B1EC-47AD-B981-0718D4D4A4EB}.Release|Any CPU.ActiveCfg = Release|Any CPU
		{525CA781-B1EC-47AD-B981-0718D4D4A4EB}.Release|Any CPU.Build.0 = Release|Any CPU
		{525CA781-B1EC-47AD-B981-0718D4D4A4EB}.Release|x64.ActiveCfg = Release|Any CPU
		{525CA781-B1EC-47AD-B981-0718D4D4A4EB}.Release|x64.Build.0 = Release|Any CPU
		{525CA781-B1EC-47AD-B981-0718D4D4A4EB}.Release|x86.ActiveCfg = Release|Any CPU
		{525CA781-B1EC-47AD-B981-0718D4D4A4EB}.Release|x86.Build.0 = Release|Any CPU
		{525CA781-B1EC-47AD-B981-0718D4D4A4EB}.WindowsDebug|Any CPU.ActiveCfg = Debug|Any CPU
		{525CA781-B1EC-47AD-B981-0718D4D4A4EB}.WindowsDebug|Any CPU.Build.0 = Debug|Any CPU
		{525CA781-B1EC-47AD-B981-0718D4D4A4EB}.WindowsDebug|x64.ActiveCfg = Debug|Any CPU
		{525CA781-B1EC-47AD-B981-0718D4D4A4EB}.WindowsDebug|x64.Build.0 = Debug|Any CPU
		{525CA781-B1EC-47AD-B981-0718D4D4A4EB}.WindowsDebug|x86.ActiveCfg = Debug|Any CPU
		{525CA781-B1EC-47AD-B981-0718D4D4A4EB}.WindowsDebug|x86.Build.0 = Debug|Any CPU
		{525CA781-B1EC-47AD-B981-0718D4D4A4EB}.WindowsRelease|Any CPU.ActiveCfg = Release|Any CPU
		{525CA781-B1EC-47AD-B981-0718D4D4A4EB}.WindowsRelease|Any CPU.Build.0 = Release|Any CPU
		{525CA781-B1EC-47AD-B981-0718D4D4A4EB}.WindowsRelease|x64.ActiveCfg = Release|Any CPU
		{525CA781-B1EC-47AD-B981-0718D4D4A4EB}.WindowsRelease|x64.Build.0 = Release|Any CPU
		{525CA781-B1EC-47AD-B981-0718D4D4A4EB}.WindowsRelease|x86.ActiveCfg = Release|Any CPU
		{525CA781-B1EC-47AD-B981-0718D4D4A4EB}.WindowsRelease|x86.Build.0 = Release|Any CPU
		{CD3282AC-7278-4F7B-9CE2-31964D994105}.Debug|Any CPU.ActiveCfg = Debug|Any CPU
		{CD3282AC-7278-4F7B-9CE2-31964D994105}.Debug|Any CPU.Build.0 = Debug|Any CPU
		{CD3282AC-7278-4F7B-9CE2-31964D994105}.Debug|x64.ActiveCfg = Debug|Any CPU
		{CD3282AC-7278-4F7B-9CE2-31964D994105}.Debug|x64.Build.0 = Debug|Any CPU
		{CD3282AC-7278-4F7B-9CE2-31964D994105}.Debug|x86.ActiveCfg = Debug|Any CPU
		{CD3282AC-7278-4F7B-9CE2-31964D994105}.Debug|x86.Build.0 = Debug|Any CPU
		{CD3282AC-7278-4F7B-9CE2-31964D994105}.LinuxDebug|Any CPU.ActiveCfg = Debug|Any CPU
		{CD3282AC-7278-4F7B-9CE2-31964D994105}.LinuxDebug|Any CPU.Build.0 = Debug|Any CPU
		{CD3282AC-7278-4F7B-9CE2-31964D994105}.LinuxDebug|x64.ActiveCfg = Debug|Any CPU
		{CD3282AC-7278-4F7B-9CE2-31964D994105}.LinuxDebug|x64.Build.0 = Debug|Any CPU
		{CD3282AC-7278-4F7B-9CE2-31964D994105}.LinuxDebug|x86.ActiveCfg = Debug|Any CPU
		{CD3282AC-7278-4F7B-9CE2-31964D994105}.LinuxDebug|x86.Build.0 = Debug|Any CPU
		{CD3282AC-7278-4F7B-9CE2-31964D994105}.LinuxRelease|Any CPU.ActiveCfg = Release|Any CPU
		{CD3282AC-7278-4F7B-9CE2-31964D994105}.LinuxRelease|Any CPU.Build.0 = Release|Any CPU
		{CD3282AC-7278-4F7B-9CE2-31964D994105}.LinuxRelease|x64.ActiveCfg = Release|Any CPU
		{CD3282AC-7278-4F7B-9CE2-31964D994105}.LinuxRelease|x64.Build.0 = Release|Any CPU
		{CD3282AC-7278-4F7B-9CE2-31964D994105}.LinuxRelease|x86.ActiveCfg = Release|Any CPU
		{CD3282AC-7278-4F7B-9CE2-31964D994105}.LinuxRelease|x86.Build.0 = Release|Any CPU
		{CD3282AC-7278-4F7B-9CE2-31964D994105}.Release|Any CPU.ActiveCfg = Release|Any CPU
		{CD3282AC-7278-4F7B-9CE2-31964D994105}.Release|Any CPU.Build.0 = Release|Any CPU
		{CD3282AC-7278-4F7B-9CE2-31964D994105}.Release|x64.ActiveCfg = Release|Any CPU
		{CD3282AC-7278-4F7B-9CE2-31964D994105}.Release|x64.Build.0 = Release|Any CPU
		{CD3282AC-7278-4F7B-9CE2-31964D994105}.Release|x86.ActiveCfg = Release|Any CPU
		{CD3282AC-7278-4F7B-9CE2-31964D994105}.Release|x86.Build.0 = Release|Any CPU
		{CD3282AC-7278-4F7B-9CE2-31964D994105}.WindowsDebug|Any CPU.ActiveCfg = Debug|Any CPU
		{CD3282AC-7278-4F7B-9CE2-31964D994105}.WindowsDebug|Any CPU.Build.0 = Debug|Any CPU
		{CD3282AC-7278-4F7B-9CE2-31964D994105}.WindowsDebug|x64.ActiveCfg = Debug|Any CPU
		{CD3282AC-7278-4F7B-9CE2-31964D994105}.WindowsDebug|x64.Build.0 = Debug|Any CPU
		{CD3282AC-7278-4F7B-9CE2-31964D994105}.WindowsDebug|x86.ActiveCfg = Debug|Any CPU
		{CD3282AC-7278-4F7B-9CE2-31964D994105}.WindowsDebug|x86.Build.0 = Debug|Any CPU
		{CD3282AC-7278-4F7B-9CE2-31964D994105}.WindowsRelease|Any CPU.ActiveCfg = Release|Any CPU
		{CD3282AC-7278-4F7B-9CE2-31964D994105}.WindowsRelease|Any CPU.Build.0 = Release|Any CPU
		{CD3282AC-7278-4F7B-9CE2-31964D994105}.WindowsRelease|x64.ActiveCfg = Release|Any CPU
		{CD3282AC-7278-4F7B-9CE2-31964D994105}.WindowsRelease|x64.Build.0 = Release|Any CPU
		{CD3282AC-7278-4F7B-9CE2-31964D994105}.WindowsRelease|x86.ActiveCfg = Release|Any CPU
		{CD3282AC-7278-4F7B-9CE2-31964D994105}.WindowsRelease|x86.Build.0 = Release|Any CPU
		{E71E9931-C1CA-4935-A0A1-E341A15D52BD}.Debug|Any CPU.ActiveCfg = Debug|Any CPU
		{E71E9931-C1CA-4935-A0A1-E341A15D52BD}.Debug|Any CPU.Build.0 = Debug|Any CPU
		{E71E9931-C1CA-4935-A0A1-E341A15D52BD}.Debug|x64.ActiveCfg = Debug|Any CPU
		{E71E9931-C1CA-4935-A0A1-E341A15D52BD}.Debug|x64.Build.0 = Debug|Any CPU
		{E71E9931-C1CA-4935-A0A1-E341A15D52BD}.Debug|x86.ActiveCfg = Debug|Any CPU
		{E71E9931-C1CA-4935-A0A1-E341A15D52BD}.Debug|x86.Build.0 = Debug|Any CPU
		{E71E9931-C1CA-4935-A0A1-E341A15D52BD}.LinuxDebug|Any CPU.ActiveCfg = Debug|Any CPU
		{E71E9931-C1CA-4935-A0A1-E341A15D52BD}.LinuxDebug|Any CPU.Build.0 = Debug|Any CPU
		{E71E9931-C1CA-4935-A0A1-E341A15D52BD}.LinuxDebug|x64.ActiveCfg = Debug|Any CPU
		{E71E9931-C1CA-4935-A0A1-E341A15D52BD}.LinuxDebug|x64.Build.0 = Debug|Any CPU
		{E71E9931-C1CA-4935-A0A1-E341A15D52BD}.LinuxDebug|x86.ActiveCfg = Debug|Any CPU
		{E71E9931-C1CA-4935-A0A1-E341A15D52BD}.LinuxDebug|x86.Build.0 = Debug|Any CPU
		{E71E9931-C1CA-4935-A0A1-E341A15D52BD}.LinuxRelease|Any CPU.ActiveCfg = Release|Any CPU
		{E71E9931-C1CA-4935-A0A1-E341A15D52BD}.LinuxRelease|Any CPU.Build.0 = Release|Any CPU
		{E71E9931-C1CA-4935-A0A1-E341A15D52BD}.LinuxRelease|x64.ActiveCfg = Release|Any CPU
		{E71E9931-C1CA-4935-A0A1-E341A15D52BD}.LinuxRelease|x64.Build.0 = Release|Any CPU
		{E71E9931-C1CA-4935-A0A1-E341A15D52BD}.LinuxRelease|x86.ActiveCfg = Release|Any CPU
		{E71E9931-C1CA-4935-A0A1-E341A15D52BD}.LinuxRelease|x86.Build.0 = Release|Any CPU
		{E71E9931-C1CA-4935-A0A1-E341A15D52BD}.Release|Any CPU.ActiveCfg = Release|Any CPU
		{E71E9931-C1CA-4935-A0A1-E341A15D52BD}.Release|Any CPU.Build.0 = Release|Any CPU
		{E71E9931-C1CA-4935-A0A1-E341A15D52BD}.Release|x64.ActiveCfg = Release|Any CPU
		{E71E9931-C1CA-4935-A0A1-E341A15D52BD}.Release|x64.Build.0 = Release|Any CPU
		{E71E9931-C1CA-4935-A0A1-E341A15D52BD}.Release|x86.ActiveCfg = Release|Any CPU
		{E71E9931-C1CA-4935-A0A1-E341A15D52BD}.Release|x86.Build.0 = Release|Any CPU
		{E71E9931-C1CA-4935-A0A1-E341A15D52BD}.WindowsDebug|Any CPU.ActiveCfg = Debug|Any CPU
		{E71E9931-C1CA-4935-A0A1-E341A15D52BD}.WindowsDebug|Any CPU.Build.0 = Debug|Any CPU
		{E71E9931-C1CA-4935-A0A1-E341A15D52BD}.WindowsDebug|x64.ActiveCfg = Debug|Any CPU
		{E71E9931-C1CA-4935-A0A1-E341A15D52BD}.WindowsDebug|x64.Build.0 = Debug|Any CPU
		{E71E9931-C1CA-4935-A0A1-E341A15D52BD}.WindowsDebug|x86.ActiveCfg = Debug|Any CPU
		{E71E9931-C1CA-4935-A0A1-E341A15D52BD}.WindowsDebug|x86.Build.0 = Debug|Any CPU
		{E71E9931-C1CA-4935-A0A1-E341A15D52BD}.WindowsRelease|Any CPU.ActiveCfg = Release|Any CPU
		{E71E9931-C1CA-4935-A0A1-E341A15D52BD}.WindowsRelease|Any CPU.Build.0 = Release|Any CPU
		{E71E9931-C1CA-4935-A0A1-E341A15D52BD}.WindowsRelease|x64.ActiveCfg = Release|Any CPU
		{E71E9931-C1CA-4935-A0A1-E341A15D52BD}.WindowsRelease|x64.Build.0 = Release|Any CPU
		{E71E9931-C1CA-4935-A0A1-E341A15D52BD}.WindowsRelease|x86.ActiveCfg = Release|Any CPU
		{E71E9931-C1CA-4935-A0A1-E341A15D52BD}.WindowsRelease|x86.Build.0 = Release|Any CPU
		{D135958E-18DE-450C-A16D-7051B1023B9B}.Debug|Any CPU.ActiveCfg = Debug|Any CPU
		{D135958E-18DE-450C-A16D-7051B1023B9B}.Debug|Any CPU.Build.0 = Debug|Any CPU
		{D135958E-18DE-450C-A16D-7051B1023B9B}.Debug|x64.ActiveCfg = Debug|Any CPU
		{D135958E-18DE-450C-A16D-7051B1023B9B}.Debug|x64.Build.0 = Debug|Any CPU
		{D135958E-18DE-450C-A16D-7051B1023B9B}.Debug|x86.ActiveCfg = Debug|Any CPU
		{D135958E-18DE-450C-A16D-7051B1023B9B}.Debug|x86.Build.0 = Debug|Any CPU
		{D135958E-18DE-450C-A16D-7051B1023B9B}.LinuxDebug|Any CPU.ActiveCfg = Debug|Any CPU
		{D135958E-18DE-450C-A16D-7051B1023B9B}.LinuxDebug|Any CPU.Build.0 = Debug|Any CPU
		{D135958E-18DE-450C-A16D-7051B1023B9B}.LinuxDebug|x64.ActiveCfg = Debug|Any CPU
		{D135958E-18DE-450C-A16D-7051B1023B9B}.LinuxDebug|x64.Build.0 = Debug|Any CPU
		{D135958E-18DE-450C-A16D-7051B1023B9B}.LinuxDebug|x86.ActiveCfg = Debug|Any CPU
		{D135958E-18DE-450C-A16D-7051B1023B9B}.LinuxDebug|x86.Build.0 = Debug|Any CPU
		{D135958E-18DE-450C-A16D-7051B1023B9B}.LinuxRelease|Any CPU.ActiveCfg = Release|Any CPU
		{D135958E-18DE-450C-A16D-7051B1023B9B}.LinuxRelease|Any CPU.Build.0 = Release|Any CPU
		{D135958E-18DE-450C-A16D-7051B1023B9B}.LinuxRelease|x64.ActiveCfg = Release|Any CPU
		{D135958E-18DE-450C-A16D-7051B1023B9B}.LinuxRelease|x64.Build.0 = Release|Any CPU
		{D135958E-18DE-450C-A16D-7051B1023B9B}.LinuxRelease|x86.ActiveCfg = Release|Any CPU
		{D135958E-18DE-450C-A16D-7051B1023B9B}.LinuxRelease|x86.Build.0 = Release|Any CPU
		{D135958E-18DE-450C-A16D-7051B1023B9B}.Release|Any CPU.ActiveCfg = Release|Any CPU
		{D135958E-18DE-450C-A16D-7051B1023B9B}.Release|Any CPU.Build.0 = Release|Any CPU
		{D135958E-18DE-450C-A16D-7051B1023B9B}.Release|x64.ActiveCfg = Release|Any CPU
		{D135958E-18DE-450C-A16D-7051B1023B9B}.Release|x64.Build.0 = Release|Any CPU
		{D135958E-18DE-450C-A16D-7051B1023B9B}.Release|x86.ActiveCfg = Release|Any CPU
		{D135958E-18DE-450C-A16D-7051B1023B9B}.Release|x86.Build.0 = Release|Any CPU
		{D135958E-18DE-450C-A16D-7051B1023B9B}.WindowsDebug|Any CPU.ActiveCfg = Debug|Any CPU
		{D135958E-18DE-450C-A16D-7051B1023B9B}.WindowsDebug|Any CPU.Build.0 = Debug|Any CPU
		{D135958E-18DE-450C-A16D-7051B1023B9B}.WindowsDebug|x64.ActiveCfg = Debug|Any CPU
		{D135958E-18DE-450C-A16D-7051B1023B9B}.WindowsDebug|x64.Build.0 = Debug|Any CPU
		{D135958E-18DE-450C-A16D-7051B1023B9B}.WindowsDebug|x86.ActiveCfg = Debug|Any CPU
		{D135958E-18DE-450C-A16D-7051B1023B9B}.WindowsDebug|x86.Build.0 = Debug|Any CPU
		{D135958E-18DE-450C-A16D-7051B1023B9B}.WindowsRelease|Any CPU.ActiveCfg = Release|Any CPU
		{D135958E-18DE-450C-A16D-7051B1023B9B}.WindowsRelease|Any CPU.Build.0 = Release|Any CPU
		{D135958E-18DE-450C-A16D-7051B1023B9B}.WindowsRelease|x64.ActiveCfg = Release|Any CPU
		{D135958E-18DE-450C-A16D-7051B1023B9B}.WindowsRelease|x64.Build.0 = Release|Any CPU
		{D135958E-18DE-450C-A16D-7051B1023B9B}.WindowsRelease|x86.ActiveCfg = Release|Any CPU
		{D135958E-18DE-450C-A16D-7051B1023B9B}.WindowsRelease|x86.Build.0 = Release|Any CPU
		{F37E351A-C4BE-4819-834D-4693414588B2}.Debug|Any CPU.ActiveCfg = Debug|Any CPU
		{F37E351A-C4BE-4819-834D-4693414588B2}.Debug|Any CPU.Build.0 = Debug|Any CPU
		{F37E351A-C4BE-4819-834D-4693414588B2}.Debug|x64.ActiveCfg = Debug|Any CPU
		{F37E351A-C4BE-4819-834D-4693414588B2}.Debug|x64.Build.0 = Debug|Any CPU
		{F37E351A-C4BE-4819-834D-4693414588B2}.Debug|x86.ActiveCfg = Debug|Any CPU
		{F37E351A-C4BE-4819-834D-4693414588B2}.Debug|x86.Build.0 = Debug|Any CPU
		{F37E351A-C4BE-4819-834D-4693414588B2}.LinuxDebug|Any CPU.ActiveCfg = Debug|Any CPU
		{F37E351A-C4BE-4819-834D-4693414588B2}.LinuxDebug|Any CPU.Build.0 = Debug|Any CPU
		{F37E351A-C4BE-4819-834D-4693414588B2}.LinuxDebug|x64.ActiveCfg = Debug|Any CPU
		{F37E351A-C4BE-4819-834D-4693414588B2}.LinuxDebug|x64.Build.0 = Debug|Any CPU
		{F37E351A-C4BE-4819-834D-4693414588B2}.LinuxDebug|x86.ActiveCfg = Debug|Any CPU
		{F37E351A-C4BE-4819-834D-4693414588B2}.LinuxDebug|x86.Build.0 = Debug|Any CPU
		{F37E351A-C4BE-4819-834D-4693414588B2}.LinuxRelease|Any CPU.ActiveCfg = Release|Any CPU
		{F37E351A-C4BE-4819-834D-4693414588B2}.LinuxRelease|Any CPU.Build.0 = Release|Any CPU
		{F37E351A-C4BE-4819-834D-4693414588B2}.LinuxRelease|x64.ActiveCfg = Release|Any CPU
		{F37E351A-C4BE-4819-834D-4693414588B2}.LinuxRelease|x64.Build.0 = Release|Any CPU
		{F37E351A-C4BE-4819-834D-4693414588B2}.LinuxRelease|x86.ActiveCfg = Release|Any CPU
		{F37E351A-C4BE-4819-834D-4693414588B2}.LinuxRelease|x86.Build.0 = Release|Any CPU
		{F37E351A-C4BE-4819-834D-4693414588B2}.Release|Any CPU.ActiveCfg = Release|Any CPU
		{F37E351A-C4BE-4819-834D-4693414588B2}.Release|Any CPU.Build.0 = Release|Any CPU
		{F37E351A-C4BE-4819-834D-4693414588B2}.Release|x64.ActiveCfg = Release|Any CPU
		{F37E351A-C4BE-4819-834D-4693414588B2}.Release|x64.Build.0 = Release|Any CPU
		{F37E351A-C4BE-4819-834D-4693414588B2}.Release|x86.ActiveCfg = Release|Any CPU
		{F37E351A-C4BE-4819-834D-4693414588B2}.Release|x86.Build.0 = Release|Any CPU
		{F37E351A-C4BE-4819-834D-4693414588B2}.WindowsDebug|Any CPU.ActiveCfg = Debug|Any CPU
		{F37E351A-C4BE-4819-834D-4693414588B2}.WindowsDebug|Any CPU.Build.0 = Debug|Any CPU
		{F37E351A-C4BE-4819-834D-4693414588B2}.WindowsDebug|x64.ActiveCfg = Debug|Any CPU
		{F37E351A-C4BE-4819-834D-4693414588B2}.WindowsDebug|x64.Build.0 = Debug|Any CPU
		{F37E351A-C4BE-4819-834D-4693414588B2}.WindowsDebug|x86.ActiveCfg = Debug|Any CPU
		{F37E351A-C4BE-4819-834D-4693414588B2}.WindowsDebug|x86.Build.0 = Debug|Any CPU
		{F37E351A-C4BE-4819-834D-4693414588B2}.WindowsRelease|Any CPU.ActiveCfg = Release|Any CPU
		{F37E351A-C4BE-4819-834D-4693414588B2}.WindowsRelease|Any CPU.Build.0 = Release|Any CPU
		{F37E351A-C4BE-4819-834D-4693414588B2}.WindowsRelease|x64.ActiveCfg = Release|Any CPU
		{F37E351A-C4BE-4819-834D-4693414588B2}.WindowsRelease|x64.Build.0 = Release|Any CPU
		{F37E351A-C4BE-4819-834D-4693414588B2}.WindowsRelease|x86.ActiveCfg = Release|Any CPU
		{F37E351A-C4BE-4819-834D-4693414588B2}.WindowsRelease|x86.Build.0 = Release|Any CPU
		{04907A69-69C7-45DE-99D5-A91B9F10A63F}.Debug|Any CPU.ActiveCfg = WindowsDebug|Any CPU
		{04907A69-69C7-45DE-99D5-A91B9F10A63F}.Debug|Any CPU.Build.0 = WindowsDebug|Any CPU
		{04907A69-69C7-45DE-99D5-A91B9F10A63F}.Debug|x64.ActiveCfg = WindowsDebug|Any CPU
		{04907A69-69C7-45DE-99D5-A91B9F10A63F}.Debug|x64.Build.0 = WindowsDebug|Any CPU
		{04907A69-69C7-45DE-99D5-A91B9F10A63F}.Debug|x86.ActiveCfg = WindowsDebug|Any CPU
		{04907A69-69C7-45DE-99D5-A91B9F10A63F}.Debug|x86.Build.0 = WindowsDebug|Any CPU
		{04907A69-69C7-45DE-99D5-A91B9F10A63F}.LinuxDebug|Any CPU.ActiveCfg = LinuxDebug|Any CPU
		{04907A69-69C7-45DE-99D5-A91B9F10A63F}.LinuxDebug|Any CPU.Build.0 = LinuxDebug|Any CPU
		{04907A69-69C7-45DE-99D5-A91B9F10A63F}.LinuxDebug|x64.ActiveCfg = LinuxDebug|Any CPU
		{04907A69-69C7-45DE-99D5-A91B9F10A63F}.LinuxDebug|x64.Build.0 = LinuxDebug|Any CPU
		{04907A69-69C7-45DE-99D5-A91B9F10A63F}.LinuxDebug|x86.ActiveCfg = LinuxDebug|Any CPU
		{04907A69-69C7-45DE-99D5-A91B9F10A63F}.LinuxDebug|x86.Build.0 = LinuxDebug|Any CPU
		{04907A69-69C7-45DE-99D5-A91B9F10A63F}.LinuxRelease|Any CPU.ActiveCfg = LinuxRelease|Any CPU
		{04907A69-69C7-45DE-99D5-A91B9F10A63F}.LinuxRelease|Any CPU.Build.0 = LinuxRelease|Any CPU
		{04907A69-69C7-45DE-99D5-A91B9F10A63F}.LinuxRelease|x64.ActiveCfg = LinuxRelease|Any CPU
		{04907A69-69C7-45DE-99D5-A91B9F10A63F}.LinuxRelease|x64.Build.0 = LinuxRelease|Any CPU
		{04907A69-69C7-45DE-99D5-A91B9F10A63F}.LinuxRelease|x86.ActiveCfg = LinuxRelease|Any CPU
		{04907A69-69C7-45DE-99D5-A91B9F10A63F}.LinuxRelease|x86.Build.0 = LinuxRelease|Any CPU
		{04907A69-69C7-45DE-99D5-A91B9F10A63F}.Release|Any CPU.ActiveCfg = WindowsRelease|Any CPU
		{04907A69-69C7-45DE-99D5-A91B9F10A63F}.Release|Any CPU.Build.0 = WindowsRelease|Any CPU
		{04907A69-69C7-45DE-99D5-A91B9F10A63F}.Release|x64.ActiveCfg = WindowsRelease|Any CPU
		{04907A69-69C7-45DE-99D5-A91B9F10A63F}.Release|x64.Build.0 = WindowsRelease|Any CPU
		{04907A69-69C7-45DE-99D5-A91B9F10A63F}.Release|x86.ActiveCfg = WindowsRelease|Any CPU
		{04907A69-69C7-45DE-99D5-A91B9F10A63F}.Release|x86.Build.0 = WindowsRelease|Any CPU
		{04907A69-69C7-45DE-99D5-A91B9F10A63F}.WindowsDebug|Any CPU.ActiveCfg = WindowsDebug|Any CPU
		{04907A69-69C7-45DE-99D5-A91B9F10A63F}.WindowsDebug|Any CPU.Build.0 = WindowsDebug|Any CPU
		{04907A69-69C7-45DE-99D5-A91B9F10A63F}.WindowsDebug|x64.ActiveCfg = WindowsDebug|Any CPU
		{04907A69-69C7-45DE-99D5-A91B9F10A63F}.WindowsDebug|x64.Build.0 = WindowsDebug|Any CPU
		{04907A69-69C7-45DE-99D5-A91B9F10A63F}.WindowsDebug|x86.ActiveCfg = WindowsDebug|Any CPU
		{04907A69-69C7-45DE-99D5-A91B9F10A63F}.WindowsDebug|x86.Build.0 = WindowsDebug|Any CPU
		{04907A69-69C7-45DE-99D5-A91B9F10A63F}.WindowsRelease|Any CPU.ActiveCfg = WindowsRelease|Any CPU
		{04907A69-69C7-45DE-99D5-A91B9F10A63F}.WindowsRelease|Any CPU.Build.0 = WindowsRelease|Any CPU
		{04907A69-69C7-45DE-99D5-A91B9F10A63F}.WindowsRelease|x64.ActiveCfg = WindowsRelease|Any CPU
		{04907A69-69C7-45DE-99D5-A91B9F10A63F}.WindowsRelease|x64.Build.0 = WindowsRelease|Any CPU
		{04907A69-69C7-45DE-99D5-A91B9F10A63F}.WindowsRelease|x86.ActiveCfg = WindowsRelease|Any CPU
		{04907A69-69C7-45DE-99D5-A91B9F10A63F}.WindowsRelease|x86.Build.0 = WindowsRelease|Any CPU
		{6216042A-E38A-4D5B-B9DA-2DBDACCCDF19}.Debug|Any CPU.ActiveCfg = WindowsDebug|Any CPU
		{6216042A-E38A-4D5B-B9DA-2DBDACCCDF19}.Debug|Any CPU.Build.0 = WindowsDebug|Any CPU
		{6216042A-E38A-4D5B-B9DA-2DBDACCCDF19}.Debug|x64.ActiveCfg = WindowsDebug|Any CPU
		{6216042A-E38A-4D5B-B9DA-2DBDACCCDF19}.Debug|x64.Build.0 = WindowsDebug|Any CPU
		{6216042A-E38A-4D5B-B9DA-2DBDACCCDF19}.Debug|x86.ActiveCfg = WindowsDebug|Any CPU
		{6216042A-E38A-4D5B-B9DA-2DBDACCCDF19}.Debug|x86.Build.0 = WindowsDebug|Any CPU
		{6216042A-E38A-4D5B-B9DA-2DBDACCCDF19}.LinuxDebug|Any CPU.ActiveCfg = LinuxDebug|Any CPU
		{6216042A-E38A-4D5B-B9DA-2DBDACCCDF19}.LinuxDebug|Any CPU.Build.0 = LinuxDebug|Any CPU
		{6216042A-E38A-4D5B-B9DA-2DBDACCCDF19}.LinuxDebug|x64.ActiveCfg = LinuxDebug|Any CPU
		{6216042A-E38A-4D5B-B9DA-2DBDACCCDF19}.LinuxDebug|x64.Build.0 = LinuxDebug|Any CPU
		{6216042A-E38A-4D5B-B9DA-2DBDACCCDF19}.LinuxDebug|x86.ActiveCfg = LinuxDebug|Any CPU
		{6216042A-E38A-4D5B-B9DA-2DBDACCCDF19}.LinuxDebug|x86.Build.0 = LinuxDebug|Any CPU
		{6216042A-E38A-4D5B-B9DA-2DBDACCCDF19}.LinuxRelease|Any CPU.ActiveCfg = LinuxRelease|Any CPU
		{6216042A-E38A-4D5B-B9DA-2DBDACCCDF19}.LinuxRelease|Any CPU.Build.0 = LinuxRelease|Any CPU
		{6216042A-E38A-4D5B-B9DA-2DBDACCCDF19}.LinuxRelease|x64.ActiveCfg = LinuxRelease|Any CPU
		{6216042A-E38A-4D5B-B9DA-2DBDACCCDF19}.LinuxRelease|x64.Build.0 = LinuxRelease|Any CPU
		{6216042A-E38A-4D5B-B9DA-2DBDACCCDF19}.LinuxRelease|x86.ActiveCfg = LinuxRelease|Any CPU
		{6216042A-E38A-4D5B-B9DA-2DBDACCCDF19}.LinuxRelease|x86.Build.0 = LinuxRelease|Any CPU
		{6216042A-E38A-4D5B-B9DA-2DBDACCCDF19}.Release|Any CPU.ActiveCfg = WindowsRelease|Any CPU
		{6216042A-E38A-4D5B-B9DA-2DBDACCCDF19}.Release|Any CPU.Build.0 = WindowsRelease|Any CPU
		{6216042A-E38A-4D5B-B9DA-2DBDACCCDF19}.Release|x64.ActiveCfg = WindowsRelease|Any CPU
		{6216042A-E38A-4D5B-B9DA-2DBDACCCDF19}.Release|x64.Build.0 = WindowsRelease|Any CPU
		{6216042A-E38A-4D5B-B9DA-2DBDACCCDF19}.Release|x86.ActiveCfg = WindowsRelease|Any CPU
		{6216042A-E38A-4D5B-B9DA-2DBDACCCDF19}.Release|x86.Build.0 = WindowsRelease|Any CPU
		{6216042A-E38A-4D5B-B9DA-2DBDACCCDF19}.WindowsDebug|Any CPU.ActiveCfg = WindowsDebug|Any CPU
		{6216042A-E38A-4D5B-B9DA-2DBDACCCDF19}.WindowsDebug|Any CPU.Build.0 = WindowsDebug|Any CPU
		{6216042A-E38A-4D5B-B9DA-2DBDACCCDF19}.WindowsDebug|x64.ActiveCfg = WindowsDebug|Any CPU
		{6216042A-E38A-4D5B-B9DA-2DBDACCCDF19}.WindowsDebug|x64.Build.0 = WindowsDebug|Any CPU
		{6216042A-E38A-4D5B-B9DA-2DBDACCCDF19}.WindowsDebug|x86.ActiveCfg = WindowsDebug|Any CPU
		{6216042A-E38A-4D5B-B9DA-2DBDACCCDF19}.WindowsDebug|x86.Build.0 = WindowsDebug|Any CPU
		{6216042A-E38A-4D5B-B9DA-2DBDACCCDF19}.WindowsRelease|Any CPU.ActiveCfg = WindowsRelease|Any CPU
		{6216042A-E38A-4D5B-B9DA-2DBDACCCDF19}.WindowsRelease|Any CPU.Build.0 = WindowsRelease|Any CPU
		{6216042A-E38A-4D5B-B9DA-2DBDACCCDF19}.WindowsRelease|x64.ActiveCfg = WindowsRelease|Any CPU
		{6216042A-E38A-4D5B-B9DA-2DBDACCCDF19}.WindowsRelease|x64.Build.0 = WindowsRelease|Any CPU
		{6216042A-E38A-4D5B-B9DA-2DBDACCCDF19}.WindowsRelease|x86.ActiveCfg = WindowsRelease|Any CPU
		{6216042A-E38A-4D5B-B9DA-2DBDACCCDF19}.WindowsRelease|x86.Build.0 = WindowsRelease|Any CPU
	EndGlobalSection
	GlobalSection(SolutionProperties) = preSolution
		HideSolutionNode = FALSE
	EndGlobalSection
	GlobalSection(NestedProjects) = preSolution
		{AADF9D08-3C4F-4C12-9417-AC5E3DCAD41C} = {F67C7BE7-F474-4B9B-A17F-1AAAF5D564F4}
		{F75DECF4-E061-40E1-A015-C15EB1EF02C5} = {F67C7BE7-F474-4B9B-A17F-1AAAF5D564F4}
		{EFF22F07-13A0-4570-B879-6F981C15EE31} = {832E06A2-13DE-4CDB-8337-B82483B168FF}
		{4CC136C0-6662-4E03-889E-01FF8E478EE1} = {06F0198E-A6EA-4165-9D3B-38A6B36D6687}
		{1FD1AD15-5CDF-4C99-B969-AE7E3596EA0C} = {06F0198E-A6EA-4165-9D3B-38A6B36D6687}
		{82EB0A7C-6D46-40CA-8B59-94C7D4E33DDA} = {E7FCC9F8-FD83-4A1C-8405-604EBB242AFA}
		{BF178B7E-2405-4737-AD45-5B5D3AC44598} = {832E06A2-13DE-4CDB-8337-B82483B168FF}
		{663DCD64-1820-411A-BEFB-D982CDA00C25} = {06F0198E-A6EA-4165-9D3B-38A6B36D6687}
		{6E668400-80C2-431A-847A-E6FAE75C5219} = {42BFC943-F1AB-433B-BD7E-9E5FE81F4693}
		{2614DDB4-6FB8-4221-9541-E77341901C3D} = {42BFC943-F1AB-433B-BD7E-9E5FE81F4693}
		{525CA781-B1EC-47AD-B981-0718D4D4A4EB} = {AADF9D08-3C4F-4C12-9417-AC5E3DCAD41C}
		{CD3282AC-7278-4F7B-9CE2-31964D994105} = {AADF9D08-3C4F-4C12-9417-AC5E3DCAD41C}
		{E71E9931-C1CA-4935-A0A1-E341A15D52BD} = {AADF9D08-3C4F-4C12-9417-AC5E3DCAD41C}
		{D135958E-18DE-450C-A16D-7051B1023B9B} = {AADF9D08-3C4F-4C12-9417-AC5E3DCAD41C}
		{F37E351A-C4BE-4819-834D-4693414588B2} = {E7FCC9F8-FD83-4A1C-8405-604EBB242AFA}
		{42BFC943-F1AB-433B-BD7E-9E5FE81F4693} = {F67C7BE7-F474-4B9B-A17F-1AAAF5D564F4}
		{832E06A2-13DE-4CDB-8337-B82483B168FF} = {F67C7BE7-F474-4B9B-A17F-1AAAF5D564F4}
		{04907A69-69C7-45DE-99D5-A91B9F10A63F} = {F67C7BE7-F474-4B9B-A17F-1AAAF5D564F4}
		{6216042A-E38A-4D5B-B9DA-2DBDACCCDF19} = {F67C7BE7-F474-4B9B-A17F-1AAAF5D564F4}
	EndGlobalSection
	GlobalSection(ExtensibilityGlobals) = postSolution
		SolutionGuid = {7F9F8BC8-0847-4E84-9AA8-0677A7EED2BA}
	EndGlobalSection
EndGlobal
