
Microsoft Visual Studio Solution File, Format Version 12.00
# Visual Studio Version 17
VisualStudioVersion = 17.0.31903.59
MinimumVisualStudioVersion = 10.0.40219.1
Project("{9A19103F-16F7-4668-BE54-9A1E7A4F7556}") = "MonoGame.Extended", "ThirdParty\MonoGame.Extended\src\cs\MonoGame.Extended\MonoGame.Extended.csproj", "{B849B5F5-C456-4D0D-A1C0-D021ACF0477E}"
EndProject
Project("{9A19103F-16F7-4668-BE54-9A1E7A4F7556}") = "MonoGame.Extended.Animations", "ThirdParty\MonoGame.Extended\src\cs\MonoGame.Extended.Animations\MonoGame.Extended.Animations.csproj", "{5E3E3478-3224-4A4B-95FB-7625451793FB}"
EndProject
Project("{9A19103F-16F7-4668-BE54-9A1E7A4F7556}") = "MonoGame.Extended.Entities", "ThirdParty\MonoGame.Extended\src\cs\MonoGame.Extended.Entities\MonoGame.Extended.Entities.csproj", "{1B04E9CB-B105-42A2-A8F0-9DCDEC8025AB}"
EndProject
Project("{D954291E-2A0B-460D-934E-DC6B0785DB48}") = "CruZ.Shared", "CruZ.Engine\CruZ.Shared\CruZ.Shared.shproj", "{A0CDBD0E-3A41-42B7-9425-A838BC2C7383}"
EndProject
Project("{2150E333-8FDC-42A3-9474-1A3956D46DE8}") = "MonoGame", "MonoGame", "{F67C7BE7-F474-4B9B-A17F-1AAAF5D564F4}"
EndProject
Project("{2150E333-8FDC-42A3-9474-1A3956D46DE8}") = "Extended", "Extended", "{AADF9D08-3C4F-4C12-9417-AC5E3DCAD41C}"
EndProject
Project("{9A19103F-16F7-4668-BE54-9A1E7A4F7556}") = "MonoGame.Framework.Content.Pipeline", "ThirdParty\MonoGameModified\MonoGame.Framework.Content.Pipeline\MonoGame.Framework.Content.Pipeline.csproj", "{EED80EA9-25D8-4F69-BC7F-87B15998570B}"
EndProject
Project("{9A19103F-16F7-4668-BE54-9A1E7A4F7556}") = "MonoGame.Content.Builder.Editor.Windows", "ThirdParty\MonoGameModified\Tools\MonoGame.Content.Builder.Editor\MonoGame.Content.Builder.Editor.Windows.csproj", "{C123B1CD-1CDB-4F38-A4AD-41081079B114}"
EndProject
Project("{2150E333-8FDC-42A3-9474-1A3956D46DE8}") = "Others", "Others", "{B2EFD66A-EF07-46F2-A89E-AE5C6917319E}"
EndProject
Project("{2150E333-8FDC-42A3-9474-1A3956D46DE8}") = "CruZ", "CruZ", "{06F0198E-A6EA-4165-9D3B-38A6B36D6687}"
EndProject
Project("{9A19103F-16F7-4668-BE54-9A1E7A4F7556}") = "SpriteFactory", "ThirdParty\SpriteFactory\SpriteFactory\SpriteFactory.csproj", "{8E0B6D2E-40D6-401F-8D4C-BB1EDEBE2CE5}"
EndProject
Project("{9A19103F-16F7-4668-BE54-9A1E7A4F7556}") = "CruZ.Test", "CruZ.Engine\CruZ.Test\CruZ.Test.csproj", "{ED9250E7-68A6-4288-A6C4-9122AC9BC2D0}"
EndProject
Project("{9A19103F-16F7-4668-BE54-9A1E7A4F7556}") = "MonoGame.Forms.NET", "ThirdParty\MonoGame.Forms\MonoGame.Forms.NET\MonoGame.Forms.NET.csproj", "{99D7E3BF-A8E6-4D6D-91D2-465709497D10}"
EndProject
Project("{9A19103F-16F7-4668-BE54-9A1E7A4F7556}") = "CruZ.WinForm", "CruZ.Engine\CruZ.WinForm\CruZ.WinForm.csproj", "{F1647604-2D2B-48E9-B6E6-8BEBAC249BC1}"
EndProject
Project("{9A19103F-16F7-4668-BE54-9A1E7A4F7556}") = "MonoGame.Framework.DesktopGL", "ThirdParty\MonoGameModified\MonoGame.Framework\MonoGame.Framework.DesktopGL.csproj", "{66BF2A0F-3E12-4ED1-B12B-EF076786CB5A}"
EndProject
Project("{9A19103F-16F7-4668-BE54-9A1E7A4F7556}") = "CruZ.DesktopGL", "CruZ.Engine\CruZ.DesktopGL\CruZ.DesktopGL.csproj", "{24E815FD-5155-4F49-9C43-68AC3C75BB93}"
EndProject
Project("{9A19103F-16F7-4668-BE54-9A1E7A4F7556}") = "CruZ.Editor", "CruZ.Engine\CruZ.Editor\CruZ.Editor.csproj", "{2CE4266C-1256-479D-88A3-9DE60A23BFAB}"
EndProject
Project("{9A19103F-16F7-4668-BE54-9A1E7A4F7556}") = "Game.AnimalGang.DesktopGL", "CruZ.Games\AnimalGang\AnimalGang.DesktopGL\Game.AnimalGang.DesktopGL.csproj", "{71A920B5-0157-4107-B967-D8171B698F92}"
EndProject
Project("{D954291E-2A0B-460D-934E-DC6B0785DB48}") = "AnimalGang.Shared", "CruZ.Games\AnimalGang\AnimalGang.Shared\AnimalGang.Shared.shproj", "{42E114A9-8162-4FC3-8301-3CB19FB37EAD}"
EndProject
Project("{9A19103F-16F7-4668-BE54-9A1E7A4F7556}") = "CruZ.Tool.ResourceImporter", "CruZ.Engine\CruZ.Tool.ResourceImporter\CruZ.Tool.ResourceImporter.csproj", "{9EC79CEF-7615-4AC8-8414-75732C0A3235}"
EndProject
Project("{9A19103F-16F7-4668-BE54-9A1E7A4F7556}") = "MonoGame.Framework.WindowsDX", "ThirdParty\MonoGameModified\MonoGame.Framework\MonoGame.Framework.WindowsDX.csproj", "{F75DECF4-E061-40E1-A015-C15EB1EF02C5}"
EndProject
Global
	GlobalSection(SolutionConfigurationPlatforms) = preSolution
		Debug|Any CPU = Debug|Any CPU
		Debug|x64 = Debug|x64
		Debug|x86 = Debug|x86
		Release|Any CPU = Release|Any CPU
		Release|x64 = Release|x64
		Release|x86 = Release|x86
	EndGlobalSection
	GlobalSection(ProjectConfigurationPlatforms) = postSolution
		{B849B5F5-C456-4D0D-A1C0-D021ACF0477E}.Debug|Any CPU.ActiveCfg = Debug|Any CPU
		{B849B5F5-C456-4D0D-A1C0-D021ACF0477E}.Debug|Any CPU.Build.0 = Debug|Any CPU
		{B849B5F5-C456-4D0D-A1C0-D021ACF0477E}.Debug|x64.ActiveCfg = Debug|x64
		{B849B5F5-C456-4D0D-A1C0-D021ACF0477E}.Debug|x64.Build.0 = Debug|x64
		{B849B5F5-C456-4D0D-A1C0-D021ACF0477E}.Debug|x86.ActiveCfg = Debug|x86
		{B849B5F5-C456-4D0D-A1C0-D021ACF0477E}.Debug|x86.Build.0 = Debug|x86
		{B849B5F5-C456-4D0D-A1C0-D021ACF0477E}.Release|Any CPU.ActiveCfg = Release|Any CPU
		{B849B5F5-C456-4D0D-A1C0-D021ACF0477E}.Release|Any CPU.Build.0 = Release|Any CPU
		{B849B5F5-C456-4D0D-A1C0-D021ACF0477E}.Release|x64.ActiveCfg = Release|x64
		{B849B5F5-C456-4D0D-A1C0-D021ACF0477E}.Release|x64.Build.0 = Release|x64
		{B849B5F5-C456-4D0D-A1C0-D021ACF0477E}.Release|x86.ActiveCfg = Release|x86
		{B849B5F5-C456-4D0D-A1C0-D021ACF0477E}.Release|x86.Build.0 = Release|x86
		{5E3E3478-3224-4A4B-95FB-7625451793FB}.Debug|Any CPU.ActiveCfg = Debug|Any CPU
		{5E3E3478-3224-4A4B-95FB-7625451793FB}.Debug|Any CPU.Build.0 = Debug|Any CPU
		{5E3E3478-3224-4A4B-95FB-7625451793FB}.Debug|x64.ActiveCfg = Debug|x64
		{5E3E3478-3224-4A4B-95FB-7625451793FB}.Debug|x64.Build.0 = Debug|x64
		{5E3E3478-3224-4A4B-95FB-7625451793FB}.Debug|x86.ActiveCfg = Debug|x86
		{5E3E3478-3224-4A4B-95FB-7625451793FB}.Debug|x86.Build.0 = Debug|x86
		{5E3E3478-3224-4A4B-95FB-7625451793FB}.Release|Any CPU.ActiveCfg = Release|Any CPU
		{5E3E3478-3224-4A4B-95FB-7625451793FB}.Release|Any CPU.Build.0 = Release|Any CPU
		{5E3E3478-3224-4A4B-95FB-7625451793FB}.Release|x64.ActiveCfg = Release|x64
		{5E3E3478-3224-4A4B-95FB-7625451793FB}.Release|x64.Build.0 = Release|x64
		{5E3E3478-3224-4A4B-95FB-7625451793FB}.Release|x86.ActiveCfg = Release|x86
		{5E3E3478-3224-4A4B-95FB-7625451793FB}.Release|x86.Build.0 = Release|x86
		{1B04E9CB-B105-42A2-A8F0-9DCDEC8025AB}.Debug|Any CPU.ActiveCfg = Debug|Any CPU
		{1B04E9CB-B105-42A2-A8F0-9DCDEC8025AB}.Debug|Any CPU.Build.0 = Debug|Any CPU
		{1B04E9CB-B105-42A2-A8F0-9DCDEC8025AB}.Debug|x64.ActiveCfg = Debug|x64
		{1B04E9CB-B105-42A2-A8F0-9DCDEC8025AB}.Debug|x64.Build.0 = Debug|x64
		{1B04E9CB-B105-42A2-A8F0-9DCDEC8025AB}.Debug|x86.ActiveCfg = Debug|x86
		{1B04E9CB-B105-42A2-A8F0-9DCDEC8025AB}.Debug|x86.Build.0 = Debug|x86
		{1B04E9CB-B105-42A2-A8F0-9DCDEC8025AB}.Release|Any CPU.ActiveCfg = Release|Any CPU
		{1B04E9CB-B105-42A2-A8F0-9DCDEC8025AB}.Release|Any CPU.Build.0 = Release|Any CPU
		{1B04E9CB-B105-42A2-A8F0-9DCDEC8025AB}.Release|x64.ActiveCfg = Release|x64
		{1B04E9CB-B105-42A2-A8F0-9DCDEC8025AB}.Release|x64.Build.0 = Release|x64
		{1B04E9CB-B105-42A2-A8F0-9DCDEC8025AB}.Release|x86.ActiveCfg = Release|x86
		{1B04E9CB-B105-42A2-A8F0-9DCDEC8025AB}.Release|x86.Build.0 = Release|x86
		{EED80EA9-25D8-4F69-BC7F-87B15998570B}.Debug|Any CPU.ActiveCfg = Debug|Any CPU
		{EED80EA9-25D8-4F69-BC7F-87B15998570B}.Debug|Any CPU.Build.0 = Debug|Any CPU
		{EED80EA9-25D8-4F69-BC7F-87B15998570B}.Debug|x64.ActiveCfg = Debug|Any CPU
		{EED80EA9-25D8-4F69-BC7F-87B15998570B}.Debug|x64.Build.0 = Debug|Any CPU
		{EED80EA9-25D8-4F69-BC7F-87B15998570B}.Debug|x86.ActiveCfg = Debug|Any CPU
		{EED80EA9-25D8-4F69-BC7F-87B15998570B}.Debug|x86.Build.0 = Debug|Any CPU
		{EED80EA9-25D8-4F69-BC7F-87B15998570B}.Release|Any CPU.ActiveCfg = Release|Any CPU
		{EED80EA9-25D8-4F69-BC7F-87B15998570B}.Release|Any CPU.Build.0 = Release|Any CPU
		{EED80EA9-25D8-4F69-BC7F-87B15998570B}.Release|x64.ActiveCfg = Release|Any CPU
		{EED80EA9-25D8-4F69-BC7F-87B15998570B}.Release|x64.Build.0 = Release|Any CPU
		{EED80EA9-25D8-4F69-BC7F-87B15998570B}.Release|x86.ActiveCfg = Release|Any CPU
		{EED80EA9-25D8-4F69-BC7F-87B15998570B}.Release|x86.Build.0 = Release|Any CPU
		{C123B1CD-1CDB-4F38-A4AD-41081079B114}.Debug|Any CPU.ActiveCfg = Debug|Any CPU
		{C123B1CD-1CDB-4F38-A4AD-41081079B114}.Debug|Any CPU.Build.0 = Debug|Any CPU
		{C123B1CD-1CDB-4F38-A4AD-41081079B114}.Debug|x64.ActiveCfg = Debug|Any CPU
		{C123B1CD-1CDB-4F38-A4AD-41081079B114}.Debug|x64.Build.0 = Debug|Any CPU
		{C123B1CD-1CDB-4F38-A4AD-41081079B114}.Debug|x86.ActiveCfg = Debug|Any CPU
		{C123B1CD-1CDB-4F38-A4AD-41081079B114}.Debug|x86.Build.0 = Debug|Any CPU
		{C123B1CD-1CDB-4F38-A4AD-41081079B114}.Release|Any CPU.ActiveCfg = Release|Any CPU
		{C123B1CD-1CDB-4F38-A4AD-41081079B114}.Release|Any CPU.Build.0 = Release|Any CPU
		{C123B1CD-1CDB-4F38-A4AD-41081079B114}.Release|x64.ActiveCfg = Release|Any CPU
		{C123B1CD-1CDB-4F38-A4AD-41081079B114}.Release|x64.Build.0 = Release|Any CPU
		{C123B1CD-1CDB-4F38-A4AD-41081079B114}.Release|x86.ActiveCfg = Release|Any CPU
		{C123B1CD-1CDB-4F38-A4AD-41081079B114}.Release|x86.Build.0 = Release|Any CPU
		{8E0B6D2E-40D6-401F-8D4C-BB1EDEBE2CE5}.Debug|Any CPU.ActiveCfg = Debug|Any CPU
		{8E0B6D2E-40D6-401F-8D4C-BB1EDEBE2CE5}.Debug|Any CPU.Build.0 = Debug|Any CPU
		{8E0B6D2E-40D6-401F-8D4C-BB1EDEBE2CE5}.Debug|x64.ActiveCfg = Debug|x64
		{8E0B6D2E-40D6-401F-8D4C-BB1EDEBE2CE5}.Debug|x64.Build.0 = Debug|x64
		{8E0B6D2E-40D6-401F-8D4C-BB1EDEBE2CE5}.Debug|x86.ActiveCfg = Debug|x86
		{8E0B6D2E-40D6-401F-8D4C-BB1EDEBE2CE5}.Debug|x86.Build.0 = Debug|x86
		{8E0B6D2E-40D6-401F-8D4C-BB1EDEBE2CE5}.Release|Any CPU.ActiveCfg = Release|Any CPU
		{8E0B6D2E-40D6-401F-8D4C-BB1EDEBE2CE5}.Release|Any CPU.Build.0 = Release|Any CPU
		{8E0B6D2E-40D6-401F-8D4C-BB1EDEBE2CE5}.Release|x64.ActiveCfg = Release|x64
		{8E0B6D2E-40D6-401F-8D4C-BB1EDEBE2CE5}.Release|x64.Build.0 = Release|x64
		{8E0B6D2E-40D6-401F-8D4C-BB1EDEBE2CE5}.Release|x86.ActiveCfg = Release|x86
		{8E0B6D2E-40D6-401F-8D4C-BB1EDEBE2CE5}.Release|x86.Build.0 = Release|x86
		{ED9250E7-68A6-4288-A6C4-9122AC9BC2D0}.Debug|Any CPU.ActiveCfg = Debug|Any CPU
		{ED9250E7-68A6-4288-A6C4-9122AC9BC2D0}.Debug|Any CPU.Build.0 = Debug|Any CPU
		{ED9250E7-68A6-4288-A6C4-9122AC9BC2D0}.Debug|x64.ActiveCfg = Debug|Any CPU
		{ED9250E7-68A6-4288-A6C4-9122AC9BC2D0}.Debug|x64.Build.0 = Debug|Any CPU
		{ED9250E7-68A6-4288-A6C4-9122AC9BC2D0}.Debug|x86.ActiveCfg = Debug|Any CPU
		{ED9250E7-68A6-4288-A6C4-9122AC9BC2D0}.Debug|x86.Build.0 = Debug|Any CPU
		{ED9250E7-68A6-4288-A6C4-9122AC9BC2D0}.Release|Any CPU.ActiveCfg = Release|Any CPU
		{ED9250E7-68A6-4288-A6C4-9122AC9BC2D0}.Release|Any CPU.Build.0 = Release|Any CPU
		{ED9250E7-68A6-4288-A6C4-9122AC9BC2D0}.Release|x64.ActiveCfg = Release|Any CPU
		{ED9250E7-68A6-4288-A6C4-9122AC9BC2D0}.Release|x64.Build.0 = Release|Any CPU
		{ED9250E7-68A6-4288-A6C4-9122AC9BC2D0}.Release|x86.ActiveCfg = Release|Any CPU
		{ED9250E7-68A6-4288-A6C4-9122AC9BC2D0}.Release|x86.Build.0 = Release|Any CPU
		{99D7E3BF-A8E6-4D6D-91D2-465709497D10}.Debug|Any CPU.ActiveCfg = Debug|Any CPU
		{99D7E3BF-A8E6-4D6D-91D2-465709497D10}.Debug|Any CPU.Build.0 = Debug|Any CPU
		{99D7E3BF-A8E6-4D6D-91D2-465709497D10}.Debug|x64.ActiveCfg = Debug|Any CPU
		{99D7E3BF-A8E6-4D6D-91D2-465709497D10}.Debug|x64.Build.0 = Debug|Any CPU
		{99D7E3BF-A8E6-4D6D-91D2-465709497D10}.Debug|x86.ActiveCfg = Debug|Any CPU
		{99D7E3BF-A8E6-4D6D-91D2-465709497D10}.Debug|x86.Build.0 = Debug|Any CPU
		{99D7E3BF-A8E6-4D6D-91D2-465709497D10}.Release|Any CPU.ActiveCfg = Release|Any CPU
		{99D7E3BF-A8E6-4D6D-91D2-465709497D10}.Release|Any CPU.Build.0 = Release|Any CPU
		{99D7E3BF-A8E6-4D6D-91D2-465709497D10}.Release|x64.ActiveCfg = Release|Any CPU
		{99D7E3BF-A8E6-4D6D-91D2-465709497D10}.Release|x64.Build.0 = Release|Any CPU
		{99D7E3BF-A8E6-4D6D-91D2-465709497D10}.Release|x86.ActiveCfg = Release|Any CPU
		{99D7E3BF-A8E6-4D6D-91D2-465709497D10}.Release|x86.Build.0 = Release|Any CPU
		{F1647604-2D2B-48E9-B6E6-8BEBAC249BC1}.Debug|Any CPU.ActiveCfg = Debug|Any CPU
		{F1647604-2D2B-48E9-B6E6-8BEBAC249BC1}.Debug|Any CPU.Build.0 = Debug|Any CPU
		{F1647604-2D2B-48E9-B6E6-8BEBAC249BC1}.Debug|x64.ActiveCfg = Debug|Any CPU
		{F1647604-2D2B-48E9-B6E6-8BEBAC249BC1}.Debug|x64.Build.0 = Debug|Any CPU
		{F1647604-2D2B-48E9-B6E6-8BEBAC249BC1}.Debug|x86.ActiveCfg = Debug|Any CPU
		{F1647604-2D2B-48E9-B6E6-8BEBAC249BC1}.Debug|x86.Build.0 = Debug|Any CPU
		{F1647604-2D2B-48E9-B6E6-8BEBAC249BC1}.Release|Any CPU.ActiveCfg = Release|Any CPU
		{F1647604-2D2B-48E9-B6E6-8BEBAC249BC1}.Release|Any CPU.Build.0 = Release|Any CPU
		{F1647604-2D2B-48E9-B6E6-8BEBAC249BC1}.Release|x64.ActiveCfg = Release|Any CPU
		{F1647604-2D2B-48E9-B6E6-8BEBAC249BC1}.Release|x64.Build.0 = Release|Any CPU
		{F1647604-2D2B-48E9-B6E6-8BEBAC249BC1}.Release|x86.ActiveCfg = Release|Any CPU
		{F1647604-2D2B-48E9-B6E6-8BEBAC249BC1}.Release|x86.Build.0 = Release|Any CPU
		{66BF2A0F-3E12-4ED1-B12B-EF076786CB5A}.Debug|Any CPU.ActiveCfg = Debug|Any CPU
		{66BF2A0F-3E12-4ED1-B12B-EF076786CB5A}.Debug|Any CPU.Build.0 = Debug|Any CPU
		{66BF2A0F-3E12-4ED1-B12B-EF076786CB5A}.Debug|x64.ActiveCfg = Debug|Any CPU
		{66BF2A0F-3E12-4ED1-B12B-EF076786CB5A}.Debug|x64.Build.0 = Debug|Any CPU
		{66BF2A0F-3E12-4ED1-B12B-EF076786CB5A}.Debug|x86.ActiveCfg = Debug|Any CPU
		{66BF2A0F-3E12-4ED1-B12B-EF076786CB5A}.Debug|x86.Build.0 = Debug|Any CPU
		{66BF2A0F-3E12-4ED1-B12B-EF076786CB5A}.Release|Any CPU.ActiveCfg = Release|Any CPU
		{66BF2A0F-3E12-4ED1-B12B-EF076786CB5A}.Release|Any CPU.Build.0 = Release|Any CPU
		{66BF2A0F-3E12-4ED1-B12B-EF076786CB5A}.Release|x64.ActiveCfg = Release|Any CPU
		{66BF2A0F-3E12-4ED1-B12B-EF076786CB5A}.Release|x64.Build.0 = Release|Any CPU
		{66BF2A0F-3E12-4ED1-B12B-EF076786CB5A}.Release|x86.ActiveCfg = Release|Any CPU
		{66BF2A0F-3E12-4ED1-B12B-EF076786CB5A}.Release|x86.Build.0 = Release|Any CPU
		{24E815FD-5155-4F49-9C43-68AC3C75BB93}.Debug|Any CPU.ActiveCfg = Debug|Any CPU
		{24E815FD-5155-4F49-9C43-68AC3C75BB93}.Debug|Any CPU.Build.0 = Debug|Any CPU
		{24E815FD-5155-4F49-9C43-68AC3C75BB93}.Debug|x64.ActiveCfg = Debug|Any CPU
		{24E815FD-5155-4F49-9C43-68AC3C75BB93}.Debug|x64.Build.0 = Debug|Any CPU
		{24E815FD-5155-4F49-9C43-68AC3C75BB93}.Debug|x86.ActiveCfg = Debug|Any CPU
		{24E815FD-5155-4F49-9C43-68AC3C75BB93}.Debug|x86.Build.0 = Debug|Any CPU
		{24E815FD-5155-4F49-9C43-68AC3C75BB93}.Release|Any CPU.ActiveCfg = Release|Any CPU
		{24E815FD-5155-4F49-9C43-68AC3C75BB93}.Release|Any CPU.Build.0 = Release|Any CPU
		{24E815FD-5155-4F49-9C43-68AC3C75BB93}.Release|x64.ActiveCfg = Release|Any CPU
		{24E815FD-5155-4F49-9C43-68AC3C75BB93}.Release|x64.Build.0 = Release|Any CPU
		{24E815FD-5155-4F49-9C43-68AC3C75BB93}.Release|x86.ActiveCfg = Release|Any CPU
		{24E815FD-5155-4F49-9C43-68AC3C75BB93}.Release|x86.Build.0 = Release|Any CPU
		{2CE4266C-1256-479D-88A3-9DE60A23BFAB}.Debug|Any CPU.ActiveCfg = Debug|Any CPU
		{2CE4266C-1256-479D-88A3-9DE60A23BFAB}.Debug|Any CPU.Build.0 = Debug|Any CPU
		{2CE4266C-1256-479D-88A3-9DE60A23BFAB}.Debug|x64.ActiveCfg = Debug|Any CPU
		{2CE4266C-1256-479D-88A3-9DE60A23BFAB}.Debug|x64.Build.0 = Debug|Any CPU
		{2CE4266C-1256-479D-88A3-9DE60A23BFAB}.Debug|x86.ActiveCfg = Debug|Any CPU
		{2CE4266C-1256-479D-88A3-9DE60A23BFAB}.Debug|x86.Build.0 = Debug|Any CPU
		{2CE4266C-1256-479D-88A3-9DE60A23BFAB}.Release|Any CPU.ActiveCfg = Release|Any CPU
		{2CE4266C-1256-479D-88A3-9DE60A23BFAB}.Release|Any CPU.Build.0 = Release|Any CPU
		{2CE4266C-1256-479D-88A3-9DE60A23BFAB}.Release|x64.ActiveCfg = Release|Any CPU
		{2CE4266C-1256-479D-88A3-9DE60A23BFAB}.Release|x64.Build.0 = Release|Any CPU
		{2CE4266C-1256-479D-88A3-9DE60A23BFAB}.Release|x86.ActiveCfg = Release|Any CPU
		{2CE4266C-1256-479D-88A3-9DE60A23BFAB}.Release|x86.Build.0 = Release|Any CPU
		{71A920B5-0157-4107-B967-D8171B698F92}.Debug|Any CPU.ActiveCfg = Debug|Any CPU
		{71A920B5-0157-4107-B967-D8171B698F92}.Debug|Any CPU.Build.0 = Debug|Any CPU
		{71A920B5-0157-4107-B967-D8171B698F92}.Debug|x64.ActiveCfg = Debug|Any CPU
		{71A920B5-0157-4107-B967-D8171B698F92}.Debug|x64.Build.0 = Debug|Any CPU
		{71A920B5-0157-4107-B967-D8171B698F92}.Debug|x86.ActiveCfg = Debug|Any CPU
		{71A920B5-0157-4107-B967-D8171B698F92}.Debug|x86.Build.0 = Debug|Any CPU
		{71A920B5-0157-4107-B967-D8171B698F92}.Release|Any CPU.ActiveCfg = Release|Any CPU
		{71A920B5-0157-4107-B967-D8171B698F92}.Release|Any CPU.Build.0 = Release|Any CPU
		{71A920B5-0157-4107-B967-D8171B698F92}.Release|x64.ActiveCfg = Release|Any CPU
		{71A920B5-0157-4107-B967-D8171B698F92}.Release|x64.Build.0 = Release|Any CPU
		{71A920B5-0157-4107-B967-D8171B698F92}.Release|x86.ActiveCfg = Release|Any CPU
		{71A920B5-0157-4107-B967-D8171B698F92}.Release|x86.Build.0 = Release|Any CPU
		{9EC79CEF-7615-4AC8-8414-75732C0A3235}.Debug|Any CPU.ActiveCfg = Debug|Any CPU
		{9EC79CEF-7615-4AC8-8414-75732C0A3235}.Debug|Any CPU.Build.0 = Debug|Any CPU
		{9EC79CEF-7615-4AC8-8414-75732C0A3235}.Debug|x64.ActiveCfg = Debug|Any CPU
		{9EC79CEF-7615-4AC8-8414-75732C0A3235}.Debug|x64.Build.0 = Debug|Any CPU
		{9EC79CEF-7615-4AC8-8414-75732C0A3235}.Debug|x86.ActiveCfg = Debug|Any CPU
		{9EC79CEF-7615-4AC8-8414-75732C0A3235}.Debug|x86.Build.0 = Debug|Any CPU
		{9EC79CEF-7615-4AC8-8414-75732C0A3235}.Release|Any CPU.ActiveCfg = Release|Any CPU
		{9EC79CEF-7615-4AC8-8414-75732C0A3235}.Release|Any CPU.Build.0 = Release|Any CPU
		{9EC79CEF-7615-4AC8-8414-75732C0A3235}.Release|x64.ActiveCfg = Release|Any CPU
		{9EC79CEF-7615-4AC8-8414-75732C0A3235}.Release|x64.Build.0 = Release|Any CPU
		{9EC79CEF-7615-4AC8-8414-75732C0A3235}.Release|x86.ActiveCfg = Release|Any CPU
		{9EC79CEF-7615-4AC8-8414-75732C0A3235}.Release|x86.Build.0 = Release|Any CPU
		{F75DECF4-E061-40E1-A015-C15EB1EF02C5}.Debug|Any CPU.ActiveCfg = Debug|Any CPU
		{F75DECF4-E061-40E1-A015-C15EB1EF02C5}.Debug|Any CPU.Build.0 = Debug|Any CPU
		{F75DECF4-E061-40E1-A015-C15EB1EF02C5}.Debug|x64.ActiveCfg = Debug|Any CPU
		{F75DECF4-E061-40E1-A015-C15EB1EF02C5}.Debug|x64.Build.0 = Debug|Any CPU
		{F75DECF4-E061-40E1-A015-C15EB1EF02C5}.Debug|x86.ActiveCfg = Debug|Any CPU
		{F75DECF4-E061-40E1-A015-C15EB1EF02C5}.Debug|x86.Build.0 = Debug|Any CPU
		{F75DECF4-E061-40E1-A015-C15EB1EF02C5}.Release|Any CPU.ActiveCfg = Release|Any CPU
		{F75DECF4-E061-40E1-A015-C15EB1EF02C5}.Release|Any CPU.Build.0 = Release|Any CPU
		{F75DECF4-E061-40E1-A015-C15EB1EF02C5}.Release|x64.ActiveCfg = Release|Any CPU
		{F75DECF4-E061-40E1-A015-C15EB1EF02C5}.Release|x64.Build.0 = Release|Any CPU
		{F75DECF4-E061-40E1-A015-C15EB1EF02C5}.Release|x86.ActiveCfg = Release|Any CPU
		{F75DECF4-E061-40E1-A015-C15EB1EF02C5}.Release|x86.Build.0 = Release|Any CPU
	EndGlobalSection
	GlobalSection(SolutionProperties) = preSolution
		HideSolutionNode = FALSE
	EndGlobalSection
	GlobalSection(NestedProjects) = preSolution
		{B849B5F5-C456-4D0D-A1C0-D021ACF0477E} = {AADF9D08-3C4F-4C12-9417-AC5E3DCAD41C}
		{5E3E3478-3224-4A4B-95FB-7625451793FB} = {AADF9D08-3C4F-4C12-9417-AC5E3DCAD41C}
		{1B04E9CB-B105-42A2-A8F0-9DCDEC8025AB} = {AADF9D08-3C4F-4C12-9417-AC5E3DCAD41C}
		{A0CDBD0E-3A41-42B7-9425-A838BC2C7383} = {06F0198E-A6EA-4165-9D3B-38A6B36D6687}
		{AADF9D08-3C4F-4C12-9417-AC5E3DCAD41C} = {F67C7BE7-F474-4B9B-A17F-1AAAF5D564F4}
		{EED80EA9-25D8-4F69-BC7F-87B15998570B} = {F67C7BE7-F474-4B9B-A17F-1AAAF5D564F4}
		{C123B1CD-1CDB-4F38-A4AD-41081079B114} = {F67C7BE7-F474-4B9B-A17F-1AAAF5D564F4}
		{8E0B6D2E-40D6-401F-8D4C-BB1EDEBE2CE5} = {B2EFD66A-EF07-46F2-A89E-AE5C6917319E}
		{ED9250E7-68A6-4288-A6C4-9122AC9BC2D0} = {06F0198E-A6EA-4165-9D3B-38A6B36D6687}
		{99D7E3BF-A8E6-4D6D-91D2-465709497D10} = {F67C7BE7-F474-4B9B-A17F-1AAAF5D564F4}
		{F1647604-2D2B-48E9-B6E6-8BEBAC249BC1} = {06F0198E-A6EA-4165-9D3B-38A6B36D6687}
		{66BF2A0F-3E12-4ED1-B12B-EF076786CB5A} = {F67C7BE7-F474-4B9B-A17F-1AAAF5D564F4}
		{24E815FD-5155-4F49-9C43-68AC3C75BB93} = {06F0198E-A6EA-4165-9D3B-38A6B36D6687}
		{2CE4266C-1256-479D-88A3-9DE60A23BFAB} = {06F0198E-A6EA-4165-9D3B-38A6B36D6687}
		{9EC79CEF-7615-4AC8-8414-75732C0A3235} = {06F0198E-A6EA-4165-9D3B-38A6B36D6687}
		{F75DECF4-E061-40E1-A015-C15EB1EF02C5} = {F67C7BE7-F474-4B9B-A17F-1AAAF5D564F4}
	EndGlobalSection
	GlobalSection(ExtensibilityGlobals) = postSolution
		SolutionGuid = {7F9F8BC8-0847-4E84-9AA8-0677A7EED2BA}
	EndGlobalSection
	GlobalSection(SharedMSBuildProjectFiles) = preSolution
		CruZ.Engine\CruZ.Shared\CruZ.Shared.projitems*{24e815fd-5155-4f49-9c43-68ac3c75bb93}*SharedItemsImports = 5
		CruZ.Engine\CruZ.Shared\CruZ.Shared.projitems*{2ce4266c-1256-479d-88a3-9de60a23bfab}*SharedItemsImports = 5
		CruZ.Games\AnimalGang\AnimalGang.Shared\AnimalGang.Shared.projitems*{2ce4266c-1256-479d-88a3-9de60a23bfab}*SharedItemsImports = 5
		CruZ.Games\AnimalGang\AnimalGang.Shared\AnimalGang.Shared.projitems*{42e114a9-8162-4fc3-8301-3cb19fb37ead}*SharedItemsImports = 13
		CruZ.Games\AnimalGang\AnimalGang.Shared\AnimalGang.Shared.projitems*{71a920b5-0157-4107-b967-d8171b698f92}*SharedItemsImports = 5
		CruZ.Engine\CruZ.Shared\CruZ.Shared.projitems*{a0cdbd0e-3a41-42b7-9425-a838bc2c7383}*SharedItemsImports = 13
	EndGlobalSection
EndGlobal
