
Microsoft Visual Studio Solution File, Format Version 12.00
# Visual Studio Version 17
VisualStudioVersion = 17.0.31903.59
MinimumVisualStudioVersion = 10.0.40219.1
Project("{9A19103F-16F7-4668-BE54-9A1E7A4F7556}") = "MonoGame.Extended", "ThirdParty\MonoGame.Extended\src\cs\MonoGame.Extended\MonoGame.Extended.csproj", "{B849B5F5-C456-4D0D-A1C0-D021ACF0477E}"
EndProject
Project("{9A19103F-16F7-4668-BE54-9A1E7A4F7556}") = "MonoGame.Extended.Animations", "ThirdParty\MonoGame.Extended\src\cs\MonoGame.Extended.Animations\MonoGame.Extended.Animations.csproj", "{5E3E3478-3224-4A4B-95FB-7625451793FB}"
EndProject
Project("{9A19103F-16F7-4668-BE54-9A1E7A4F7556}") = "MonoGame.Extended.Entities", "ThirdParty\MonoGame.Extended\src\cs\MonoGame.Extended.Entities\MonoGame.Extended.Entities.csproj", "{1B04E9CB-B105-42A2-A8F0-9DCDEC8025AB}"
EndProject
Project("{2150E333-8FDC-42A3-9474-1A3956D46DE8}") = "MonoGame", "MonoGame", "{F67C7BE7-F474-4B9B-A17F-1AAAF5D564F4}"
EndProject
Project("{2150E333-8FDC-42A3-9474-1A3956D46DE8}") = "Extended", "Extended", "{AADF9D08-3C4F-4C12-9417-AC5E3DCAD41C}"
EndProject
Project("{9A19103F-16F7-4668-BE54-9A1E7A4F7556}") = "MonoGame.Framework.Content.Pipeline", "ThirdParty\MonoGameModified\MonoGame.Framework.Content.Pipeline\MonoGame.Framework.Content.Pipeline.csproj", "{EED80EA9-25D8-4F69-BC7F-87B15998570B}"
	ProjectSection(ProjectDependencies) = postProject
		{F75DECF4-E061-40E1-A015-C15EB1EF02C5} = {F75DECF4-E061-40E1-A015-C15EB1EF02C5}
	EndProjectSection
EndProject
Project("{2150E333-8FDC-42A3-9474-1A3956D46DE8}") = "Mics", "Mics", "{B2EFD66A-EF07-46F2-A89E-AE5C6917319E}"
	ProjectSection(SolutionItems) = preProject
		.gitignore = .gitignore
		README.md = README.md
	EndProjectSection
EndProject
Project("{2150E333-8FDC-42A3-9474-1A3956D46DE8}") = "CruZ", "CruZ", "{06F0198E-A6EA-4165-9D3B-38A6B36D6687}"
EndProject
Project("{9A19103F-16F7-4668-BE54-9A1E7A4F7556}") = "SpriteFactory", "ThirdParty\SpriteFactory\SpriteFactory\SpriteFactory.csproj", "{8E0B6D2E-40D6-401F-8D4C-BB1EDEBE2CE5}"
EndProject
Project("{9A19103F-16F7-4668-BE54-9A1E7A4F7556}") = "MonoGame.Framework.WindowsDX", "ThirdParty\MonoGameModified\MonoGame.Framework\MonoGame.Framework.WindowsDX.csproj", "{F75DECF4-E061-40E1-A015-C15EB1EF02C5}"
EndProject
Project("{9A19103F-16F7-4668-BE54-9A1E7A4F7556}") = "MonoGame.Content.Builder", "ThirdParty\MonoGameModified\Tools\MonoGame.Content.Builder\MonoGame.Content.Builder.csproj", "{1D3424DB-82F9-4D6B-B6CD-5BAD62A43B25}"
EndProject
Project("{9A19103F-16F7-4668-BE54-9A1E7A4F7556}") = "MonoGame.Effect.Compiler", "ThirdParty\MonoGameModified\Tools\MonoGame.Effect.Compiler\MonoGame.Effect.Compiler.csproj", "{EFF22F07-13A0-4570-B879-6F981C15EE31}"
EndProject
Project("{9A19103F-16F7-4668-BE54-9A1E7A4F7556}") = "CruZ.Editor", "CruZ\CruZ.Editor\CruZ.Editor.csproj", "{4CC136C0-6662-4E03-889E-01FF8E478EE1}"
	ProjectSection(ProjectDependencies) = postProject
		{82EB0A7C-6D46-40CA-8B59-94C7D4E33DDA} = {82EB0A7C-6D46-40CA-8B59-94C7D4E33DDA}
		{EFF22F07-13A0-4570-B879-6F981C15EE31} = {EFF22F07-13A0-4570-B879-6F981C15EE31}
		{F75DECF4-E061-40E1-A015-C15EB1EF02C5} = {F75DECF4-E061-40E1-A015-C15EB1EF02C5}
	EndProjectSection
EndProject
Project("{2150E333-8FDC-42A3-9474-1A3956D46DE8}") = "Sandbox", "Sandbox", "{E7FCC9F8-FD83-4A1C-8405-604EBB242AFA}"
EndProject
Project("{9A19103F-16F7-4668-BE54-9A1E7A4F7556}") = "CruZ.Experiment", "CruZ\CruZ.Experiment\CruZ.Experiment.csproj", "{1FD1AD15-5CDF-4C99-B969-AE7E3596EA0C}"
EndProject
Project("{9A19103F-16F7-4668-BE54-9A1E7A4F7556}") = "CruZ.Framework.WindowsDX", "CruZ\CruZ.Framework\CruZ.Framework.WindowsDX.csproj", "{9249B6BC-33EE-4DBC-9308-739B1EB77618}"
EndProject
Project("{9A19103F-16F7-4668-BE54-9A1E7A4F7556}") = "Game.AnimalGang", "SandBox\Games\Game.AnimalGang\Game.AnimalGang.csproj", "{82EB0A7C-6D46-40CA-8B59-94C7D4E33DDA}"
EndProject
Project("{9A19103F-16F7-4668-BE54-9A1E7A4F7556}") = "MonoGame.Framework.DesktopGL", "ThirdParty\MonoGameModified\MonoGame.Framework\MonoGame.Framework.DesktopGL.csproj", "{CB62B4E9-31EF-42F8-8406-7EDBDCEB88BE}"
EndProject
Global
	GlobalSection(SolutionConfigurationPlatforms) = preSolution
		Debug|Any CPU = Debug|Any CPU
		Debug|x64 = Debug|x64
		Debug|x86 = Debug|x86
		DebugEditor|Any CPU = DebugEditor|Any CPU
		DebugEditor|x64 = DebugEditor|x64
		DebugEditor|x86 = DebugEditor|x86
		Release|Any CPU = Release|Any CPU
		Release|x64 = Release|x64
		Release|x86 = Release|x86
	EndGlobalSection
	GlobalSection(ProjectConfigurationPlatforms) = postSolution
		{B849B5F5-C456-4D0D-A1C0-D021ACF0477E}.Debug|Any CPU.ActiveCfg = Debug|Any CPU
		{B849B5F5-C456-4D0D-A1C0-D021ACF0477E}.Debug|Any CPU.Build.0 = Debug|Any CPU
		{B849B5F5-C456-4D0D-A1C0-D021ACF0477E}.Debug|x64.ActiveCfg = Debug|x64
		{B849B5F5-C456-4D0D-A1C0-D021ACF0477E}.Debug|x64.Build.0 = Debug|x64
		{B849B5F5-C456-4D0D-A1C0-D021ACF0477E}.Debug|x86.ActiveCfg = Debug|x86
		{B849B5F5-C456-4D0D-A1C0-D021ACF0477E}.Debug|x86.Build.0 = Debug|x86
		{B849B5F5-C456-4D0D-A1C0-D021ACF0477E}.DebugEditor|Any CPU.ActiveCfg = Debug|Any CPU
		{B849B5F5-C456-4D0D-A1C0-D021ACF0477E}.DebugEditor|Any CPU.Build.0 = Debug|Any CPU
		{B849B5F5-C456-4D0D-A1C0-D021ACF0477E}.DebugEditor|x64.ActiveCfg = Debug|x64
		{B849B5F5-C456-4D0D-A1C0-D021ACF0477E}.DebugEditor|x64.Build.0 = Debug|x64
		{B849B5F5-C456-4D0D-A1C0-D021ACF0477E}.DebugEditor|x86.ActiveCfg = Debug|x86
		{B849B5F5-C456-4D0D-A1C0-D021ACF0477E}.DebugEditor|x86.Build.0 = Debug|x86
		{B849B5F5-C456-4D0D-A1C0-D021ACF0477E}.Release|Any CPU.ActiveCfg = Release|Any CPU
		{B849B5F5-C456-4D0D-A1C0-D021ACF0477E}.Release|Any CPU.Build.0 = Release|Any CPU
		{B849B5F5-C456-4D0D-A1C0-D021ACF0477E}.Release|x64.ActiveCfg = Release|x64
		{B849B5F5-C456-4D0D-A1C0-D021ACF0477E}.Release|x64.Build.0 = Release|x64
		{B849B5F5-C456-4D0D-A1C0-D021ACF0477E}.Release|x86.ActiveCfg = Release|x86
		{B849B5F5-C456-4D0D-A1C0-D021ACF0477E}.Release|x86.Build.0 = Release|x86
		{5E3E3478-3224-4A4B-95FB-7625451793FB}.Debug|Any CPU.ActiveCfg = Debug|Any CPU
		{5E3E3478-3224-4A4B-95FB-7625451793FB}.Debug|Any CPU.Build.0 = Debug|Any CPU
		{5E3E3478-3224-4A4B-95FB-7625451793FB}.Debug|x64.ActiveCfg = Debug|x64
		{5E3E3478-3224-4A4B-95FB-7625451793FB}.Debug|x64.Build.0 = Debug|x64
		{5E3E3478-3224-4A4B-95FB-7625451793FB}.Debug|x86.ActiveCfg = Debug|x86
		{5E3E3478-3224-4A4B-95FB-7625451793FB}.Debug|x86.Build.0 = Debug|x86
		{5E3E3478-3224-4A4B-95FB-7625451793FB}.DebugEditor|Any CPU.ActiveCfg = Debug|Any CPU
		{5E3E3478-3224-4A4B-95FB-7625451793FB}.DebugEditor|Any CPU.Build.0 = Debug|Any CPU
		{5E3E3478-3224-4A4B-95FB-7625451793FB}.DebugEditor|x64.ActiveCfg = Debug|x64
		{5E3E3478-3224-4A4B-95FB-7625451793FB}.DebugEditor|x64.Build.0 = Debug|x64
		{5E3E3478-3224-4A4B-95FB-7625451793FB}.DebugEditor|x86.ActiveCfg = Debug|x86
		{5E3E3478-3224-4A4B-95FB-7625451793FB}.DebugEditor|x86.Build.0 = Debug|x86
		{5E3E3478-3224-4A4B-95FB-7625451793FB}.Release|Any CPU.ActiveCfg = Release|Any CPU
		{5E3E3478-3224-4A4B-95FB-7625451793FB}.Release|Any CPU.Build.0 = Release|Any CPU
		{5E3E3478-3224-4A4B-95FB-7625451793FB}.Release|x64.ActiveCfg = Release|x64
		{5E3E3478-3224-4A4B-95FB-7625451793FB}.Release|x64.Build.0 = Release|x64
		{5E3E3478-3224-4A4B-95FB-7625451793FB}.Release|x86.ActiveCfg = Release|x86
		{5E3E3478-3224-4A4B-95FB-7625451793FB}.Release|x86.Build.0 = Release|x86
		{1B04E9CB-B105-42A2-A8F0-9DCDEC8025AB}.Debug|Any CPU.ActiveCfg = Debug|Any CPU
		{1B04E9CB-B105-42A2-A8F0-9DCDEC8025AB}.Debug|Any CPU.Build.0 = Debug|Any CPU
		{1B04E9CB-B105-42A2-A8F0-9DCDEC8025AB}.Debug|x64.ActiveCfg = Debug|x64
		{1B04E9CB-B105-42A2-A8F0-9DCDEC8025AB}.Debug|x64.Build.0 = Debug|x64
		{1B04E9CB-B105-42A2-A8F0-9DCDEC8025AB}.Debug|x86.ActiveCfg = Debug|x86
		{1B04E9CB-B105-42A2-A8F0-9DCDEC8025AB}.Debug|x86.Build.0 = Debug|x86
		{1B04E9CB-B105-42A2-A8F0-9DCDEC8025AB}.DebugEditor|Any CPU.ActiveCfg = Debug|Any CPU
		{1B04E9CB-B105-42A2-A8F0-9DCDEC8025AB}.DebugEditor|Any CPU.Build.0 = Debug|Any CPU
		{1B04E9CB-B105-42A2-A8F0-9DCDEC8025AB}.DebugEditor|x64.ActiveCfg = Debug|x64
		{1B04E9CB-B105-42A2-A8F0-9DCDEC8025AB}.DebugEditor|x64.Build.0 = Debug|x64
		{1B04E9CB-B105-42A2-A8F0-9DCDEC8025AB}.DebugEditor|x86.ActiveCfg = Debug|x86
		{1B04E9CB-B105-42A2-A8F0-9DCDEC8025AB}.DebugEditor|x86.Build.0 = Debug|x86
		{1B04E9CB-B105-42A2-A8F0-9DCDEC8025AB}.Release|Any CPU.ActiveCfg = Release|Any CPU
		{1B04E9CB-B105-42A2-A8F0-9DCDEC8025AB}.Release|Any CPU.Build.0 = Release|Any CPU
		{1B04E9CB-B105-42A2-A8F0-9DCDEC8025AB}.Release|x64.ActiveCfg = Release|x64
		{1B04E9CB-B105-42A2-A8F0-9DCDEC8025AB}.Release|x64.Build.0 = Release|x64
		{1B04E9CB-B105-42A2-A8F0-9DCDEC8025AB}.Release|x86.ActiveCfg = Release|x86
		{1B04E9CB-B105-42A2-A8F0-9DCDEC8025AB}.Release|x86.Build.0 = Release|x86
		{EED80EA9-25D8-4F69-BC7F-87B15998570B}.Debug|Any CPU.ActiveCfg = Debug|Any CPU
		{EED80EA9-25D8-4F69-BC7F-87B15998570B}.Debug|Any CPU.Build.0 = Debug|Any CPU
		{EED80EA9-25D8-4F69-BC7F-87B15998570B}.Debug|x64.ActiveCfg = Debug|Any CPU
		{EED80EA9-25D8-4F69-BC7F-87B15998570B}.Debug|x64.Build.0 = Debug|Any CPU
		{EED80EA9-25D8-4F69-BC7F-87B15998570B}.Debug|x86.ActiveCfg = Debug|Any CPU
		{EED80EA9-25D8-4F69-BC7F-87B15998570B}.Debug|x86.Build.0 = Debug|Any CPU
		{EED80EA9-25D8-4F69-BC7F-87B15998570B}.DebugEditor|Any CPU.ActiveCfg = Debug|Any CPU
		{EED80EA9-25D8-4F69-BC7F-87B15998570B}.DebugEditor|Any CPU.Build.0 = Debug|Any CPU
		{EED80EA9-25D8-4F69-BC7F-87B15998570B}.DebugEditor|x64.ActiveCfg = Debug|Any CPU
		{EED80EA9-25D8-4F69-BC7F-87B15998570B}.DebugEditor|x64.Build.0 = Debug|Any CPU
		{EED80EA9-25D8-4F69-BC7F-87B15998570B}.DebugEditor|x86.ActiveCfg = Debug|Any CPU
		{EED80EA9-25D8-4F69-BC7F-87B15998570B}.DebugEditor|x86.Build.0 = Debug|Any CPU
		{EED80EA9-25D8-4F69-BC7F-87B15998570B}.Release|Any CPU.ActiveCfg = Release|Any CPU
		{EED80EA9-25D8-4F69-BC7F-87B15998570B}.Release|Any CPU.Build.0 = Release|Any CPU
		{EED80EA9-25D8-4F69-BC7F-87B15998570B}.Release|x64.ActiveCfg = Release|Any CPU
		{EED80EA9-25D8-4F69-BC7F-87B15998570B}.Release|x64.Build.0 = Release|Any CPU
		{EED80EA9-25D8-4F69-BC7F-87B15998570B}.Release|x86.ActiveCfg = Release|Any CPU
		{EED80EA9-25D8-4F69-BC7F-87B15998570B}.Release|x86.Build.0 = Release|Any CPU
		{8E0B6D2E-40D6-401F-8D4C-BB1EDEBE2CE5}.Debug|Any CPU.ActiveCfg = Debug|Any CPU
		{8E0B6D2E-40D6-401F-8D4C-BB1EDEBE2CE5}.Debug|Any CPU.Build.0 = Debug|Any CPU
		{8E0B6D2E-40D6-401F-8D4C-BB1EDEBE2CE5}.Debug|x64.ActiveCfg = Debug|x64
		{8E0B6D2E-40D6-401F-8D4C-BB1EDEBE2CE5}.Debug|x64.Build.0 = Debug|x64
		{8E0B6D2E-40D6-401F-8D4C-BB1EDEBE2CE5}.Debug|x86.ActiveCfg = Debug|x86
		{8E0B6D2E-40D6-401F-8D4C-BB1EDEBE2CE5}.Debug|x86.Build.0 = Debug|x86
		{8E0B6D2E-40D6-401F-8D4C-BB1EDEBE2CE5}.DebugEditor|Any CPU.ActiveCfg = Debug|Any CPU
		{8E0B6D2E-40D6-401F-8D4C-BB1EDEBE2CE5}.DebugEditor|Any CPU.Build.0 = Debug|Any CPU
		{8E0B6D2E-40D6-401F-8D4C-BB1EDEBE2CE5}.DebugEditor|x64.ActiveCfg = Debug|x64
		{8E0B6D2E-40D6-401F-8D4C-BB1EDEBE2CE5}.DebugEditor|x64.Build.0 = Debug|x64
		{8E0B6D2E-40D6-401F-8D4C-BB1EDEBE2CE5}.DebugEditor|x86.ActiveCfg = Debug|x86
		{8E0B6D2E-40D6-401F-8D4C-BB1EDEBE2CE5}.DebugEditor|x86.Build.0 = Debug|x86
		{8E0B6D2E-40D6-401F-8D4C-BB1EDEBE2CE5}.Release|Any CPU.ActiveCfg = Release|Any CPU
		{8E0B6D2E-40D6-401F-8D4C-BB1EDEBE2CE5}.Release|Any CPU.Build.0 = Release|Any CPU
		{8E0B6D2E-40D6-401F-8D4C-BB1EDEBE2CE5}.Release|x64.ActiveCfg = Release|x64
		{8E0B6D2E-40D6-401F-8D4C-BB1EDEBE2CE5}.Release|x64.Build.0 = Release|x64
		{8E0B6D2E-40D6-401F-8D4C-BB1EDEBE2CE5}.Release|x86.ActiveCfg = Release|x86
		{8E0B6D2E-40D6-401F-8D4C-BB1EDEBE2CE5}.Release|x86.Build.0 = Release|x86
		{F75DECF4-E061-40E1-A015-C15EB1EF02C5}.Debug|Any CPU.ActiveCfg = Debug|Any CPU
		{F75DECF4-E061-40E1-A015-C15EB1EF02C5}.Debug|Any CPU.Build.0 = Debug|Any CPU
		{F75DECF4-E061-40E1-A015-C15EB1EF02C5}.Debug|x64.ActiveCfg = Debug|Any CPU
		{F75DECF4-E061-40E1-A015-C15EB1EF02C5}.Debug|x64.Build.0 = Debug|Any CPU
		{F75DECF4-E061-40E1-A015-C15EB1EF02C5}.Debug|x86.ActiveCfg = Debug|Any CPU
		{F75DECF4-E061-40E1-A015-C15EB1EF02C5}.Debug|x86.Build.0 = Debug|Any CPU
		{F75DECF4-E061-40E1-A015-C15EB1EF02C5}.DebugEditor|Any CPU.ActiveCfg = Debug|Any CPU
		{F75DECF4-E061-40E1-A015-C15EB1EF02C5}.DebugEditor|Any CPU.Build.0 = Debug|Any CPU
		{F75DECF4-E061-40E1-A015-C15EB1EF02C5}.DebugEditor|x64.ActiveCfg = Debug|Any CPU
		{F75DECF4-E061-40E1-A015-C15EB1EF02C5}.DebugEditor|x64.Build.0 = Debug|Any CPU
		{F75DECF4-E061-40E1-A015-C15EB1EF02C5}.DebugEditor|x86.ActiveCfg = Debug|Any CPU
		{F75DECF4-E061-40E1-A015-C15EB1EF02C5}.DebugEditor|x86.Build.0 = Debug|Any CPU
		{F75DECF4-E061-40E1-A015-C15EB1EF02C5}.Release|Any CPU.ActiveCfg = Release|Any CPU
		{F75DECF4-E061-40E1-A015-C15EB1EF02C5}.Release|Any CPU.Build.0 = Release|Any CPU
		{F75DECF4-E061-40E1-A015-C15EB1EF02C5}.Release|x64.ActiveCfg = Release|Any CPU
		{F75DECF4-E061-40E1-A015-C15EB1EF02C5}.Release|x64.Build.0 = Release|Any CPU
		{F75DECF4-E061-40E1-A015-C15EB1EF02C5}.Release|x86.ActiveCfg = Release|Any CPU
		{F75DECF4-E061-40E1-A015-C15EB1EF02C5}.Release|x86.Build.0 = Release|Any CPU
		{1D3424DB-82F9-4D6B-B6CD-5BAD62A43B25}.Debug|Any CPU.ActiveCfg = Debug|Any CPU
		{1D3424DB-82F9-4D6B-B6CD-5BAD62A43B25}.Debug|Any CPU.Build.0 = Debug|Any CPU
		{1D3424DB-82F9-4D6B-B6CD-5BAD62A43B25}.Debug|x64.ActiveCfg = Debug|Any CPU
		{1D3424DB-82F9-4D6B-B6CD-5BAD62A43B25}.Debug|x64.Build.0 = Debug|Any CPU
		{1D3424DB-82F9-4D6B-B6CD-5BAD62A43B25}.Debug|x86.ActiveCfg = Debug|Any CPU
		{1D3424DB-82F9-4D6B-B6CD-5BAD62A43B25}.Debug|x86.Build.0 = Debug|Any CPU
		{1D3424DB-82F9-4D6B-B6CD-5BAD62A43B25}.DebugEditor|Any CPU.ActiveCfg = Debug|Any CPU
		{1D3424DB-82F9-4D6B-B6CD-5BAD62A43B25}.DebugEditor|Any CPU.Build.0 = Debug|Any CPU
		{1D3424DB-82F9-4D6B-B6CD-5BAD62A43B25}.DebugEditor|x64.ActiveCfg = Debug|Any CPU
		{1D3424DB-82F9-4D6B-B6CD-5BAD62A43B25}.DebugEditor|x64.Build.0 = Debug|Any CPU
		{1D3424DB-82F9-4D6B-B6CD-5BAD62A43B25}.DebugEditor|x86.ActiveCfg = Debug|Any CPU
		{1D3424DB-82F9-4D6B-B6CD-5BAD62A43B25}.DebugEditor|x86.Build.0 = Debug|Any CPU
		{1D3424DB-82F9-4D6B-B6CD-5BAD62A43B25}.Release|Any CPU.ActiveCfg = Release|Any CPU
		{1D3424DB-82F9-4D6B-B6CD-5BAD62A43B25}.Release|Any CPU.Build.0 = Release|Any CPU
		{1D3424DB-82F9-4D6B-B6CD-5BAD62A43B25}.Release|x64.ActiveCfg = Release|Any CPU
		{1D3424DB-82F9-4D6B-B6CD-5BAD62A43B25}.Release|x64.Build.0 = Release|Any CPU
		{1D3424DB-82F9-4D6B-B6CD-5BAD62A43B25}.Release|x86.ActiveCfg = Release|Any CPU
		{1D3424DB-82F9-4D6B-B6CD-5BAD62A43B25}.Release|x86.Build.0 = Release|Any CPU
		{EFF22F07-13A0-4570-B879-6F981C15EE31}.Debug|Any CPU.ActiveCfg = Debug|Any CPU
		{EFF22F07-13A0-4570-B879-6F981C15EE31}.Debug|Any CPU.Build.0 = Debug|Any CPU
		{EFF22F07-13A0-4570-B879-6F981C15EE31}.Debug|x64.ActiveCfg = Debug|Any CPU
		{EFF22F07-13A0-4570-B879-6F981C15EE31}.Debug|x64.Build.0 = Debug|Any CPU
		{EFF22F07-13A0-4570-B879-6F981C15EE31}.Debug|x86.ActiveCfg = Debug|Any CPU
		{EFF22F07-13A0-4570-B879-6F981C15EE31}.Debug|x86.Build.0 = Debug|Any CPU
		{EFF22F07-13A0-4570-B879-6F981C15EE31}.DebugEditor|Any CPU.ActiveCfg = Debug|Any CPU
		{EFF22F07-13A0-4570-B879-6F981C15EE31}.DebugEditor|Any CPU.Build.0 = Debug|Any CPU
		{EFF22F07-13A0-4570-B879-6F981C15EE31}.DebugEditor|x64.ActiveCfg = Debug|Any CPU
		{EFF22F07-13A0-4570-B879-6F981C15EE31}.DebugEditor|x64.Build.0 = Debug|Any CPU
		{EFF22F07-13A0-4570-B879-6F981C15EE31}.DebugEditor|x86.ActiveCfg = Debug|Any CPU
		{EFF22F07-13A0-4570-B879-6F981C15EE31}.DebugEditor|x86.Build.0 = Debug|Any CPU
		{EFF22F07-13A0-4570-B879-6F981C15EE31}.Release|Any CPU.ActiveCfg = Release|Any CPU
		{EFF22F07-13A0-4570-B879-6F981C15EE31}.Release|Any CPU.Build.0 = Release|Any CPU
		{EFF22F07-13A0-4570-B879-6F981C15EE31}.Release|x64.ActiveCfg = Release|Any CPU
		{EFF22F07-13A0-4570-B879-6F981C15EE31}.Release|x64.Build.0 = Release|Any CPU
		{EFF22F07-13A0-4570-B879-6F981C15EE31}.Release|x86.ActiveCfg = Release|Any CPU
		{EFF22F07-13A0-4570-B879-6F981C15EE31}.Release|x86.Build.0 = Release|Any CPU
		{4CC136C0-6662-4E03-889E-01FF8E478EE1}.Debug|Any CPU.ActiveCfg = Debug|Any CPU
		{4CC136C0-6662-4E03-889E-01FF8E478EE1}.Debug|Any CPU.Build.0 = Debug|Any CPU
		{4CC136C0-6662-4E03-889E-01FF8E478EE1}.Debug|x64.ActiveCfg = Debug|Any CPU
		{4CC136C0-6662-4E03-889E-01FF8E478EE1}.Debug|x64.Build.0 = Debug|Any CPU
		{4CC136C0-6662-4E03-889E-01FF8E478EE1}.Debug|x86.ActiveCfg = Debug|Any CPU
		{4CC136C0-6662-4E03-889E-01FF8E478EE1}.Debug|x86.Build.0 = Debug|Any CPU
		{4CC136C0-6662-4E03-889E-01FF8E478EE1}.DebugEditor|Any CPU.ActiveCfg = Debug|Any CPU
		{4CC136C0-6662-4E03-889E-01FF8E478EE1}.DebugEditor|Any CPU.Build.0 = Debug|Any CPU
		{4CC136C0-6662-4E03-889E-01FF8E478EE1}.DebugEditor|x64.ActiveCfg = Debug|Any CPU
		{4CC136C0-6662-4E03-889E-01FF8E478EE1}.DebugEditor|x64.Build.0 = Debug|Any CPU
		{4CC136C0-6662-4E03-889E-01FF8E478EE1}.DebugEditor|x86.ActiveCfg = Debug|Any CPU
		{4CC136C0-6662-4E03-889E-01FF8E478EE1}.DebugEditor|x86.Build.0 = Debug|Any CPU
		{4CC136C0-6662-4E03-889E-01FF8E478EE1}.Release|Any CPU.ActiveCfg = Release|Any CPU
		{4CC136C0-6662-4E03-889E-01FF8E478EE1}.Release|Any CPU.Build.0 = Release|Any CPU
		{4CC136C0-6662-4E03-889E-01FF8E478EE1}.Release|x64.ActiveCfg = Release|Any CPU
		{4CC136C0-6662-4E03-889E-01FF8E478EE1}.Release|x64.Build.0 = Release|Any CPU
		{4CC136C0-6662-4E03-889E-01FF8E478EE1}.Release|x86.ActiveCfg = Release|Any CPU
		{4CC136C0-6662-4E03-889E-01FF8E478EE1}.Release|x86.Build.0 = Release|Any CPU
		{1FD1AD15-5CDF-4C99-B969-AE7E3596EA0C}.Debug|Any CPU.ActiveCfg = Debug|Any CPU
		{1FD1AD15-5CDF-4C99-B969-AE7E3596EA0C}.Debug|Any CPU.Build.0 = Debug|Any CPU
		{1FD1AD15-5CDF-4C99-B969-AE7E3596EA0C}.Debug|x64.ActiveCfg = Debug|Any CPU
		{1FD1AD15-5CDF-4C99-B969-AE7E3596EA0C}.Debug|x64.Build.0 = Debug|Any CPU
		{1FD1AD15-5CDF-4C99-B969-AE7E3596EA0C}.Debug|x86.ActiveCfg = Debug|Any CPU
		{1FD1AD15-5CDF-4C99-B969-AE7E3596EA0C}.Debug|x86.Build.0 = Debug|Any CPU
		{1FD1AD15-5CDF-4C99-B969-AE7E3596EA0C}.DebugEditor|Any CPU.ActiveCfg = Debug|Any CPU
		{1FD1AD15-5CDF-4C99-B969-AE7E3596EA0C}.DebugEditor|Any CPU.Build.0 = Debug|Any CPU
		{1FD1AD15-5CDF-4C99-B969-AE7E3596EA0C}.DebugEditor|x64.ActiveCfg = Debug|Any CPU
		{1FD1AD15-5CDF-4C99-B969-AE7E3596EA0C}.DebugEditor|x64.Build.0 = Debug|Any CPU
		{1FD1AD15-5CDF-4C99-B969-AE7E3596EA0C}.DebugEditor|x86.ActiveCfg = Debug|Any CPU
		{1FD1AD15-5CDF-4C99-B969-AE7E3596EA0C}.DebugEditor|x86.Build.0 = Debug|Any CPU
		{1FD1AD15-5CDF-4C99-B969-AE7E3596EA0C}.Release|Any CPU.ActiveCfg = Release|Any CPU
		{1FD1AD15-5CDF-4C99-B969-AE7E3596EA0C}.Release|Any CPU.Build.0 = Release|Any CPU
		{1FD1AD15-5CDF-4C99-B969-AE7E3596EA0C}.Release|x64.ActiveCfg = Release|Any CPU
		{1FD1AD15-5CDF-4C99-B969-AE7E3596EA0C}.Release|x64.Build.0 = Release|Any CPU
		{1FD1AD15-5CDF-4C99-B969-AE7E3596EA0C}.Release|x86.ActiveCfg = Release|Any CPU
		{1FD1AD15-5CDF-4C99-B969-AE7E3596EA0C}.Release|x86.Build.0 = Release|Any CPU
		{9249B6BC-33EE-4DBC-9308-739B1EB77618}.Debug|Any CPU.ActiveCfg = Debug|Any CPU
		{9249B6BC-33EE-4DBC-9308-739B1EB77618}.Debug|Any CPU.Build.0 = Debug|Any CPU
		{9249B6BC-33EE-4DBC-9308-739B1EB77618}.Debug|x64.ActiveCfg = Debug|Any CPU
		{9249B6BC-33EE-4DBC-9308-739B1EB77618}.Debug|x64.Build.0 = Debug|Any CPU
		{9249B6BC-33EE-4DBC-9308-739B1EB77618}.Debug|x86.ActiveCfg = Debug|Any CPU
		{9249B6BC-33EE-4DBC-9308-739B1EB77618}.Debug|x86.Build.0 = Debug|Any CPU
		{9249B6BC-33EE-4DBC-9308-739B1EB77618}.DebugEditor|Any CPU.ActiveCfg = DebugEditor|Any CPU
		{9249B6BC-33EE-4DBC-9308-739B1EB77618}.DebugEditor|Any CPU.Build.0 = DebugEditor|Any CPU
		{9249B6BC-33EE-4DBC-9308-739B1EB77618}.DebugEditor|x64.ActiveCfg = DebugEditor|Any CPU
		{9249B6BC-33EE-4DBC-9308-739B1EB77618}.DebugEditor|x64.Build.0 = DebugEditor|Any CPU
		{9249B6BC-33EE-4DBC-9308-739B1EB77618}.DebugEditor|x86.ActiveCfg = DebugEditor|Any CPU
		{9249B6BC-33EE-4DBC-9308-739B1EB77618}.DebugEditor|x86.Build.0 = DebugEditor|Any CPU
		{9249B6BC-33EE-4DBC-9308-739B1EB77618}.Release|Any CPU.ActiveCfg = Release|Any CPU
		{9249B6BC-33EE-4DBC-9308-739B1EB77618}.Release|Any CPU.Build.0 = Release|Any CPU
		{9249B6BC-33EE-4DBC-9308-739B1EB77618}.Release|x64.ActiveCfg = Release|Any CPU
		{9249B6BC-33EE-4DBC-9308-739B1EB77618}.Release|x64.Build.0 = Release|Any CPU
		{9249B6BC-33EE-4DBC-9308-739B1EB77618}.Release|x86.ActiveCfg = Release|Any CPU
		{9249B6BC-33EE-4DBC-9308-739B1EB77618}.Release|x86.Build.0 = Release|Any CPU
		{82EB0A7C-6D46-40CA-8B59-94C7D4E33DDA}.Debug|Any CPU.ActiveCfg = Debug|Any CPU
		{82EB0A7C-6D46-40CA-8B59-94C7D4E33DDA}.Debug|Any CPU.Build.0 = Debug|Any CPU
		{82EB0A7C-6D46-40CA-8B59-94C7D4E33DDA}.Debug|x64.ActiveCfg = Debug|Any CPU
		{82EB0A7C-6D46-40CA-8B59-94C7D4E33DDA}.Debug|x64.Build.0 = Debug|Any CPU
		{82EB0A7C-6D46-40CA-8B59-94C7D4E33DDA}.Debug|x86.ActiveCfg = Debug|Any CPU
		{82EB0A7C-6D46-40CA-8B59-94C7D4E33DDA}.Debug|x86.Build.0 = Debug|Any CPU
		{82EB0A7C-6D46-40CA-8B59-94C7D4E33DDA}.DebugEditor|Any CPU.ActiveCfg = Debug|Any CPU
		{82EB0A7C-6D46-40CA-8B59-94C7D4E33DDA}.DebugEditor|Any CPU.Build.0 = Debug|Any CPU
		{82EB0A7C-6D46-40CA-8B59-94C7D4E33DDA}.DebugEditor|x64.ActiveCfg = Debug|Any CPU
		{82EB0A7C-6D46-40CA-8B59-94C7D4E33DDA}.DebugEditor|x64.Build.0 = Debug|Any CPU
		{82EB0A7C-6D46-40CA-8B59-94C7D4E33DDA}.DebugEditor|x86.ActiveCfg = Debug|Any CPU
		{82EB0A7C-6D46-40CA-8B59-94C7D4E33DDA}.DebugEditor|x86.Build.0 = Debug|Any CPU
		{82EB0A7C-6D46-40CA-8B59-94C7D4E33DDA}.Release|Any CPU.ActiveCfg = Release|Any CPU
		{82EB0A7C-6D46-40CA-8B59-94C7D4E33DDA}.Release|Any CPU.Build.0 = Release|Any CPU
		{82EB0A7C-6D46-40CA-8B59-94C7D4E33DDA}.Release|x64.ActiveCfg = Release|Any CPU
		{82EB0A7C-6D46-40CA-8B59-94C7D4E33DDA}.Release|x64.Build.0 = Release|Any CPU
		{82EB0A7C-6D46-40CA-8B59-94C7D4E33DDA}.Release|x86.ActiveCfg = Release|Any CPU
		{82EB0A7C-6D46-40CA-8B59-94C7D4E33DDA}.Release|x86.Build.0 = Release|Any CPU
		{CB62B4E9-31EF-42F8-8406-7EDBDCEB88BE}.Debug|Any CPU.ActiveCfg = Debug|Any CPU
		{CB62B4E9-31EF-42F8-8406-7EDBDCEB88BE}.Debug|Any CPU.Build.0 = Debug|Any CPU
		{CB62B4E9-31EF-42F8-8406-7EDBDCEB88BE}.Debug|x64.ActiveCfg = Debug|Any CPU
		{CB62B4E9-31EF-42F8-8406-7EDBDCEB88BE}.Debug|x64.Build.0 = Debug|Any CPU
		{CB62B4E9-31EF-42F8-8406-7EDBDCEB88BE}.Debug|x86.ActiveCfg = Debug|Any CPU
		{CB62B4E9-31EF-42F8-8406-7EDBDCEB88BE}.Debug|x86.Build.0 = Debug|Any CPU
		{CB62B4E9-31EF-42F8-8406-7EDBDCEB88BE}.DebugEditor|Any CPU.ActiveCfg = Debug|Any CPU
		{CB62B4E9-31EF-42F8-8406-7EDBDCEB88BE}.DebugEditor|Any CPU.Build.0 = Debug|Any CPU
		{CB62B4E9-31EF-42F8-8406-7EDBDCEB88BE}.DebugEditor|x64.ActiveCfg = Debug|Any CPU
		{CB62B4E9-31EF-42F8-8406-7EDBDCEB88BE}.DebugEditor|x64.Build.0 = Debug|Any CPU
		{CB62B4E9-31EF-42F8-8406-7EDBDCEB88BE}.DebugEditor|x86.ActiveCfg = Debug|Any CPU
		{CB62B4E9-31EF-42F8-8406-7EDBDCEB88BE}.DebugEditor|x86.Build.0 = Debug|Any CPU
		{CB62B4E9-31EF-42F8-8406-7EDBDCEB88BE}.Release|Any CPU.ActiveCfg = Release|Any CPU
		{CB62B4E9-31EF-42F8-8406-7EDBDCEB88BE}.Release|Any CPU.Build.0 = Release|Any CPU
		{CB62B4E9-31EF-42F8-8406-7EDBDCEB88BE}.Release|x64.ActiveCfg = Release|Any CPU
		{CB62B4E9-31EF-42F8-8406-7EDBDCEB88BE}.Release|x64.Build.0 = Release|Any CPU
		{CB62B4E9-31EF-42F8-8406-7EDBDCEB88BE}.Release|x86.ActiveCfg = Release|Any CPU
		{CB62B4E9-31EF-42F8-8406-7EDBDCEB88BE}.Release|x86.Build.0 = Release|Any CPU
	EndGlobalSection
	GlobalSection(SolutionProperties) = preSolution
		HideSolutionNode = FALSE
	EndGlobalSection
	GlobalSection(NestedProjects) = preSolution
		{B849B5F5-C456-4D0D-A1C0-D021ACF0477E} = {AADF9D08-3C4F-4C12-9417-AC5E3DCAD41C}
		{5E3E3478-3224-4A4B-95FB-7625451793FB} = {AADF9D08-3C4F-4C12-9417-AC5E3DCAD41C}
		{1B04E9CB-B105-42A2-A8F0-9DCDEC8025AB} = {AADF9D08-3C4F-4C12-9417-AC5E3DCAD41C}
		{AADF9D08-3C4F-4C12-9417-AC5E3DCAD41C} = {F67C7BE7-F474-4B9B-A17F-1AAAF5D564F4}
		{EED80EA9-25D8-4F69-BC7F-87B15998570B} = {F67C7BE7-F474-4B9B-A17F-1AAAF5D564F4}
		{8E0B6D2E-40D6-401F-8D4C-BB1EDEBE2CE5} = {B2EFD66A-EF07-46F2-A89E-AE5C6917319E}
		{F75DECF4-E061-40E1-A015-C15EB1EF02C5} = {F67C7BE7-F474-4B9B-A17F-1AAAF5D564F4}
		{1D3424DB-82F9-4D6B-B6CD-5BAD62A43B25} = {F67C7BE7-F474-4B9B-A17F-1AAAF5D564F4}
		{EFF22F07-13A0-4570-B879-6F981C15EE31} = {F67C7BE7-F474-4B9B-A17F-1AAAF5D564F4}
		{4CC136C0-6662-4E03-889E-01FF8E478EE1} = {06F0198E-A6EA-4165-9D3B-38A6B36D6687}
		{1FD1AD15-5CDF-4C99-B969-AE7E3596EA0C} = {06F0198E-A6EA-4165-9D3B-38A6B36D6687}
		{9249B6BC-33EE-4DBC-9308-739B1EB77618} = {06F0198E-A6EA-4165-9D3B-38A6B36D6687}
		{82EB0A7C-6D46-40CA-8B59-94C7D4E33DDA} = {E7FCC9F8-FD83-4A1C-8405-604EBB242AFA}
		{CB62B4E9-31EF-42F8-8406-7EDBDCEB88BE} = {F67C7BE7-F474-4B9B-A17F-1AAAF5D564F4}
	EndGlobalSection
	GlobalSection(ExtensibilityGlobals) = postSolution
		SolutionGuid = {7F9F8BC8-0847-4E84-9AA8-0677A7EED2BA}
	EndGlobalSection
EndGlobal
